
Microsoft Visual Studio Solution File, Format Version 12.00
# Visual Studio 2013
VisualStudioVersion = 12.0.21126.0
MinimumVisualStudioVersion = 10.0.40219.1
Project("{FAE04EC0-301F-11D3-BF4B-00C04F79EFBC}") = "ReactiveApp", "src\ReactiveApp\ReactiveApp.csproj", "{5022E311-8709-4FAC-8114-AD2955EC198D}"
EndProject
Project("{FAE04EC0-301F-11D3-BF4B-00C04F79EFBC}") = "ReactiveApp.Xaml.WP8", "src\ReactiveApp.Xaml.WP8\ReactiveApp.Xaml.WP8.csproj", "{738D45F2-91E6-43CC-90D3-5F0877B5F6CA}"
EndProject
Project("{FAE04EC0-301F-11D3-BF4B-00C04F79EFBC}") = "ReactiveApp.Xaml.Win81", "src\ReactiveApp.Xaml.Win81\ReactiveApp.Xaml.Win81.csproj", "{896C4B33-1725-4ED0-AF57-798A955D36A9}"
EndProject
Project("{FAE04EC0-301F-11D3-BF4B-00C04F79EFBC}") = "ReactiveApp.Xaml.Win8", "src\ReactiveApp.Xaml.Win8\ReactiveApp.Xaml.Win8.csproj", "{21175907-4C1D-42DB-813D-9CC2C8E7A8FF}"
EndProject
Project("{FAE04EC0-301F-11D3-BF4B-00C04F79EFBC}") = "ReactiveApp.Munq", "src\ReactiveApp.Munq\ReactiveApp.Munq.csproj", "{D479F55D-0AF3-437A-84AF-4B638917C14E}"
EndProject
Project("{2150E333-8FDC-42A3-9474-1A3956D46DE8}") = "src", "src", "{08560155-C24E-46F4-BF0C-0CFFFB816153}"
EndProject
Project("{2150E333-8FDC-42A3-9474-1A3956D46DE8}") = "test", "test", "{91F8D7E8-5998-494E-9E75-F808B795D61D}"
EndProject
Project("{2150E333-8FDC-42A3-9474-1A3956D46DE8}") = "templates", "templates", "{0EC53D51-E960-49B0-9B12-8DD7AC1CEB82}"
EndProject
Project("{2150E333-8FDC-42A3-9474-1A3956D46DE8}") = "app", "app", "{51C8D094-FC16-4445-A1AE-A2AA1C1DDC57}"
EndProject
Project("{FAE04EC0-301F-11D3-BF4B-00C04F79EFBC}") = "ReactiveApp.Test", "test\ReactiveApp.Test\ReactiveApp.Test.csproj", "{A35A443A-CA4A-4E73-986C-E508A434092E}"
EndProject
Project("{FAE04EC0-301F-11D3-BF4B-00C04F79EFBC}") = "TestApp.Win8", "test\TestApp.Win8\TestApp.Win8.csproj", "{688C3B12-FBD0-4FAC-A344-3DF8267FC78C}"
EndProject
Project("{FAE04EC0-301F-11D3-BF4B-00C04F79EFBC}") = "ReactiveApp.Xaml.Win81Test", "src\ReactiveApp.Xaml.Win81Test\ReactiveApp.Xaml.Win81Test.csproj", "{71EDA855-96C7-42CB-8B83-BF2668C63CFD}"
EndProject
Project("{FAE04EC0-301F-11D3-BF4B-00C04F79EFBC}") = "TestApp.Win81", "test\TestApp.Win81\TestApp.Win81.csproj", "{51447ABD-5857-4624-9109-0965D80FE81C}"
EndProject
Global
	GlobalSection(SolutionConfigurationPlatforms) = preSolution
		Debug|Any CPU = Debug|Any CPU
		Debug|ARM = Debug|ARM
		Debug|x64 = Debug|x64
		Debug|x86 = Debug|x86
		Release|Any CPU = Release|Any CPU
		Release|ARM = Release|ARM
		Release|x64 = Release|x64
		Release|x86 = Release|x86
	EndGlobalSection
	GlobalSection(ProjectConfigurationPlatforms) = postSolution
		{5022E311-8709-4FAC-8114-AD2955EC198D}.Debug|Any CPU.ActiveCfg = Debug|Any CPU
		{5022E311-8709-4FAC-8114-AD2955EC198D}.Debug|Any CPU.Build.0 = Debug|Any CPU
		{5022E311-8709-4FAC-8114-AD2955EC198D}.Debug|ARM.ActiveCfg = Debug|Any CPU
		{5022E311-8709-4FAC-8114-AD2955EC198D}.Debug|x64.ActiveCfg = Debug|Any CPU
		{5022E311-8709-4FAC-8114-AD2955EC198D}.Debug|x86.ActiveCfg = Debug|Any CPU
		{5022E311-8709-4FAC-8114-AD2955EC198D}.Release|Any CPU.ActiveCfg = Release|Any CPU
		{5022E311-8709-4FAC-8114-AD2955EC198D}.Release|Any CPU.Build.0 = Release|Any CPU
		{5022E311-8709-4FAC-8114-AD2955EC198D}.Release|ARM.ActiveCfg = Release|Any CPU
		{5022E311-8709-4FAC-8114-AD2955EC198D}.Release|x64.ActiveCfg = Release|Any CPU
		{5022E311-8709-4FAC-8114-AD2955EC198D}.Release|x86.ActiveCfg = Release|Any CPU
		{738D45F2-91E6-43CC-90D3-5F0877B5F6CA}.Debug|Any CPU.ActiveCfg = Debug|Any CPU
		{738D45F2-91E6-43CC-90D3-5F0877B5F6CA}.Debug|Any CPU.Build.0 = Debug|Any CPU
		{738D45F2-91E6-43CC-90D3-5F0877B5F6CA}.Debug|ARM.ActiveCfg = Debug|ARM
		{738D45F2-91E6-43CC-90D3-5F0877B5F6CA}.Debug|ARM.Build.0 = Debug|ARM
		{738D45F2-91E6-43CC-90D3-5F0877B5F6CA}.Debug|x64.ActiveCfg = Debug|Any CPU
		{738D45F2-91E6-43CC-90D3-5F0877B5F6CA}.Debug|x86.ActiveCfg = Debug|x86
		{738D45F2-91E6-43CC-90D3-5F0877B5F6CA}.Debug|x86.Build.0 = Debug|x86
		{738D45F2-91E6-43CC-90D3-5F0877B5F6CA}.Release|Any CPU.ActiveCfg = Release|Any CPU
		{738D45F2-91E6-43CC-90D3-5F0877B5F6CA}.Release|Any CPU.Build.0 = Release|Any CPU
		{738D45F2-91E6-43CC-90D3-5F0877B5F6CA}.Release|ARM.ActiveCfg = Release|ARM
		{738D45F2-91E6-43CC-90D3-5F0877B5F6CA}.Release|ARM.Build.0 = Release|ARM
		{738D45F2-91E6-43CC-90D3-5F0877B5F6CA}.Release|x64.ActiveCfg = Release|Any CPU
		{738D45F2-91E6-43CC-90D3-5F0877B5F6CA}.Release|x86.ActiveCfg = Release|x86
		{738D45F2-91E6-43CC-90D3-5F0877B5F6CA}.Release|x86.Build.0 = Release|x86
		{896C4B33-1725-4ED0-AF57-798A955D36A9}.Debug|Any CPU.ActiveCfg = Debug|Any CPU
		{896C4B33-1725-4ED0-AF57-798A955D36A9}.Debug|Any CPU.Build.0 = Debug|Any CPU
		{896C4B33-1725-4ED0-AF57-798A955D36A9}.Debug|ARM.ActiveCfg = Debug|ARM
		{896C4B33-1725-4ED0-AF57-798A955D36A9}.Debug|ARM.Build.0 = Debug|ARM
		{896C4B33-1725-4ED0-AF57-798A955D36A9}.Debug|x64.ActiveCfg = Debug|x64
		{896C4B33-1725-4ED0-AF57-798A955D36A9}.Debug|x64.Build.0 = Debug|x64
		{896C4B33-1725-4ED0-AF57-798A955D36A9}.Debug|x86.ActiveCfg = Debug|x86
		{896C4B33-1725-4ED0-AF57-798A955D36A9}.Debug|x86.Build.0 = Debug|x86
		{896C4B33-1725-4ED0-AF57-798A955D36A9}.Release|Any CPU.ActiveCfg = Release|Any CPU
		{896C4B33-1725-4ED0-AF57-798A955D36A9}.Release|Any CPU.Build.0 = Release|Any CPU
		{896C4B33-1725-4ED0-AF57-798A955D36A9}.Release|ARM.ActiveCfg = Release|ARM
		{896C4B33-1725-4ED0-AF57-798A955D36A9}.Release|ARM.Build.0 = Release|ARM
		{896C4B33-1725-4ED0-AF57-798A955D36A9}.Release|x64.ActiveCfg = Release|x64
		{896C4B33-1725-4ED0-AF57-798A955D36A9}.Release|x64.Build.0 = Release|x64
		{896C4B33-1725-4ED0-AF57-798A955D36A9}.Release|x86.ActiveCfg = Release|x86
		{896C4B33-1725-4ED0-AF57-798A955D36A9}.Release|x86.Build.0 = Release|x86
		{21175907-4C1D-42DB-813D-9CC2C8E7A8FF}.Debug|Any CPU.ActiveCfg = Debug|Any CPU
		{21175907-4C1D-42DB-813D-9CC2C8E7A8FF}.Debug|Any CPU.Build.0 = Debug|Any CPU
		{21175907-4C1D-42DB-813D-9CC2C8E7A8FF}.Debug|ARM.ActiveCfg = Debug|ARM
		{21175907-4C1D-42DB-813D-9CC2C8E7A8FF}.Debug|ARM.Build.0 = Debug|ARM
		{21175907-4C1D-42DB-813D-9CC2C8E7A8FF}.Debug|x64.ActiveCfg = Debug|x64
		{21175907-4C1D-42DB-813D-9CC2C8E7A8FF}.Debug|x64.Build.0 = Debug|x64
		{21175907-4C1D-42DB-813D-9CC2C8E7A8FF}.Debug|x86.ActiveCfg = Debug|x86
		{21175907-4C1D-42DB-813D-9CC2C8E7A8FF}.Debug|x86.Build.0 = Debug|x86
		{21175907-4C1D-42DB-813D-9CC2C8E7A8FF}.Release|Any CPU.ActiveCfg = Release|Any CPU
		{21175907-4C1D-42DB-813D-9CC2C8E7A8FF}.Release|Any CPU.Build.0 = Release|Any CPU
		{21175907-4C1D-42DB-813D-9CC2C8E7A8FF}.Release|ARM.ActiveCfg = Release|ARM
		{21175907-4C1D-42DB-813D-9CC2C8E7A8FF}.Release|ARM.Build.0 = Release|ARM
		{21175907-4C1D-42DB-813D-9CC2C8E7A8FF}.Release|x64.ActiveCfg = Release|x64
		{21175907-4C1D-42DB-813D-9CC2C8E7A8FF}.Release|x64.Build.0 = Release|x64
		{21175907-4C1D-42DB-813D-9CC2C8E7A8FF}.Release|x86.ActiveCfg = Release|x86
		{21175907-4C1D-42DB-813D-9CC2C8E7A8FF}.Release|x86.Build.0 = Release|x86
		{D479F55D-0AF3-437A-84AF-4B638917C14E}.Debug|Any CPU.ActiveCfg = Debug|Any CPU
		{D479F55D-0AF3-437A-84AF-4B638917C14E}.Debug|Any CPU.Build.0 = Debug|Any CPU
		{D479F55D-0AF3-437A-84AF-4B638917C14E}.Debug|ARM.ActiveCfg = Debug|Any CPU
		{D479F55D-0AF3-437A-84AF-4B638917C14E}.Debug|x64.ActiveCfg = Debug|Any CPU
		{D479F55D-0AF3-437A-84AF-4B638917C14E}.Debug|x86.ActiveCfg = Debug|Any CPU
		{D479F55D-0AF3-437A-84AF-4B638917C14E}.Release|Any CPU.ActiveCfg = Release|Any CPU
		{D479F55D-0AF3-437A-84AF-4B638917C14E}.Release|Any CPU.Build.0 = Release|Any CPU
		{D479F55D-0AF3-437A-84AF-4B638917C14E}.Release|ARM.ActiveCfg = Release|Any CPU
		{D479F55D-0AF3-437A-84AF-4B638917C14E}.Release|x64.ActiveCfg = Release|Any CPU
		{D479F55D-0AF3-437A-84AF-4B638917C14E}.Release|x86.ActiveCfg = Release|Any CPU
		{A35A443A-CA4A-4E73-986C-E508A434092E}.Debug|Any CPU.ActiveCfg = Debug|Any CPU
		{A35A443A-CA4A-4E73-986C-E508A434092E}.Debug|Any CPU.Build.0 = Debug|Any CPU
		{A35A443A-CA4A-4E73-986C-E508A434092E}.Debug|ARM.ActiveCfg = Debug|Any CPU
		{A35A443A-CA4A-4E73-986C-E508A434092E}.Debug|x64.ActiveCfg = Debug|Any CPU
		{A35A443A-CA4A-4E73-986C-E508A434092E}.Debug|x86.ActiveCfg = Debug|Any CPU
		{A35A443A-CA4A-4E73-986C-E508A434092E}.Release|Any CPU.ActiveCfg = Release|Any CPU
		{A35A443A-CA4A-4E73-986C-E508A434092E}.Release|Any CPU.Build.0 = Release|Any CPU
		{A35A443A-CA4A-4E73-986C-E508A434092E}.Release|ARM.ActiveCfg = Release|Any CPU
		{A35A443A-CA4A-4E73-986C-E508A434092E}.Release|x64.ActiveCfg = Release|Any CPU
		{A35A443A-CA4A-4E73-986C-E508A434092E}.Release|x86.ActiveCfg = Release|Any CPU
		{688C3B12-FBD0-4FAC-A344-3DF8267FC78C}.Debug|Any CPU.ActiveCfg = Debug|Any CPU
		{688C3B12-FBD0-4FAC-A344-3DF8267FC78C}.Debug|Any CPU.Build.0 = Debug|Any CPU
		{688C3B12-FBD0-4FAC-A344-3DF8267FC78C}.Debug|Any CPU.Deploy.0 = Debug|Any CPU
		{688C3B12-FBD0-4FAC-A344-3DF8267FC78C}.Debug|ARM.ActiveCfg = Debug|ARM
		{688C3B12-FBD0-4FAC-A344-3DF8267FC78C}.Debug|ARM.Build.0 = Debug|ARM
		{688C3B12-FBD0-4FAC-A344-3DF8267FC78C}.Debug|ARM.Deploy.0 = Debug|ARM
		{688C3B12-FBD0-4FAC-A344-3DF8267FC78C}.Debug|x64.ActiveCfg = Debug|x64
		{688C3B12-FBD0-4FAC-A344-3DF8267FC78C}.Debug|x64.Build.0 = Debug|x64
		{688C3B12-FBD0-4FAC-A344-3DF8267FC78C}.Debug|x64.Deploy.0 = Debug|x64
		{688C3B12-FBD0-4FAC-A344-3DF8267FC78C}.Debug|x86.ActiveCfg = Debug|x86
		{688C3B12-FBD0-4FAC-A344-3DF8267FC78C}.Debug|x86.Build.0 = Debug|x86
		{688C3B12-FBD0-4FAC-A344-3DF8267FC78C}.Debug|x86.Deploy.0 = Debug|x86
		{688C3B12-FBD0-4FAC-A344-3DF8267FC78C}.Release|Any CPU.ActiveCfg = Release|Any CPU
		{688C3B12-FBD0-4FAC-A344-3DF8267FC78C}.Release|Any CPU.Build.0 = Release|Any CPU
		{688C3B12-FBD0-4FAC-A344-3DF8267FC78C}.Release|Any CPU.Deploy.0 = Release|Any CPU
		{688C3B12-FBD0-4FAC-A344-3DF8267FC78C}.Release|ARM.ActiveCfg = Release|ARM
		{688C3B12-FBD0-4FAC-A344-3DF8267FC78C}.Release|ARM.Build.0 = Release|ARM
		{688C3B12-FBD0-4FAC-A344-3DF8267FC78C}.Release|ARM.Deploy.0 = Release|ARM
		{688C3B12-FBD0-4FAC-A344-3DF8267FC78C}.Release|x64.ActiveCfg = Release|x64
		{688C3B12-FBD0-4FAC-A344-3DF8267FC78C}.Release|x64.Build.0 = Release|x64
		{688C3B12-FBD0-4FAC-A344-3DF8267FC78C}.Release|x64.Deploy.0 = Release|x64
		{688C3B12-FBD0-4FAC-A344-3DF8267FC78C}.Release|x86.ActiveCfg = Release|x86
		{688C3B12-FBD0-4FAC-A344-3DF8267FC78C}.Release|x86.Build.0 = Release|x86
		{688C3B12-FBD0-4FAC-A344-3DF8267FC78C}.Release|x86.Deploy.0 = Release|x86
		{71EDA855-96C7-42CB-8B83-BF2668C63CFD}.Debug|Any CPU.ActiveCfg = Debug|Any CPU
		{71EDA855-96C7-42CB-8B83-BF2668C63CFD}.Debug|Any CPU.Build.0 = Debug|Any CPU
		{71EDA855-96C7-42CB-8B83-BF2668C63CFD}.Debug|ARM.ActiveCfg = Debug|ARM
		{71EDA855-96C7-42CB-8B83-BF2668C63CFD}.Debug|ARM.Build.0 = Debug|ARM
		{71EDA855-96C7-42CB-8B83-BF2668C63CFD}.Debug|x64.ActiveCfg = Debug|x64
		{71EDA855-96C7-42CB-8B83-BF2668C63CFD}.Debug|x64.Build.0 = Debug|x64
		{71EDA855-96C7-42CB-8B83-BF2668C63CFD}.Debug|x86.ActiveCfg = Debug|x86
		{71EDA855-96C7-42CB-8B83-BF2668C63CFD}.Debug|x86.Build.0 = Debug|x86
		{71EDA855-96C7-42CB-8B83-BF2668C63CFD}.Release|Any CPU.ActiveCfg = Release|Any CPU
		{71EDA855-96C7-42CB-8B83-BF2668C63CFD}.Release|Any CPU.Build.0 = Release|Any CPU
		{71EDA855-96C7-42CB-8B83-BF2668C63CFD}.Release|ARM.ActiveCfg = Release|ARM
		{71EDA855-96C7-42CB-8B83-BF2668C63CFD}.Release|ARM.Build.0 = Release|ARM
		{71EDA855-96C7-42CB-8B83-BF2668C63CFD}.Release|x64.ActiveCfg = Release|x64
		{71EDA855-96C7-42CB-8B83-BF2668C63CFD}.Release|x64.Build.0 = Release|x64
		{71EDA855-96C7-42CB-8B83-BF2668C63CFD}.Release|x86.ActiveCfg = Release|x86
		{71EDA855-96C7-42CB-8B83-BF2668C63CFD}.Release|x86.Build.0 = Release|x86
		{51447ABD-5857-4624-9109-0965D80FE81C}.Debug|Any CPU.ActiveCfg = Debug|Any CPU
		{51447ABD-5857-4624-9109-0965D80FE81C}.Debug|Any CPU.Build.0 = Debug|Any CPU
		{51447ABD-5857-4624-9109-0965D80FE81C}.Debug|Any CPU.Deploy.0 = Debug|Any CPU
		{51447ABD-5857-4624-9109-0965D80FE81C}.Debug|ARM.ActiveCfg = Debug|ARM
		{51447ABD-5857-4624-9109-0965D80FE81C}.Debug|ARM.Build.0 = Debug|ARM
		{51447ABD-5857-4624-9109-0965D80FE81C}.Debug|ARM.Deploy.0 = Debug|ARM
		{51447ABD-5857-4624-9109-0965D80FE81C}.Debug|x64.ActiveCfg = Debug|x64
		{51447ABD-5857-4624-9109-0965D80FE81C}.Debug|x64.Build.0 = Debug|x64
		{51447ABD-5857-4624-9109-0965D80FE81C}.Debug|x64.Deploy.0 = Debug|x64
		{51447ABD-5857-4624-9109-0965D80FE81C}.Debug|x86.ActiveCfg = Debug|x86
		{51447ABD-5857-4624-9109-0965D80FE81C}.Debug|x86.Build.0 = Debug|x86
		{51447ABD-5857-4624-9109-0965D80FE81C}.Debug|x86.Deploy.0 = Debug|x86
		{51447ABD-5857-4624-9109-0965D80FE81C}.Release|Any CPU.ActiveCfg = Release|Any CPU
		{51447ABD-5857-4624-9109-0965D80FE81C}.Release|Any CPU.Build.0 = Release|Any CPU
		{51447ABD-5857-4624-9109-0965D80FE81C}.Release|Any CPU.Deploy.0 = Release|Any CPU
		{51447ABD-5857-4624-9109-0965D80FE81C}.Release|ARM.ActiveCfg = Release|ARM
		{51447ABD-5857-4624-9109-0965D80FE81C}.Release|ARM.Build.0 = Release|ARM
		{51447ABD-5857-4624-9109-0965D80FE81C}.Release|ARM.Deploy.0 = Release|ARM
		{51447ABD-5857-4624-9109-0965D80FE81C}.Release|x64.ActiveCfg = Release|x64
		{51447ABD-5857-4624-9109-0965D80FE81C}.Release|x64.Build.0 = Release|x64
		{51447ABD-5857-4624-9109-0965D80FE81C}.Release|x64.Deploy.0 = Release|x64
		{51447ABD-5857-4624-9109-0965D80FE81C}.Release|x86.ActiveCfg = Release|x86
		{51447ABD-5857-4624-9109-0965D80FE81C}.Release|x86.Build.0 = Release|x86
		{51447ABD-5857-4624-9109-0965D80FE81C}.Release|x86.Deploy.0 = Release|x86
	EndGlobalSection
	GlobalSection(SolutionProperties) = preSolution
		HideSolutionNode = FALSE
	EndGlobalSection
	GlobalSection(NestedProjects) = preSolution
		{738D45F2-91E6-43CC-90D3-5F0877B5F6CA} = {08560155-C24E-46F4-BF0C-0CFFFB816153}
		{896C4B33-1725-4ED0-AF57-798A955D36A9} = {08560155-C24E-46F4-BF0C-0CFFFB816153}
		{21175907-4C1D-42DB-813D-9CC2C8E7A8FF} = {08560155-C24E-46F4-BF0C-0CFFFB816153}
		{D479F55D-0AF3-437A-84AF-4B638917C14E} = {08560155-C24E-46F4-BF0C-0CFFFB816153}
		{5022E311-8709-4FAC-8114-AD2955EC198D} = {08560155-C24E-46F4-BF0C-0CFFFB816153}
		{71EDA855-96C7-42CB-8B83-BF2668C63CFD} = {08560155-C24E-46F4-BF0C-0CFFFB816153}
		{A35A443A-CA4A-4E73-986C-E508A434092E} = {91F8D7E8-5998-494E-9E75-F808B795D61D}
		{688C3B12-FBD0-4FAC-A344-3DF8267FC78C} = {91F8D7E8-5998-494E-9E75-F808B795D61D}
		{51447ABD-5857-4624-9109-0965D80FE81C} = {91F8D7E8-5998-494E-9E75-F808B795D61D}
	EndGlobalSection
EndGlobal
