
Microsoft Visual Studio Solution File, Format Version 12.00
# Visual Studio 2013
VisualStudioVersion = 12.0.30324.0
MinimumVisualStudioVersion = 10.0.40219.1
Project("{FAE04EC0-301F-11D3-BF4B-00C04F79EFBC}") = "ReactiveApp", "src\ReactiveApp\ReactiveApp.csproj", "{5022E311-8709-4FAC-8114-AD2955EC198D}"
EndProject
Project("{FAE04EC0-301F-11D3-BF4B-00C04F79EFBC}") = "ReactiveApp.Xaml.WP8", "src\ReactiveApp.Xaml.WP8\ReactiveApp.Xaml.WP8.csproj", "{738D45F2-91E6-43CC-90D3-5F0877B5F6CA}"
EndProject
Project("{FAE04EC0-301F-11D3-BF4B-00C04F79EFBC}") = "ReactiveApp.Xaml.WinRT", "src\ReactiveApp.Xaml.WinRT\ReactiveApp.Xaml.WinRT.csproj", "{896C4B33-1725-4ED0-AF57-798A955D36A9}"
EndProject
Project("{FAE04EC0-301F-11D3-BF4B-00C04F79EFBC}") = "ReactiveApp.Xaml.Win8", "src\ReactiveApp.Xaml.Win8\ReactiveApp.Xaml.Win8.csproj", "{21175907-4C1D-42DB-813D-9CC2C8E7A8FF}"
EndProject
Project("{FAE04EC0-301F-11D3-BF4B-00C04F79EFBC}") = "ReactiveApp.Munq", "src\ReactiveApp.Munq\ReactiveApp.Munq.csproj", "{D479F55D-0AF3-437A-84AF-4B638917C14E}"
EndProject
Project("{2150E333-8FDC-42A3-9474-1A3956D46DE8}") = "src", "src", "{08560155-C24E-46F4-BF0C-0CFFFB816153}"
EndProject
Project("{2150E333-8FDC-42A3-9474-1A3956D46DE8}") = "test", "test", "{91F8D7E8-5998-494E-9E75-F808B795D61D}"
EndProject
Project("{2150E333-8FDC-42A3-9474-1A3956D46DE8}") = "templates", "templates", "{0EC53D51-E960-49B0-9B12-8DD7AC1CEB82}"
EndProject
Project("{2150E333-8FDC-42A3-9474-1A3956D46DE8}") = "app", "app", "{51C8D094-FC16-4445-A1AE-A2AA1C1DDC57}"
EndProject
Project("{FAE04EC0-301F-11D3-BF4B-00C04F79EFBC}") = "ReactiveApp.Test", "test\ReactiveApp.Test\ReactiveApp.Test.csproj", "{A35A443A-CA4A-4E73-986C-E508A434092E}"
EndProject
Project("{FAE04EC0-301F-11D3-BF4B-00C04F79EFBC}") = "TestApp.Win81", "test\TestApp.Win81\TestApp.Win81.csproj", "{51447ABD-5857-4624-9109-0965D80FE81C}"
EndProject
Project("{FAE04EC0-301F-11D3-BF4B-00C04F79EFBC}") = "App1", "test\App1\App1.csproj", "{AAF36A01-5FF5-4152-AC68-6B06534EBE22}"
EndProject
Project("{FAE04EC0-301F-11D3-BF4B-00C04F79EFBC}") = "TestApp.WP8", "test\TestApp.WP8\TestApp.WP8.csproj", "{7761DDFE-69D4-4FD3-A3B6-EFB04D00C705}"
EndProject
Project("{FAE04EC0-301F-11D3-BF4B-00C04F79EFBC}") = "TestApp.Win8", "test\TestApp.Win8\TestApp.Win8.csproj", "{688C3B12-FBD0-4FAC-A344-3DF8267FC78C}"
EndProject
Project("{FAE04EC0-301F-11D3-BF4B-00C04F79EFBC}") = "ReactiveApp.Android", "src\ReactiveApp.Android\ReactiveApp.Android.csproj", "{699A1964-2F72-41CD-B007-1A681EC60A5A}"
EndProject
Project("{FAE04EC0-301F-11D3-BF4B-00C04F79EFBC}") = "ReactiveApp.iOS", "src\ReactiveApp.iOS\ReactiveApp.iOS.csproj", "{93AB183D-6F7F-4EFC-B712-06C995E848D2}"
EndProject
Project("{2150E333-8FDC-42A3-9474-1A3956D46DE8}") = "ReactiveApp.Platforms", "ReactiveApp.Platforms", "{B1B60821-95CD-4682-8E79-4FEF5D2C4AD1}"
EndProject
Project("{2150E333-8FDC-42A3-9474-1A3956D46DE8}") = "ReactiveApp.Navigation", "ReactiveApp.Navigation", "{A103098A-F8FF-4000-930C-EABA73DA4AEA}"
EndProject
Project("{FAE04EC0-301F-11D3-BF4B-00C04F79EFBC}") = "ReactiveApp.Navigation.Win8", "src\ReactiveApp.Navigation.Win8\ReactiveApp.Navigation.Win8.csproj", "{58CEABAA-B9EB-4394-8F2B-D36B3F87B4FA}"
EndProject
Project("{FAE04EC0-301F-11D3-BF4B-00C04F79EFBC}") = "ReactiveApp.Navigation.WinRT", "src\ReactiveApp.Navigation.WinRT\ReactiveApp.Navigation.WinRT.csproj", "{158C21AC-80A6-4941-BE95-1FFC60CC45A0}"
EndProject
Project("{FAE04EC0-301F-11D3-BF4B-00C04F79EFBC}") = "ReactiveApp.Navigation.WP8", "src\ReactiveApp.Navigation.WP8\ReactiveApp.Navigation.WP8.csproj", "{81A6D910-3A31-4CE2-AD86-F39063BA01F1}"
EndProject
Project("{FAE04EC0-301F-11D3-BF4B-00C04F79EFBC}") = "TestApp.Android", "test\TestApp.Android\TestApp.Android.csproj", "{759FFDDC-72F3-4A21-BE10-CEDD1174FC57}"
EndProject
Project("{FAE04EC0-301F-11D3-BF4B-00C04F79EFBC}") = "TestApp.iOS", "test\TestApp.iOS\TestApp.iOS.csproj", "{EC86F8EB-586B-4BC4-A902-55C8DF774B9C}"
EndProject
Project("{FAE04EC0-301F-11D3-BF4B-00C04F79EFBC}") = "ReactiveApp.Xaml.WP81", "src\ReactiveApp.Xaml.WP81\ReactiveApp.Xaml.WP81.csproj", "{C009BA54-3AB7-46A6-A6DE-ABAF67B629DA}"
EndProject
Project("{FAE04EC0-301F-11D3-BF4B-00C04F79EFBC}") = "ReactiveApp.Navigation.WP81", "src\ReactiveApp.Navigation.WP81\ReactiveApp.Navigation.WP81.csproj", "{1C1AB9E6-759C-458B-BB4D-DEC5839C5688}"
EndProject
Global
	GlobalSection(SolutionConfigurationPlatforms) = preSolution
		Ad-Hoc|Any CPU = Ad-Hoc|Any CPU
		Ad-Hoc|ARM = Ad-Hoc|ARM
		Ad-Hoc|iPhone = Ad-Hoc|iPhone
		Ad-Hoc|iPhoneSimulator = Ad-Hoc|iPhoneSimulator
		Ad-Hoc|Mixed Platforms = Ad-Hoc|Mixed Platforms
		Ad-Hoc|x64 = Ad-Hoc|x64
		Ad-Hoc|x86 = Ad-Hoc|x86
		AppStore|Any CPU = AppStore|Any CPU
		AppStore|ARM = AppStore|ARM
		AppStore|iPhone = AppStore|iPhone
		AppStore|iPhoneSimulator = AppStore|iPhoneSimulator
		AppStore|Mixed Platforms = AppStore|Mixed Platforms
		AppStore|x64 = AppStore|x64
		AppStore|x86 = AppStore|x86
		Debug|Any CPU = Debug|Any CPU
		Debug|ARM = Debug|ARM
		Debug|iPhone = Debug|iPhone
		Debug|iPhoneSimulator = Debug|iPhoneSimulator
		Debug|Mixed Platforms = Debug|Mixed Platforms
		Debug|x64 = Debug|x64
		Debug|x86 = Debug|x86
		Release|Any CPU = Release|Any CPU
		Release|ARM = Release|ARM
		Release|iPhone = Release|iPhone
		Release|iPhoneSimulator = Release|iPhoneSimulator
		Release|Mixed Platforms = Release|Mixed Platforms
		Release|x64 = Release|x64
		Release|x86 = Release|x86
	EndGlobalSection
	GlobalSection(ProjectConfigurationPlatforms) = postSolution
		{5022E311-8709-4FAC-8114-AD2955EC198D}.Ad-Hoc|Any CPU.ActiveCfg = Release|Any CPU
		{5022E311-8709-4FAC-8114-AD2955EC198D}.Ad-Hoc|Any CPU.Build.0 = Release|Any CPU
		{5022E311-8709-4FAC-8114-AD2955EC198D}.Ad-Hoc|ARM.ActiveCfg = Release|Any CPU
		{5022E311-8709-4FAC-8114-AD2955EC198D}.Ad-Hoc|iPhone.ActiveCfg = Release|Any CPU
		{5022E311-8709-4FAC-8114-AD2955EC198D}.Ad-Hoc|iPhoneSimulator.ActiveCfg = Release|Any CPU
		{5022E311-8709-4FAC-8114-AD2955EC198D}.Ad-Hoc|Mixed Platforms.ActiveCfg = Release|Any CPU
		{5022E311-8709-4FAC-8114-AD2955EC198D}.Ad-Hoc|Mixed Platforms.Build.0 = Release|Any CPU
		{5022E311-8709-4FAC-8114-AD2955EC198D}.Ad-Hoc|x64.ActiveCfg = Release|Any CPU
		{5022E311-8709-4FAC-8114-AD2955EC198D}.Ad-Hoc|x86.ActiveCfg = Release|Any CPU
		{5022E311-8709-4FAC-8114-AD2955EC198D}.AppStore|Any CPU.ActiveCfg = Release|Any CPU
		{5022E311-8709-4FAC-8114-AD2955EC198D}.AppStore|Any CPU.Build.0 = Release|Any CPU
		{5022E311-8709-4FAC-8114-AD2955EC198D}.AppStore|ARM.ActiveCfg = Release|Any CPU
		{5022E311-8709-4FAC-8114-AD2955EC198D}.AppStore|iPhone.ActiveCfg = Release|Any CPU
		{5022E311-8709-4FAC-8114-AD2955EC198D}.AppStore|iPhoneSimulator.ActiveCfg = Release|Any CPU
		{5022E311-8709-4FAC-8114-AD2955EC198D}.AppStore|Mixed Platforms.ActiveCfg = Release|Any CPU
		{5022E311-8709-4FAC-8114-AD2955EC198D}.AppStore|Mixed Platforms.Build.0 = Release|Any CPU
		{5022E311-8709-4FAC-8114-AD2955EC198D}.AppStore|x64.ActiveCfg = Release|Any CPU
		{5022E311-8709-4FAC-8114-AD2955EC198D}.AppStore|x86.ActiveCfg = Release|Any CPU
		{5022E311-8709-4FAC-8114-AD2955EC198D}.Debug|Any CPU.ActiveCfg = Debug|Any CPU
		{5022E311-8709-4FAC-8114-AD2955EC198D}.Debug|Any CPU.Build.0 = Debug|Any CPU
		{5022E311-8709-4FAC-8114-AD2955EC198D}.Debug|ARM.ActiveCfg = Debug|Any CPU
		{5022E311-8709-4FAC-8114-AD2955EC198D}.Debug|iPhone.ActiveCfg = Debug|Any CPU
		{5022E311-8709-4FAC-8114-AD2955EC198D}.Debug|iPhoneSimulator.ActiveCfg = Debug|Any CPU
		{5022E311-8709-4FAC-8114-AD2955EC198D}.Debug|Mixed Platforms.ActiveCfg = Debug|Any CPU
		{5022E311-8709-4FAC-8114-AD2955EC198D}.Debug|Mixed Platforms.Build.0 = Debug|Any CPU
		{5022E311-8709-4FAC-8114-AD2955EC198D}.Debug|x64.ActiveCfg = Debug|Any CPU
		{5022E311-8709-4FAC-8114-AD2955EC198D}.Debug|x86.ActiveCfg = Debug|Any CPU
		{5022E311-8709-4FAC-8114-AD2955EC198D}.Release|Any CPU.ActiveCfg = Release|Any CPU
		{5022E311-8709-4FAC-8114-AD2955EC198D}.Release|Any CPU.Build.0 = Release|Any CPU
		{5022E311-8709-4FAC-8114-AD2955EC198D}.Release|ARM.ActiveCfg = Release|Any CPU
		{5022E311-8709-4FAC-8114-AD2955EC198D}.Release|iPhone.ActiveCfg = Release|Any CPU
		{5022E311-8709-4FAC-8114-AD2955EC198D}.Release|iPhoneSimulator.ActiveCfg = Release|Any CPU
		{5022E311-8709-4FAC-8114-AD2955EC198D}.Release|Mixed Platforms.ActiveCfg = Release|Any CPU
		{5022E311-8709-4FAC-8114-AD2955EC198D}.Release|Mixed Platforms.Build.0 = Release|Any CPU
		{5022E311-8709-4FAC-8114-AD2955EC198D}.Release|x64.ActiveCfg = Release|Any CPU
		{5022E311-8709-4FAC-8114-AD2955EC198D}.Release|x86.ActiveCfg = Release|Any CPU
		{738D45F2-91E6-43CC-90D3-5F0877B5F6CA}.Ad-Hoc|Any CPU.ActiveCfg = Release|Any CPU
		{738D45F2-91E6-43CC-90D3-5F0877B5F6CA}.Ad-Hoc|Any CPU.Build.0 = Release|Any CPU
		{738D45F2-91E6-43CC-90D3-5F0877B5F6CA}.Ad-Hoc|ARM.ActiveCfg = Release|ARM
		{738D45F2-91E6-43CC-90D3-5F0877B5F6CA}.Ad-Hoc|ARM.Build.0 = Release|ARM
		{738D45F2-91E6-43CC-90D3-5F0877B5F6CA}.Ad-Hoc|iPhone.ActiveCfg = Release|Any CPU
		{738D45F2-91E6-43CC-90D3-5F0877B5F6CA}.Ad-Hoc|iPhoneSimulator.ActiveCfg = Release|Any CPU
		{738D45F2-91E6-43CC-90D3-5F0877B5F6CA}.Ad-Hoc|Mixed Platforms.ActiveCfg = Release|x86
		{738D45F2-91E6-43CC-90D3-5F0877B5F6CA}.Ad-Hoc|Mixed Platforms.Build.0 = Release|x86
		{738D45F2-91E6-43CC-90D3-5F0877B5F6CA}.Ad-Hoc|x64.ActiveCfg = Release|Any CPU
		{738D45F2-91E6-43CC-90D3-5F0877B5F6CA}.Ad-Hoc|x86.ActiveCfg = Release|x86
		{738D45F2-91E6-43CC-90D3-5F0877B5F6CA}.Ad-Hoc|x86.Build.0 = Release|x86
		{738D45F2-91E6-43CC-90D3-5F0877B5F6CA}.AppStore|Any CPU.ActiveCfg = Release|Any CPU
		{738D45F2-91E6-43CC-90D3-5F0877B5F6CA}.AppStore|Any CPU.Build.0 = Release|Any CPU
		{738D45F2-91E6-43CC-90D3-5F0877B5F6CA}.AppStore|ARM.ActiveCfg = Release|ARM
		{738D45F2-91E6-43CC-90D3-5F0877B5F6CA}.AppStore|ARM.Build.0 = Release|ARM
		{738D45F2-91E6-43CC-90D3-5F0877B5F6CA}.AppStore|iPhone.ActiveCfg = Release|Any CPU
		{738D45F2-91E6-43CC-90D3-5F0877B5F6CA}.AppStore|iPhoneSimulator.ActiveCfg = Release|Any CPU
		{738D45F2-91E6-43CC-90D3-5F0877B5F6CA}.AppStore|Mixed Platforms.ActiveCfg = Release|x86
		{738D45F2-91E6-43CC-90D3-5F0877B5F6CA}.AppStore|Mixed Platforms.Build.0 = Release|x86
		{738D45F2-91E6-43CC-90D3-5F0877B5F6CA}.AppStore|x64.ActiveCfg = Release|Any CPU
		{738D45F2-91E6-43CC-90D3-5F0877B5F6CA}.AppStore|x86.ActiveCfg = Release|x86
		{738D45F2-91E6-43CC-90D3-5F0877B5F6CA}.AppStore|x86.Build.0 = Release|x86
		{738D45F2-91E6-43CC-90D3-5F0877B5F6CA}.Debug|Any CPU.ActiveCfg = Debug|Any CPU
		{738D45F2-91E6-43CC-90D3-5F0877B5F6CA}.Debug|Any CPU.Build.0 = Debug|Any CPU
		{738D45F2-91E6-43CC-90D3-5F0877B5F6CA}.Debug|ARM.ActiveCfg = Debug|ARM
		{738D45F2-91E6-43CC-90D3-5F0877B5F6CA}.Debug|ARM.Build.0 = Debug|ARM
		{738D45F2-91E6-43CC-90D3-5F0877B5F6CA}.Debug|iPhone.ActiveCfg = Debug|Any CPU
		{738D45F2-91E6-43CC-90D3-5F0877B5F6CA}.Debug|iPhoneSimulator.ActiveCfg = Debug|Any CPU
		{738D45F2-91E6-43CC-90D3-5F0877B5F6CA}.Debug|Mixed Platforms.ActiveCfg = Debug|x86
		{738D45F2-91E6-43CC-90D3-5F0877B5F6CA}.Debug|Mixed Platforms.Build.0 = Debug|x86
		{738D45F2-91E6-43CC-90D3-5F0877B5F6CA}.Debug|x64.ActiveCfg = Debug|Any CPU
		{738D45F2-91E6-43CC-90D3-5F0877B5F6CA}.Debug|x86.ActiveCfg = Debug|x86
		{738D45F2-91E6-43CC-90D3-5F0877B5F6CA}.Debug|x86.Build.0 = Debug|x86
		{738D45F2-91E6-43CC-90D3-5F0877B5F6CA}.Release|Any CPU.ActiveCfg = Release|Any CPU
		{738D45F2-91E6-43CC-90D3-5F0877B5F6CA}.Release|Any CPU.Build.0 = Release|Any CPU
		{738D45F2-91E6-43CC-90D3-5F0877B5F6CA}.Release|ARM.ActiveCfg = Release|ARM
		{738D45F2-91E6-43CC-90D3-5F0877B5F6CA}.Release|ARM.Build.0 = Release|ARM
		{738D45F2-91E6-43CC-90D3-5F0877B5F6CA}.Release|iPhone.ActiveCfg = Release|Any CPU
		{738D45F2-91E6-43CC-90D3-5F0877B5F6CA}.Release|iPhoneSimulator.ActiveCfg = Release|Any CPU
		{738D45F2-91E6-43CC-90D3-5F0877B5F6CA}.Release|Mixed Platforms.ActiveCfg = Release|x86
		{738D45F2-91E6-43CC-90D3-5F0877B5F6CA}.Release|Mixed Platforms.Build.0 = Release|x86
		{738D45F2-91E6-43CC-90D3-5F0877B5F6CA}.Release|x64.ActiveCfg = Release|Any CPU
		{738D45F2-91E6-43CC-90D3-5F0877B5F6CA}.Release|x86.ActiveCfg = Release|x86
		{738D45F2-91E6-43CC-90D3-5F0877B5F6CA}.Release|x86.Build.0 = Release|x86
		{896C4B33-1725-4ED0-AF57-798A955D36A9}.Ad-Hoc|Any CPU.ActiveCfg = Release|Any CPU
		{896C4B33-1725-4ED0-AF57-798A955D36A9}.Ad-Hoc|Any CPU.Build.0 = Release|Any CPU
		{896C4B33-1725-4ED0-AF57-798A955D36A9}.Ad-Hoc|ARM.ActiveCfg = Release|ARM
		{896C4B33-1725-4ED0-AF57-798A955D36A9}.Ad-Hoc|ARM.Build.0 = Release|ARM
		{896C4B33-1725-4ED0-AF57-798A955D36A9}.Ad-Hoc|iPhone.ActiveCfg = Release|Any CPU
		{896C4B33-1725-4ED0-AF57-798A955D36A9}.Ad-Hoc|iPhoneSimulator.ActiveCfg = Release|Any CPU
		{896C4B33-1725-4ED0-AF57-798A955D36A9}.Ad-Hoc|Mixed Platforms.ActiveCfg = Release|x86
		{896C4B33-1725-4ED0-AF57-798A955D36A9}.Ad-Hoc|Mixed Platforms.Build.0 = Release|x86
		{896C4B33-1725-4ED0-AF57-798A955D36A9}.Ad-Hoc|x64.ActiveCfg = Release|x64
		{896C4B33-1725-4ED0-AF57-798A955D36A9}.Ad-Hoc|x64.Build.0 = Release|x64
		{896C4B33-1725-4ED0-AF57-798A955D36A9}.Ad-Hoc|x86.ActiveCfg = Release|x86
		{896C4B33-1725-4ED0-AF57-798A955D36A9}.Ad-Hoc|x86.Build.0 = Release|x86
		{896C4B33-1725-4ED0-AF57-798A955D36A9}.AppStore|Any CPU.ActiveCfg = Release|Any CPU
		{896C4B33-1725-4ED0-AF57-798A955D36A9}.AppStore|Any CPU.Build.0 = Release|Any CPU
		{896C4B33-1725-4ED0-AF57-798A955D36A9}.AppStore|ARM.ActiveCfg = Release|ARM
		{896C4B33-1725-4ED0-AF57-798A955D36A9}.AppStore|ARM.Build.0 = Release|ARM
		{896C4B33-1725-4ED0-AF57-798A955D36A9}.AppStore|iPhone.ActiveCfg = Release|Any CPU
		{896C4B33-1725-4ED0-AF57-798A955D36A9}.AppStore|iPhoneSimulator.ActiveCfg = Release|Any CPU
		{896C4B33-1725-4ED0-AF57-798A955D36A9}.AppStore|Mixed Platforms.ActiveCfg = Release|x86
		{896C4B33-1725-4ED0-AF57-798A955D36A9}.AppStore|Mixed Platforms.Build.0 = Release|x86
		{896C4B33-1725-4ED0-AF57-798A955D36A9}.AppStore|x64.ActiveCfg = Release|x64
		{896C4B33-1725-4ED0-AF57-798A955D36A9}.AppStore|x64.Build.0 = Release|x64
		{896C4B33-1725-4ED0-AF57-798A955D36A9}.AppStore|x86.ActiveCfg = Release|x86
		{896C4B33-1725-4ED0-AF57-798A955D36A9}.AppStore|x86.Build.0 = Release|x86
		{896C4B33-1725-4ED0-AF57-798A955D36A9}.Debug|Any CPU.ActiveCfg = Debug|Any CPU
		{896C4B33-1725-4ED0-AF57-798A955D36A9}.Debug|Any CPU.Build.0 = Debug|Any CPU
		{896C4B33-1725-4ED0-AF57-798A955D36A9}.Debug|ARM.ActiveCfg = Debug|ARM
		{896C4B33-1725-4ED0-AF57-798A955D36A9}.Debug|ARM.Build.0 = Debug|ARM
		{896C4B33-1725-4ED0-AF57-798A955D36A9}.Debug|iPhone.ActiveCfg = Debug|Any CPU
		{896C4B33-1725-4ED0-AF57-798A955D36A9}.Debug|iPhoneSimulator.ActiveCfg = Debug|Any CPU
		{896C4B33-1725-4ED0-AF57-798A955D36A9}.Debug|Mixed Platforms.ActiveCfg = Debug|x86
		{896C4B33-1725-4ED0-AF57-798A955D36A9}.Debug|Mixed Platforms.Build.0 = Debug|x86
		{896C4B33-1725-4ED0-AF57-798A955D36A9}.Debug|x64.ActiveCfg = Debug|x64
		{896C4B33-1725-4ED0-AF57-798A955D36A9}.Debug|x64.Build.0 = Debug|x64
		{896C4B33-1725-4ED0-AF57-798A955D36A9}.Debug|x86.ActiveCfg = Debug|x86
		{896C4B33-1725-4ED0-AF57-798A955D36A9}.Debug|x86.Build.0 = Debug|x86
		{896C4B33-1725-4ED0-AF57-798A955D36A9}.Release|Any CPU.ActiveCfg = Release|Any CPU
		{896C4B33-1725-4ED0-AF57-798A955D36A9}.Release|Any CPU.Build.0 = Release|Any CPU
		{896C4B33-1725-4ED0-AF57-798A955D36A9}.Release|ARM.ActiveCfg = Release|ARM
		{896C4B33-1725-4ED0-AF57-798A955D36A9}.Release|ARM.Build.0 = Release|ARM
		{896C4B33-1725-4ED0-AF57-798A955D36A9}.Release|iPhone.ActiveCfg = Release|Any CPU
		{896C4B33-1725-4ED0-AF57-798A955D36A9}.Release|iPhoneSimulator.ActiveCfg = Release|Any CPU
		{896C4B33-1725-4ED0-AF57-798A955D36A9}.Release|Mixed Platforms.ActiveCfg = Release|x86
		{896C4B33-1725-4ED0-AF57-798A955D36A9}.Release|Mixed Platforms.Build.0 = Release|x86
		{896C4B33-1725-4ED0-AF57-798A955D36A9}.Release|x64.ActiveCfg = Release|x64
		{896C4B33-1725-4ED0-AF57-798A955D36A9}.Release|x64.Build.0 = Release|x64
		{896C4B33-1725-4ED0-AF57-798A955D36A9}.Release|x86.ActiveCfg = Release|x86
		{896C4B33-1725-4ED0-AF57-798A955D36A9}.Release|x86.Build.0 = Release|x86
		{21175907-4C1D-42DB-813D-9CC2C8E7A8FF}.Ad-Hoc|Any CPU.ActiveCfg = Release|Any CPU
		{21175907-4C1D-42DB-813D-9CC2C8E7A8FF}.Ad-Hoc|Any CPU.Build.0 = Release|Any CPU
		{21175907-4C1D-42DB-813D-9CC2C8E7A8FF}.Ad-Hoc|ARM.ActiveCfg = Release|ARM
		{21175907-4C1D-42DB-813D-9CC2C8E7A8FF}.Ad-Hoc|ARM.Build.0 = Release|ARM
		{21175907-4C1D-42DB-813D-9CC2C8E7A8FF}.Ad-Hoc|iPhone.ActiveCfg = Release|Any CPU
		{21175907-4C1D-42DB-813D-9CC2C8E7A8FF}.Ad-Hoc|iPhoneSimulator.ActiveCfg = Release|Any CPU
		{21175907-4C1D-42DB-813D-9CC2C8E7A8FF}.Ad-Hoc|Mixed Platforms.ActiveCfg = Release|x86
		{21175907-4C1D-42DB-813D-9CC2C8E7A8FF}.Ad-Hoc|Mixed Platforms.Build.0 = Release|x86
		{21175907-4C1D-42DB-813D-9CC2C8E7A8FF}.Ad-Hoc|x64.ActiveCfg = Release|x64
		{21175907-4C1D-42DB-813D-9CC2C8E7A8FF}.Ad-Hoc|x64.Build.0 = Release|x64
		{21175907-4C1D-42DB-813D-9CC2C8E7A8FF}.Ad-Hoc|x86.ActiveCfg = Release|x86
		{21175907-4C1D-42DB-813D-9CC2C8E7A8FF}.Ad-Hoc|x86.Build.0 = Release|x86
		{21175907-4C1D-42DB-813D-9CC2C8E7A8FF}.AppStore|Any CPU.ActiveCfg = Release|Any CPU
		{21175907-4C1D-42DB-813D-9CC2C8E7A8FF}.AppStore|Any CPU.Build.0 = Release|Any CPU
		{21175907-4C1D-42DB-813D-9CC2C8E7A8FF}.AppStore|ARM.ActiveCfg = Release|ARM
		{21175907-4C1D-42DB-813D-9CC2C8E7A8FF}.AppStore|ARM.Build.0 = Release|ARM
		{21175907-4C1D-42DB-813D-9CC2C8E7A8FF}.AppStore|iPhone.ActiveCfg = Release|Any CPU
		{21175907-4C1D-42DB-813D-9CC2C8E7A8FF}.AppStore|iPhoneSimulator.ActiveCfg = Release|Any CPU
		{21175907-4C1D-42DB-813D-9CC2C8E7A8FF}.AppStore|Mixed Platforms.ActiveCfg = Release|x86
		{21175907-4C1D-42DB-813D-9CC2C8E7A8FF}.AppStore|Mixed Platforms.Build.0 = Release|x86
		{21175907-4C1D-42DB-813D-9CC2C8E7A8FF}.AppStore|x64.ActiveCfg = Release|x64
		{21175907-4C1D-42DB-813D-9CC2C8E7A8FF}.AppStore|x64.Build.0 = Release|x64
		{21175907-4C1D-42DB-813D-9CC2C8E7A8FF}.AppStore|x86.ActiveCfg = Release|x86
		{21175907-4C1D-42DB-813D-9CC2C8E7A8FF}.AppStore|x86.Build.0 = Release|x86
		{21175907-4C1D-42DB-813D-9CC2C8E7A8FF}.Debug|Any CPU.ActiveCfg = Debug|Any CPU
		{21175907-4C1D-42DB-813D-9CC2C8E7A8FF}.Debug|Any CPU.Build.0 = Debug|Any CPU
		{21175907-4C1D-42DB-813D-9CC2C8E7A8FF}.Debug|ARM.ActiveCfg = Debug|ARM
		{21175907-4C1D-42DB-813D-9CC2C8E7A8FF}.Debug|ARM.Build.0 = Debug|ARM
		{21175907-4C1D-42DB-813D-9CC2C8E7A8FF}.Debug|iPhone.ActiveCfg = Debug|Any CPU
		{21175907-4C1D-42DB-813D-9CC2C8E7A8FF}.Debug|iPhoneSimulator.ActiveCfg = Debug|Any CPU
		{21175907-4C1D-42DB-813D-9CC2C8E7A8FF}.Debug|Mixed Platforms.ActiveCfg = Debug|x86
		{21175907-4C1D-42DB-813D-9CC2C8E7A8FF}.Debug|Mixed Platforms.Build.0 = Debug|x86
		{21175907-4C1D-42DB-813D-9CC2C8E7A8FF}.Debug|x64.ActiveCfg = Debug|x64
		{21175907-4C1D-42DB-813D-9CC2C8E7A8FF}.Debug|x64.Build.0 = Debug|x64
		{21175907-4C1D-42DB-813D-9CC2C8E7A8FF}.Debug|x86.ActiveCfg = Debug|x86
		{21175907-4C1D-42DB-813D-9CC2C8E7A8FF}.Debug|x86.Build.0 = Debug|x86
		{21175907-4C1D-42DB-813D-9CC2C8E7A8FF}.Release|Any CPU.ActiveCfg = Release|Any CPU
		{21175907-4C1D-42DB-813D-9CC2C8E7A8FF}.Release|Any CPU.Build.0 = Release|Any CPU
		{21175907-4C1D-42DB-813D-9CC2C8E7A8FF}.Release|ARM.ActiveCfg = Release|ARM
		{21175907-4C1D-42DB-813D-9CC2C8E7A8FF}.Release|ARM.Build.0 = Release|ARM
		{21175907-4C1D-42DB-813D-9CC2C8E7A8FF}.Release|iPhone.ActiveCfg = Release|Any CPU
		{21175907-4C1D-42DB-813D-9CC2C8E7A8FF}.Release|iPhoneSimulator.ActiveCfg = Release|Any CPU
		{21175907-4C1D-42DB-813D-9CC2C8E7A8FF}.Release|Mixed Platforms.ActiveCfg = Release|x86
		{21175907-4C1D-42DB-813D-9CC2C8E7A8FF}.Release|Mixed Platforms.Build.0 = Release|x86
		{21175907-4C1D-42DB-813D-9CC2C8E7A8FF}.Release|x64.ActiveCfg = Release|x64
		{21175907-4C1D-42DB-813D-9CC2C8E7A8FF}.Release|x64.Build.0 = Release|x64
		{21175907-4C1D-42DB-813D-9CC2C8E7A8FF}.Release|x86.ActiveCfg = Release|x86
		{21175907-4C1D-42DB-813D-9CC2C8E7A8FF}.Release|x86.Build.0 = Release|x86
		{D479F55D-0AF3-437A-84AF-4B638917C14E}.Ad-Hoc|Any CPU.ActiveCfg = Release|Any CPU
		{D479F55D-0AF3-437A-84AF-4B638917C14E}.Ad-Hoc|Any CPU.Build.0 = Release|Any CPU
		{D479F55D-0AF3-437A-84AF-4B638917C14E}.Ad-Hoc|ARM.ActiveCfg = Release|Any CPU
		{D479F55D-0AF3-437A-84AF-4B638917C14E}.Ad-Hoc|iPhone.ActiveCfg = Release|Any CPU
		{D479F55D-0AF3-437A-84AF-4B638917C14E}.Ad-Hoc|iPhoneSimulator.ActiveCfg = Release|Any CPU
		{D479F55D-0AF3-437A-84AF-4B638917C14E}.Ad-Hoc|Mixed Platforms.ActiveCfg = Release|Any CPU
		{D479F55D-0AF3-437A-84AF-4B638917C14E}.Ad-Hoc|Mixed Platforms.Build.0 = Release|Any CPU
		{D479F55D-0AF3-437A-84AF-4B638917C14E}.Ad-Hoc|x64.ActiveCfg = Release|Any CPU
		{D479F55D-0AF3-437A-84AF-4B638917C14E}.Ad-Hoc|x86.ActiveCfg = Release|Any CPU
		{D479F55D-0AF3-437A-84AF-4B638917C14E}.AppStore|Any CPU.ActiveCfg = Release|Any CPU
		{D479F55D-0AF3-437A-84AF-4B638917C14E}.AppStore|Any CPU.Build.0 = Release|Any CPU
		{D479F55D-0AF3-437A-84AF-4B638917C14E}.AppStore|ARM.ActiveCfg = Release|Any CPU
		{D479F55D-0AF3-437A-84AF-4B638917C14E}.AppStore|iPhone.ActiveCfg = Release|Any CPU
		{D479F55D-0AF3-437A-84AF-4B638917C14E}.AppStore|iPhoneSimulator.ActiveCfg = Release|Any CPU
		{D479F55D-0AF3-437A-84AF-4B638917C14E}.AppStore|Mixed Platforms.ActiveCfg = Release|Any CPU
		{D479F55D-0AF3-437A-84AF-4B638917C14E}.AppStore|Mixed Platforms.Build.0 = Release|Any CPU
		{D479F55D-0AF3-437A-84AF-4B638917C14E}.AppStore|x64.ActiveCfg = Release|Any CPU
		{D479F55D-0AF3-437A-84AF-4B638917C14E}.AppStore|x86.ActiveCfg = Release|Any CPU
		{D479F55D-0AF3-437A-84AF-4B638917C14E}.Debug|Any CPU.ActiveCfg = Debug|Any CPU
		{D479F55D-0AF3-437A-84AF-4B638917C14E}.Debug|Any CPU.Build.0 = Debug|Any CPU
		{D479F55D-0AF3-437A-84AF-4B638917C14E}.Debug|ARM.ActiveCfg = Debug|Any CPU
		{D479F55D-0AF3-437A-84AF-4B638917C14E}.Debug|iPhone.ActiveCfg = Debug|Any CPU
		{D479F55D-0AF3-437A-84AF-4B638917C14E}.Debug|iPhoneSimulator.ActiveCfg = Debug|Any CPU
		{D479F55D-0AF3-437A-84AF-4B638917C14E}.Debug|Mixed Platforms.ActiveCfg = Debug|Any CPU
		{D479F55D-0AF3-437A-84AF-4B638917C14E}.Debug|Mixed Platforms.Build.0 = Debug|Any CPU
		{D479F55D-0AF3-437A-84AF-4B638917C14E}.Debug|x64.ActiveCfg = Debug|Any CPU
		{D479F55D-0AF3-437A-84AF-4B638917C14E}.Debug|x86.ActiveCfg = Debug|Any CPU
		{D479F55D-0AF3-437A-84AF-4B638917C14E}.Release|Any CPU.ActiveCfg = Release|Any CPU
		{D479F55D-0AF3-437A-84AF-4B638917C14E}.Release|Any CPU.Build.0 = Release|Any CPU
		{D479F55D-0AF3-437A-84AF-4B638917C14E}.Release|ARM.ActiveCfg = Release|Any CPU
		{D479F55D-0AF3-437A-84AF-4B638917C14E}.Release|iPhone.ActiveCfg = Release|Any CPU
		{D479F55D-0AF3-437A-84AF-4B638917C14E}.Release|iPhoneSimulator.ActiveCfg = Release|Any CPU
		{D479F55D-0AF3-437A-84AF-4B638917C14E}.Release|Mixed Platforms.ActiveCfg = Release|Any CPU
		{D479F55D-0AF3-437A-84AF-4B638917C14E}.Release|Mixed Platforms.Build.0 = Release|Any CPU
		{D479F55D-0AF3-437A-84AF-4B638917C14E}.Release|x64.ActiveCfg = Release|Any CPU
		{D479F55D-0AF3-437A-84AF-4B638917C14E}.Release|x86.ActiveCfg = Release|Any CPU
		{A35A443A-CA4A-4E73-986C-E508A434092E}.Ad-Hoc|Any CPU.ActiveCfg = Release|Any CPU
		{A35A443A-CA4A-4E73-986C-E508A434092E}.Ad-Hoc|Any CPU.Build.0 = Release|Any CPU
		{A35A443A-CA4A-4E73-986C-E508A434092E}.Ad-Hoc|ARM.ActiveCfg = Release|Any CPU
		{A35A443A-CA4A-4E73-986C-E508A434092E}.Ad-Hoc|iPhone.ActiveCfg = Release|Any CPU
		{A35A443A-CA4A-4E73-986C-E508A434092E}.Ad-Hoc|iPhoneSimulator.ActiveCfg = Release|Any CPU
		{A35A443A-CA4A-4E73-986C-E508A434092E}.Ad-Hoc|Mixed Platforms.ActiveCfg = Release|Any CPU
		{A35A443A-CA4A-4E73-986C-E508A434092E}.Ad-Hoc|Mixed Platforms.Build.0 = Release|Any CPU
		{A35A443A-CA4A-4E73-986C-E508A434092E}.Ad-Hoc|x64.ActiveCfg = Release|Any CPU
		{A35A443A-CA4A-4E73-986C-E508A434092E}.Ad-Hoc|x86.ActiveCfg = Release|Any CPU
		{A35A443A-CA4A-4E73-986C-E508A434092E}.AppStore|Any CPU.ActiveCfg = Release|Any CPU
		{A35A443A-CA4A-4E73-986C-E508A434092E}.AppStore|Any CPU.Build.0 = Release|Any CPU
		{A35A443A-CA4A-4E73-986C-E508A434092E}.AppStore|ARM.ActiveCfg = Release|Any CPU
		{A35A443A-CA4A-4E73-986C-E508A434092E}.AppStore|iPhone.ActiveCfg = Release|Any CPU
		{A35A443A-CA4A-4E73-986C-E508A434092E}.AppStore|iPhoneSimulator.ActiveCfg = Release|Any CPU
		{A35A443A-CA4A-4E73-986C-E508A434092E}.AppStore|Mixed Platforms.ActiveCfg = Release|Any CPU
		{A35A443A-CA4A-4E73-986C-E508A434092E}.AppStore|Mixed Platforms.Build.0 = Release|Any CPU
		{A35A443A-CA4A-4E73-986C-E508A434092E}.AppStore|x64.ActiveCfg = Release|Any CPU
		{A35A443A-CA4A-4E73-986C-E508A434092E}.AppStore|x86.ActiveCfg = Release|Any CPU
		{A35A443A-CA4A-4E73-986C-E508A434092E}.Debug|Any CPU.ActiveCfg = Debug|Any CPU
		{A35A443A-CA4A-4E73-986C-E508A434092E}.Debug|Any CPU.Build.0 = Debug|Any CPU
		{A35A443A-CA4A-4E73-986C-E508A434092E}.Debug|ARM.ActiveCfg = Debug|Any CPU
		{A35A443A-CA4A-4E73-986C-E508A434092E}.Debug|iPhone.ActiveCfg = Debug|Any CPU
		{A35A443A-CA4A-4E73-986C-E508A434092E}.Debug|iPhoneSimulator.ActiveCfg = Debug|Any CPU
		{A35A443A-CA4A-4E73-986C-E508A434092E}.Debug|Mixed Platforms.ActiveCfg = Debug|Any CPU
		{A35A443A-CA4A-4E73-986C-E508A434092E}.Debug|Mixed Platforms.Build.0 = Debug|Any CPU
		{A35A443A-CA4A-4E73-986C-E508A434092E}.Debug|x64.ActiveCfg = Debug|Any CPU
		{A35A443A-CA4A-4E73-986C-E508A434092E}.Debug|x86.ActiveCfg = Debug|Any CPU
		{A35A443A-CA4A-4E73-986C-E508A434092E}.Release|Any CPU.ActiveCfg = Release|Any CPU
		{A35A443A-CA4A-4E73-986C-E508A434092E}.Release|Any CPU.Build.0 = Release|Any CPU
		{A35A443A-CA4A-4E73-986C-E508A434092E}.Release|ARM.ActiveCfg = Release|Any CPU
		{A35A443A-CA4A-4E73-986C-E508A434092E}.Release|iPhone.ActiveCfg = Release|Any CPU
		{A35A443A-CA4A-4E73-986C-E508A434092E}.Release|iPhoneSimulator.ActiveCfg = Release|Any CPU
		{A35A443A-CA4A-4E73-986C-E508A434092E}.Release|Mixed Platforms.ActiveCfg = Release|Any CPU
		{A35A443A-CA4A-4E73-986C-E508A434092E}.Release|Mixed Platforms.Build.0 = Release|Any CPU
		{A35A443A-CA4A-4E73-986C-E508A434092E}.Release|x64.ActiveCfg = Release|Any CPU
		{A35A443A-CA4A-4E73-986C-E508A434092E}.Release|x86.ActiveCfg = Release|Any CPU
		{51447ABD-5857-4624-9109-0965D80FE81C}.Ad-Hoc|Any CPU.ActiveCfg = Release|Any CPU
		{51447ABD-5857-4624-9109-0965D80FE81C}.Ad-Hoc|Any CPU.Build.0 = Release|Any CPU
		{51447ABD-5857-4624-9109-0965D80FE81C}.Ad-Hoc|Any CPU.Deploy.0 = Release|Any CPU
		{51447ABD-5857-4624-9109-0965D80FE81C}.Ad-Hoc|ARM.ActiveCfg = Release|ARM
		{51447ABD-5857-4624-9109-0965D80FE81C}.Ad-Hoc|ARM.Build.0 = Release|ARM
		{51447ABD-5857-4624-9109-0965D80FE81C}.Ad-Hoc|ARM.Deploy.0 = Release|ARM
		{51447ABD-5857-4624-9109-0965D80FE81C}.Ad-Hoc|iPhone.ActiveCfg = Release|Any CPU
		{51447ABD-5857-4624-9109-0965D80FE81C}.Ad-Hoc|iPhoneSimulator.ActiveCfg = Release|Any CPU
		{51447ABD-5857-4624-9109-0965D80FE81C}.Ad-Hoc|Mixed Platforms.ActiveCfg = Release|x86
		{51447ABD-5857-4624-9109-0965D80FE81C}.Ad-Hoc|Mixed Platforms.Build.0 = Release|x86
		{51447ABD-5857-4624-9109-0965D80FE81C}.Ad-Hoc|Mixed Platforms.Deploy.0 = Release|x86
		{51447ABD-5857-4624-9109-0965D80FE81C}.Ad-Hoc|x64.ActiveCfg = Release|x64
		{51447ABD-5857-4624-9109-0965D80FE81C}.Ad-Hoc|x64.Build.0 = Release|x64
		{51447ABD-5857-4624-9109-0965D80FE81C}.Ad-Hoc|x64.Deploy.0 = Release|x64
		{51447ABD-5857-4624-9109-0965D80FE81C}.Ad-Hoc|x86.ActiveCfg = Release|x86
		{51447ABD-5857-4624-9109-0965D80FE81C}.Ad-Hoc|x86.Build.0 = Release|x86
		{51447ABD-5857-4624-9109-0965D80FE81C}.Ad-Hoc|x86.Deploy.0 = Release|x86
		{51447ABD-5857-4624-9109-0965D80FE81C}.AppStore|Any CPU.ActiveCfg = Release|Any CPU
		{51447ABD-5857-4624-9109-0965D80FE81C}.AppStore|Any CPU.Build.0 = Release|Any CPU
		{51447ABD-5857-4624-9109-0965D80FE81C}.AppStore|Any CPU.Deploy.0 = Release|Any CPU
		{51447ABD-5857-4624-9109-0965D80FE81C}.AppStore|ARM.ActiveCfg = Release|ARM
		{51447ABD-5857-4624-9109-0965D80FE81C}.AppStore|ARM.Build.0 = Release|ARM
		{51447ABD-5857-4624-9109-0965D80FE81C}.AppStore|ARM.Deploy.0 = Release|ARM
		{51447ABD-5857-4624-9109-0965D80FE81C}.AppStore|iPhone.ActiveCfg = Release|Any CPU
		{51447ABD-5857-4624-9109-0965D80FE81C}.AppStore|iPhoneSimulator.ActiveCfg = Release|Any CPU
		{51447ABD-5857-4624-9109-0965D80FE81C}.AppStore|Mixed Platforms.ActiveCfg = Release|x86
		{51447ABD-5857-4624-9109-0965D80FE81C}.AppStore|Mixed Platforms.Build.0 = Release|x86
		{51447ABD-5857-4624-9109-0965D80FE81C}.AppStore|Mixed Platforms.Deploy.0 = Release|x86
		{51447ABD-5857-4624-9109-0965D80FE81C}.AppStore|x64.ActiveCfg = Release|x64
		{51447ABD-5857-4624-9109-0965D80FE81C}.AppStore|x64.Build.0 = Release|x64
		{51447ABD-5857-4624-9109-0965D80FE81C}.AppStore|x64.Deploy.0 = Release|x64
		{51447ABD-5857-4624-9109-0965D80FE81C}.AppStore|x86.ActiveCfg = Release|x86
		{51447ABD-5857-4624-9109-0965D80FE81C}.AppStore|x86.Build.0 = Release|x86
		{51447ABD-5857-4624-9109-0965D80FE81C}.AppStore|x86.Deploy.0 = Release|x86
		{51447ABD-5857-4624-9109-0965D80FE81C}.Debug|Any CPU.ActiveCfg = Debug|Any CPU
		{51447ABD-5857-4624-9109-0965D80FE81C}.Debug|Any CPU.Build.0 = Debug|Any CPU
		{51447ABD-5857-4624-9109-0965D80FE81C}.Debug|Any CPU.Deploy.0 = Debug|Any CPU
		{51447ABD-5857-4624-9109-0965D80FE81C}.Debug|ARM.ActiveCfg = Debug|ARM
		{51447ABD-5857-4624-9109-0965D80FE81C}.Debug|ARM.Build.0 = Debug|ARM
		{51447ABD-5857-4624-9109-0965D80FE81C}.Debug|ARM.Deploy.0 = Debug|ARM
		{51447ABD-5857-4624-9109-0965D80FE81C}.Debug|iPhone.ActiveCfg = Debug|Any CPU
		{51447ABD-5857-4624-9109-0965D80FE81C}.Debug|iPhoneSimulator.ActiveCfg = Debug|Any CPU
		{51447ABD-5857-4624-9109-0965D80FE81C}.Debug|Mixed Platforms.ActiveCfg = Debug|x86
		{51447ABD-5857-4624-9109-0965D80FE81C}.Debug|Mixed Platforms.Build.0 = Debug|x86
		{51447ABD-5857-4624-9109-0965D80FE81C}.Debug|Mixed Platforms.Deploy.0 = Debug|x86
		{51447ABD-5857-4624-9109-0965D80FE81C}.Debug|x64.ActiveCfg = Debug|x64
		{51447ABD-5857-4624-9109-0965D80FE81C}.Debug|x64.Build.0 = Debug|x64
		{51447ABD-5857-4624-9109-0965D80FE81C}.Debug|x64.Deploy.0 = Debug|x64
		{51447ABD-5857-4624-9109-0965D80FE81C}.Debug|x86.ActiveCfg = Debug|x86
		{51447ABD-5857-4624-9109-0965D80FE81C}.Debug|x86.Build.0 = Debug|x86
		{51447ABD-5857-4624-9109-0965D80FE81C}.Debug|x86.Deploy.0 = Debug|x86
		{51447ABD-5857-4624-9109-0965D80FE81C}.Release|Any CPU.ActiveCfg = Release|Any CPU
		{51447ABD-5857-4624-9109-0965D80FE81C}.Release|Any CPU.Build.0 = Release|Any CPU
		{51447ABD-5857-4624-9109-0965D80FE81C}.Release|Any CPU.Deploy.0 = Release|Any CPU
		{51447ABD-5857-4624-9109-0965D80FE81C}.Release|ARM.ActiveCfg = Release|ARM
		{51447ABD-5857-4624-9109-0965D80FE81C}.Release|ARM.Build.0 = Release|ARM
		{51447ABD-5857-4624-9109-0965D80FE81C}.Release|ARM.Deploy.0 = Release|ARM
		{51447ABD-5857-4624-9109-0965D80FE81C}.Release|iPhone.ActiveCfg = Release|Any CPU
		{51447ABD-5857-4624-9109-0965D80FE81C}.Release|iPhoneSimulator.ActiveCfg = Release|Any CPU
		{51447ABD-5857-4624-9109-0965D80FE81C}.Release|Mixed Platforms.ActiveCfg = Release|x86
		{51447ABD-5857-4624-9109-0965D80FE81C}.Release|Mixed Platforms.Build.0 = Release|x86
		{51447ABD-5857-4624-9109-0965D80FE81C}.Release|Mixed Platforms.Deploy.0 = Release|x86
		{51447ABD-5857-4624-9109-0965D80FE81C}.Release|x64.ActiveCfg = Release|x64
		{51447ABD-5857-4624-9109-0965D80FE81C}.Release|x64.Build.0 = Release|x64
		{51447ABD-5857-4624-9109-0965D80FE81C}.Release|x64.Deploy.0 = Release|x64
		{51447ABD-5857-4624-9109-0965D80FE81C}.Release|x86.ActiveCfg = Release|x86
		{51447ABD-5857-4624-9109-0965D80FE81C}.Release|x86.Build.0 = Release|x86
		{51447ABD-5857-4624-9109-0965D80FE81C}.Release|x86.Deploy.0 = Release|x86
		{AAF36A01-5FF5-4152-AC68-6B06534EBE22}.Ad-Hoc|Any CPU.ActiveCfg = Release|Any CPU
		{AAF36A01-5FF5-4152-AC68-6B06534EBE22}.Ad-Hoc|Any CPU.Build.0 = Release|Any CPU
		{AAF36A01-5FF5-4152-AC68-6B06534EBE22}.Ad-Hoc|Any CPU.Deploy.0 = Release|Any CPU
		{AAF36A01-5FF5-4152-AC68-6B06534EBE22}.Ad-Hoc|ARM.ActiveCfg = Release|ARM
		{AAF36A01-5FF5-4152-AC68-6B06534EBE22}.Ad-Hoc|ARM.Build.0 = Release|ARM
		{AAF36A01-5FF5-4152-AC68-6B06534EBE22}.Ad-Hoc|ARM.Deploy.0 = Release|ARM
		{AAF36A01-5FF5-4152-AC68-6B06534EBE22}.Ad-Hoc|iPhone.ActiveCfg = Release|Any CPU
		{AAF36A01-5FF5-4152-AC68-6B06534EBE22}.Ad-Hoc|iPhoneSimulator.ActiveCfg = Release|Any CPU
		{AAF36A01-5FF5-4152-AC68-6B06534EBE22}.Ad-Hoc|Mixed Platforms.ActiveCfg = Release|x86
		{AAF36A01-5FF5-4152-AC68-6B06534EBE22}.Ad-Hoc|Mixed Platforms.Build.0 = Release|x86
		{AAF36A01-5FF5-4152-AC68-6B06534EBE22}.Ad-Hoc|Mixed Platforms.Deploy.0 = Release|x86
		{AAF36A01-5FF5-4152-AC68-6B06534EBE22}.Ad-Hoc|x64.ActiveCfg = Release|x64
		{AAF36A01-5FF5-4152-AC68-6B06534EBE22}.Ad-Hoc|x64.Build.0 = Release|x64
		{AAF36A01-5FF5-4152-AC68-6B06534EBE22}.Ad-Hoc|x64.Deploy.0 = Release|x64
		{AAF36A01-5FF5-4152-AC68-6B06534EBE22}.Ad-Hoc|x86.ActiveCfg = Release|x86
		{AAF36A01-5FF5-4152-AC68-6B06534EBE22}.Ad-Hoc|x86.Build.0 = Release|x86
		{AAF36A01-5FF5-4152-AC68-6B06534EBE22}.Ad-Hoc|x86.Deploy.0 = Release|x86
		{AAF36A01-5FF5-4152-AC68-6B06534EBE22}.AppStore|Any CPU.ActiveCfg = Release|Any CPU
		{AAF36A01-5FF5-4152-AC68-6B06534EBE22}.AppStore|Any CPU.Build.0 = Release|Any CPU
		{AAF36A01-5FF5-4152-AC68-6B06534EBE22}.AppStore|Any CPU.Deploy.0 = Release|Any CPU
		{AAF36A01-5FF5-4152-AC68-6B06534EBE22}.AppStore|ARM.ActiveCfg = Release|ARM
		{AAF36A01-5FF5-4152-AC68-6B06534EBE22}.AppStore|ARM.Build.0 = Release|ARM
		{AAF36A01-5FF5-4152-AC68-6B06534EBE22}.AppStore|ARM.Deploy.0 = Release|ARM
		{AAF36A01-5FF5-4152-AC68-6B06534EBE22}.AppStore|iPhone.ActiveCfg = Release|Any CPU
		{AAF36A01-5FF5-4152-AC68-6B06534EBE22}.AppStore|iPhoneSimulator.ActiveCfg = Release|Any CPU
		{AAF36A01-5FF5-4152-AC68-6B06534EBE22}.AppStore|Mixed Platforms.ActiveCfg = Release|x86
		{AAF36A01-5FF5-4152-AC68-6B06534EBE22}.AppStore|Mixed Platforms.Build.0 = Release|x86
		{AAF36A01-5FF5-4152-AC68-6B06534EBE22}.AppStore|Mixed Platforms.Deploy.0 = Release|x86
		{AAF36A01-5FF5-4152-AC68-6B06534EBE22}.AppStore|x64.ActiveCfg = Release|x64
		{AAF36A01-5FF5-4152-AC68-6B06534EBE22}.AppStore|x64.Build.0 = Release|x64
		{AAF36A01-5FF5-4152-AC68-6B06534EBE22}.AppStore|x64.Deploy.0 = Release|x64
		{AAF36A01-5FF5-4152-AC68-6B06534EBE22}.AppStore|x86.ActiveCfg = Release|x86
		{AAF36A01-5FF5-4152-AC68-6B06534EBE22}.AppStore|x86.Build.0 = Release|x86
		{AAF36A01-5FF5-4152-AC68-6B06534EBE22}.AppStore|x86.Deploy.0 = Release|x86
		{AAF36A01-5FF5-4152-AC68-6B06534EBE22}.Debug|Any CPU.ActiveCfg = Debug|Any CPU
		{AAF36A01-5FF5-4152-AC68-6B06534EBE22}.Debug|Any CPU.Build.0 = Debug|Any CPU
		{AAF36A01-5FF5-4152-AC68-6B06534EBE22}.Debug|Any CPU.Deploy.0 = Debug|Any CPU
		{AAF36A01-5FF5-4152-AC68-6B06534EBE22}.Debug|ARM.ActiveCfg = Debug|ARM
		{AAF36A01-5FF5-4152-AC68-6B06534EBE22}.Debug|ARM.Build.0 = Debug|ARM
		{AAF36A01-5FF5-4152-AC68-6B06534EBE22}.Debug|ARM.Deploy.0 = Debug|ARM
		{AAF36A01-5FF5-4152-AC68-6B06534EBE22}.Debug|iPhone.ActiveCfg = Debug|Any CPU
		{AAF36A01-5FF5-4152-AC68-6B06534EBE22}.Debug|iPhoneSimulator.ActiveCfg = Debug|Any CPU
		{AAF36A01-5FF5-4152-AC68-6B06534EBE22}.Debug|Mixed Platforms.ActiveCfg = Debug|x86
		{AAF36A01-5FF5-4152-AC68-6B06534EBE22}.Debug|Mixed Platforms.Build.0 = Debug|x86
		{AAF36A01-5FF5-4152-AC68-6B06534EBE22}.Debug|Mixed Platforms.Deploy.0 = Debug|x86
		{AAF36A01-5FF5-4152-AC68-6B06534EBE22}.Debug|x64.ActiveCfg = Debug|x64
		{AAF36A01-5FF5-4152-AC68-6B06534EBE22}.Debug|x64.Build.0 = Debug|x64
		{AAF36A01-5FF5-4152-AC68-6B06534EBE22}.Debug|x64.Deploy.0 = Debug|x64
		{AAF36A01-5FF5-4152-AC68-6B06534EBE22}.Debug|x86.ActiveCfg = Debug|x86
		{AAF36A01-5FF5-4152-AC68-6B06534EBE22}.Debug|x86.Build.0 = Debug|x86
		{AAF36A01-5FF5-4152-AC68-6B06534EBE22}.Debug|x86.Deploy.0 = Debug|x86
		{AAF36A01-5FF5-4152-AC68-6B06534EBE22}.Release|Any CPU.ActiveCfg = Release|Any CPU
		{AAF36A01-5FF5-4152-AC68-6B06534EBE22}.Release|Any CPU.Build.0 = Release|Any CPU
		{AAF36A01-5FF5-4152-AC68-6B06534EBE22}.Release|Any CPU.Deploy.0 = Release|Any CPU
		{AAF36A01-5FF5-4152-AC68-6B06534EBE22}.Release|ARM.ActiveCfg = Release|ARM
		{AAF36A01-5FF5-4152-AC68-6B06534EBE22}.Release|ARM.Build.0 = Release|ARM
		{AAF36A01-5FF5-4152-AC68-6B06534EBE22}.Release|ARM.Deploy.0 = Release|ARM
		{AAF36A01-5FF5-4152-AC68-6B06534EBE22}.Release|iPhone.ActiveCfg = Release|Any CPU
		{AAF36A01-5FF5-4152-AC68-6B06534EBE22}.Release|iPhoneSimulator.ActiveCfg = Release|Any CPU
		{AAF36A01-5FF5-4152-AC68-6B06534EBE22}.Release|Mixed Platforms.ActiveCfg = Release|x86
		{AAF36A01-5FF5-4152-AC68-6B06534EBE22}.Release|Mixed Platforms.Build.0 = Release|x86
		{AAF36A01-5FF5-4152-AC68-6B06534EBE22}.Release|Mixed Platforms.Deploy.0 = Release|x86
		{AAF36A01-5FF5-4152-AC68-6B06534EBE22}.Release|x64.ActiveCfg = Release|x64
		{AAF36A01-5FF5-4152-AC68-6B06534EBE22}.Release|x64.Build.0 = Release|x64
		{AAF36A01-5FF5-4152-AC68-6B06534EBE22}.Release|x64.Deploy.0 = Release|x64
		{AAF36A01-5FF5-4152-AC68-6B06534EBE22}.Release|x86.ActiveCfg = Release|x86
		{AAF36A01-5FF5-4152-AC68-6B06534EBE22}.Release|x86.Build.0 = Release|x86
		{AAF36A01-5FF5-4152-AC68-6B06534EBE22}.Release|x86.Deploy.0 = Release|x86
		{7761DDFE-69D4-4FD3-A3B6-EFB04D00C705}.Ad-Hoc|Any CPU.ActiveCfg = Release|Any CPU
		{7761DDFE-69D4-4FD3-A3B6-EFB04D00C705}.Ad-Hoc|Any CPU.Build.0 = Release|Any CPU
		{7761DDFE-69D4-4FD3-A3B6-EFB04D00C705}.Ad-Hoc|Any CPU.Deploy.0 = Release|Any CPU
		{7761DDFE-69D4-4FD3-A3B6-EFB04D00C705}.Ad-Hoc|ARM.ActiveCfg = Release|ARM
		{7761DDFE-69D4-4FD3-A3B6-EFB04D00C705}.Ad-Hoc|ARM.Build.0 = Release|ARM
		{7761DDFE-69D4-4FD3-A3B6-EFB04D00C705}.Ad-Hoc|ARM.Deploy.0 = Release|ARM
		{7761DDFE-69D4-4FD3-A3B6-EFB04D00C705}.Ad-Hoc|iPhone.ActiveCfg = Release|Any CPU
		{7761DDFE-69D4-4FD3-A3B6-EFB04D00C705}.Ad-Hoc|iPhoneSimulator.ActiveCfg = Release|Any CPU
		{7761DDFE-69D4-4FD3-A3B6-EFB04D00C705}.Ad-Hoc|Mixed Platforms.ActiveCfg = Release|x86
		{7761DDFE-69D4-4FD3-A3B6-EFB04D00C705}.Ad-Hoc|Mixed Platforms.Build.0 = Release|x86
		{7761DDFE-69D4-4FD3-A3B6-EFB04D00C705}.Ad-Hoc|Mixed Platforms.Deploy.0 = Release|x86
		{7761DDFE-69D4-4FD3-A3B6-EFB04D00C705}.Ad-Hoc|x64.ActiveCfg = Release|Any CPU
		{7761DDFE-69D4-4FD3-A3B6-EFB04D00C705}.Ad-Hoc|x86.ActiveCfg = Release|x86
		{7761DDFE-69D4-4FD3-A3B6-EFB04D00C705}.Ad-Hoc|x86.Build.0 = Release|x86
		{7761DDFE-69D4-4FD3-A3B6-EFB04D00C705}.Ad-Hoc|x86.Deploy.0 = Release|x86
		{7761DDFE-69D4-4FD3-A3B6-EFB04D00C705}.AppStore|Any CPU.ActiveCfg = Release|Any CPU
		{7761DDFE-69D4-4FD3-A3B6-EFB04D00C705}.AppStore|Any CPU.Build.0 = Release|Any CPU
		{7761DDFE-69D4-4FD3-A3B6-EFB04D00C705}.AppStore|Any CPU.Deploy.0 = Release|Any CPU
		{7761DDFE-69D4-4FD3-A3B6-EFB04D00C705}.AppStore|ARM.ActiveCfg = Release|ARM
		{7761DDFE-69D4-4FD3-A3B6-EFB04D00C705}.AppStore|ARM.Build.0 = Release|ARM
		{7761DDFE-69D4-4FD3-A3B6-EFB04D00C705}.AppStore|ARM.Deploy.0 = Release|ARM
		{7761DDFE-69D4-4FD3-A3B6-EFB04D00C705}.AppStore|iPhone.ActiveCfg = Release|Any CPU
		{7761DDFE-69D4-4FD3-A3B6-EFB04D00C705}.AppStore|iPhoneSimulator.ActiveCfg = Release|Any CPU
		{7761DDFE-69D4-4FD3-A3B6-EFB04D00C705}.AppStore|Mixed Platforms.ActiveCfg = Release|x86
		{7761DDFE-69D4-4FD3-A3B6-EFB04D00C705}.AppStore|Mixed Platforms.Build.0 = Release|x86
		{7761DDFE-69D4-4FD3-A3B6-EFB04D00C705}.AppStore|Mixed Platforms.Deploy.0 = Release|x86
		{7761DDFE-69D4-4FD3-A3B6-EFB04D00C705}.AppStore|x64.ActiveCfg = Release|Any CPU
		{7761DDFE-69D4-4FD3-A3B6-EFB04D00C705}.AppStore|x86.ActiveCfg = Release|x86
		{7761DDFE-69D4-4FD3-A3B6-EFB04D00C705}.AppStore|x86.Build.0 = Release|x86
		{7761DDFE-69D4-4FD3-A3B6-EFB04D00C705}.AppStore|x86.Deploy.0 = Release|x86
		{7761DDFE-69D4-4FD3-A3B6-EFB04D00C705}.Debug|Any CPU.ActiveCfg = Debug|Any CPU
		{7761DDFE-69D4-4FD3-A3B6-EFB04D00C705}.Debug|Any CPU.Build.0 = Debug|Any CPU
		{7761DDFE-69D4-4FD3-A3B6-EFB04D00C705}.Debug|Any CPU.Deploy.0 = Debug|Any CPU
		{7761DDFE-69D4-4FD3-A3B6-EFB04D00C705}.Debug|ARM.ActiveCfg = Debug|ARM
		{7761DDFE-69D4-4FD3-A3B6-EFB04D00C705}.Debug|ARM.Build.0 = Debug|ARM
		{7761DDFE-69D4-4FD3-A3B6-EFB04D00C705}.Debug|ARM.Deploy.0 = Debug|ARM
		{7761DDFE-69D4-4FD3-A3B6-EFB04D00C705}.Debug|iPhone.ActiveCfg = Debug|Any CPU
		{7761DDFE-69D4-4FD3-A3B6-EFB04D00C705}.Debug|iPhoneSimulator.ActiveCfg = Debug|Any CPU
		{7761DDFE-69D4-4FD3-A3B6-EFB04D00C705}.Debug|Mixed Platforms.ActiveCfg = Debug|x86
		{7761DDFE-69D4-4FD3-A3B6-EFB04D00C705}.Debug|Mixed Platforms.Build.0 = Debug|x86
		{7761DDFE-69D4-4FD3-A3B6-EFB04D00C705}.Debug|Mixed Platforms.Deploy.0 = Debug|x86
		{7761DDFE-69D4-4FD3-A3B6-EFB04D00C705}.Debug|x64.ActiveCfg = Debug|Any CPU
		{7761DDFE-69D4-4FD3-A3B6-EFB04D00C705}.Debug|x86.ActiveCfg = Debug|x86
		{7761DDFE-69D4-4FD3-A3B6-EFB04D00C705}.Debug|x86.Build.0 = Debug|x86
		{7761DDFE-69D4-4FD3-A3B6-EFB04D00C705}.Debug|x86.Deploy.0 = Debug|x86
		{7761DDFE-69D4-4FD3-A3B6-EFB04D00C705}.Release|Any CPU.ActiveCfg = Release|Any CPU
		{7761DDFE-69D4-4FD3-A3B6-EFB04D00C705}.Release|Any CPU.Build.0 = Release|Any CPU
		{7761DDFE-69D4-4FD3-A3B6-EFB04D00C705}.Release|Any CPU.Deploy.0 = Release|Any CPU
		{7761DDFE-69D4-4FD3-A3B6-EFB04D00C705}.Release|ARM.ActiveCfg = Release|ARM
		{7761DDFE-69D4-4FD3-A3B6-EFB04D00C705}.Release|ARM.Build.0 = Release|ARM
		{7761DDFE-69D4-4FD3-A3B6-EFB04D00C705}.Release|ARM.Deploy.0 = Release|ARM
		{7761DDFE-69D4-4FD3-A3B6-EFB04D00C705}.Release|iPhone.ActiveCfg = Release|Any CPU
		{7761DDFE-69D4-4FD3-A3B6-EFB04D00C705}.Release|iPhoneSimulator.ActiveCfg = Release|Any CPU
		{7761DDFE-69D4-4FD3-A3B6-EFB04D00C705}.Release|Mixed Platforms.ActiveCfg = Release|x86
		{7761DDFE-69D4-4FD3-A3B6-EFB04D00C705}.Release|Mixed Platforms.Build.0 = Release|x86
		{7761DDFE-69D4-4FD3-A3B6-EFB04D00C705}.Release|Mixed Platforms.Deploy.0 = Release|x86
		{7761DDFE-69D4-4FD3-A3B6-EFB04D00C705}.Release|x64.ActiveCfg = Release|Any CPU
		{7761DDFE-69D4-4FD3-A3B6-EFB04D00C705}.Release|x86.ActiveCfg = Release|x86
		{7761DDFE-69D4-4FD3-A3B6-EFB04D00C705}.Release|x86.Build.0 = Release|x86
		{7761DDFE-69D4-4FD3-A3B6-EFB04D00C705}.Release|x86.Deploy.0 = Release|x86
		{688C3B12-FBD0-4FAC-A344-3DF8267FC78C}.Ad-Hoc|Any CPU.ActiveCfg = Release|Any CPU
		{688C3B12-FBD0-4FAC-A344-3DF8267FC78C}.Ad-Hoc|Any CPU.Build.0 = Release|Any CPU
		{688C3B12-FBD0-4FAC-A344-3DF8267FC78C}.Ad-Hoc|Any CPU.Deploy.0 = Release|Any CPU
		{688C3B12-FBD0-4FAC-A344-3DF8267FC78C}.Ad-Hoc|ARM.ActiveCfg = Release|ARM
		{688C3B12-FBD0-4FAC-A344-3DF8267FC78C}.Ad-Hoc|ARM.Build.0 = Release|ARM
		{688C3B12-FBD0-4FAC-A344-3DF8267FC78C}.Ad-Hoc|ARM.Deploy.0 = Release|ARM
		{688C3B12-FBD0-4FAC-A344-3DF8267FC78C}.Ad-Hoc|iPhone.ActiveCfg = Release|Any CPU
		{688C3B12-FBD0-4FAC-A344-3DF8267FC78C}.Ad-Hoc|iPhoneSimulator.ActiveCfg = Release|Any CPU
		{688C3B12-FBD0-4FAC-A344-3DF8267FC78C}.Ad-Hoc|Mixed Platforms.ActiveCfg = Release|x86
		{688C3B12-FBD0-4FAC-A344-3DF8267FC78C}.Ad-Hoc|Mixed Platforms.Build.0 = Release|x86
		{688C3B12-FBD0-4FAC-A344-3DF8267FC78C}.Ad-Hoc|Mixed Platforms.Deploy.0 = Release|x86
		{688C3B12-FBD0-4FAC-A344-3DF8267FC78C}.Ad-Hoc|x64.ActiveCfg = Release|x64
		{688C3B12-FBD0-4FAC-A344-3DF8267FC78C}.Ad-Hoc|x64.Build.0 = Release|x64
		{688C3B12-FBD0-4FAC-A344-3DF8267FC78C}.Ad-Hoc|x64.Deploy.0 = Release|x64
		{688C3B12-FBD0-4FAC-A344-3DF8267FC78C}.Ad-Hoc|x86.ActiveCfg = Release|x86
		{688C3B12-FBD0-4FAC-A344-3DF8267FC78C}.Ad-Hoc|x86.Build.0 = Release|x86
		{688C3B12-FBD0-4FAC-A344-3DF8267FC78C}.Ad-Hoc|x86.Deploy.0 = Release|x86
		{688C3B12-FBD0-4FAC-A344-3DF8267FC78C}.AppStore|Any CPU.ActiveCfg = Release|Any CPU
		{688C3B12-FBD0-4FAC-A344-3DF8267FC78C}.AppStore|Any CPU.Build.0 = Release|Any CPU
		{688C3B12-FBD0-4FAC-A344-3DF8267FC78C}.AppStore|Any CPU.Deploy.0 = Release|Any CPU
		{688C3B12-FBD0-4FAC-A344-3DF8267FC78C}.AppStore|ARM.ActiveCfg = Release|ARM
		{688C3B12-FBD0-4FAC-A344-3DF8267FC78C}.AppStore|ARM.Build.0 = Release|ARM
		{688C3B12-FBD0-4FAC-A344-3DF8267FC78C}.AppStore|ARM.Deploy.0 = Release|ARM
		{688C3B12-FBD0-4FAC-A344-3DF8267FC78C}.AppStore|iPhone.ActiveCfg = Release|Any CPU
		{688C3B12-FBD0-4FAC-A344-3DF8267FC78C}.AppStore|iPhoneSimulator.ActiveCfg = Release|Any CPU
		{688C3B12-FBD0-4FAC-A344-3DF8267FC78C}.AppStore|Mixed Platforms.ActiveCfg = Release|x86
		{688C3B12-FBD0-4FAC-A344-3DF8267FC78C}.AppStore|Mixed Platforms.Build.0 = Release|x86
		{688C3B12-FBD0-4FAC-A344-3DF8267FC78C}.AppStore|Mixed Platforms.Deploy.0 = Release|x86
		{688C3B12-FBD0-4FAC-A344-3DF8267FC78C}.AppStore|x64.ActiveCfg = Release|x64
		{688C3B12-FBD0-4FAC-A344-3DF8267FC78C}.AppStore|x64.Build.0 = Release|x64
		{688C3B12-FBD0-4FAC-A344-3DF8267FC78C}.AppStore|x64.Deploy.0 = Release|x64
		{688C3B12-FBD0-4FAC-A344-3DF8267FC78C}.AppStore|x86.ActiveCfg = Release|x86
		{688C3B12-FBD0-4FAC-A344-3DF8267FC78C}.AppStore|x86.Build.0 = Release|x86
		{688C3B12-FBD0-4FAC-A344-3DF8267FC78C}.AppStore|x86.Deploy.0 = Release|x86
		{688C3B12-FBD0-4FAC-A344-3DF8267FC78C}.Debug|Any CPU.ActiveCfg = Debug|Any CPU
		{688C3B12-FBD0-4FAC-A344-3DF8267FC78C}.Debug|Any CPU.Build.0 = Debug|Any CPU
		{688C3B12-FBD0-4FAC-A344-3DF8267FC78C}.Debug|Any CPU.Deploy.0 = Debug|Any CPU
		{688C3B12-FBD0-4FAC-A344-3DF8267FC78C}.Debug|ARM.ActiveCfg = Debug|ARM
		{688C3B12-FBD0-4FAC-A344-3DF8267FC78C}.Debug|ARM.Build.0 = Debug|ARM
		{688C3B12-FBD0-4FAC-A344-3DF8267FC78C}.Debug|ARM.Deploy.0 = Debug|ARM
		{688C3B12-FBD0-4FAC-A344-3DF8267FC78C}.Debug|iPhone.ActiveCfg = Debug|Any CPU
		{688C3B12-FBD0-4FAC-A344-3DF8267FC78C}.Debug|iPhoneSimulator.ActiveCfg = Debug|Any CPU
		{688C3B12-FBD0-4FAC-A344-3DF8267FC78C}.Debug|Mixed Platforms.ActiveCfg = Debug|x86
		{688C3B12-FBD0-4FAC-A344-3DF8267FC78C}.Debug|Mixed Platforms.Build.0 = Debug|x86
		{688C3B12-FBD0-4FAC-A344-3DF8267FC78C}.Debug|Mixed Platforms.Deploy.0 = Debug|x86
		{688C3B12-FBD0-4FAC-A344-3DF8267FC78C}.Debug|x64.ActiveCfg = Debug|x64
		{688C3B12-FBD0-4FAC-A344-3DF8267FC78C}.Debug|x64.Build.0 = Debug|x64
		{688C3B12-FBD0-4FAC-A344-3DF8267FC78C}.Debug|x64.Deploy.0 = Debug|x64
		{688C3B12-FBD0-4FAC-A344-3DF8267FC78C}.Debug|x86.ActiveCfg = Debug|x86
		{688C3B12-FBD0-4FAC-A344-3DF8267FC78C}.Debug|x86.Build.0 = Debug|x86
		{688C3B12-FBD0-4FAC-A344-3DF8267FC78C}.Debug|x86.Deploy.0 = Debug|x86
		{688C3B12-FBD0-4FAC-A344-3DF8267FC78C}.Release|Any CPU.ActiveCfg = Release|Any CPU
		{688C3B12-FBD0-4FAC-A344-3DF8267FC78C}.Release|Any CPU.Build.0 = Release|Any CPU
		{688C3B12-FBD0-4FAC-A344-3DF8267FC78C}.Release|Any CPU.Deploy.0 = Release|Any CPU
		{688C3B12-FBD0-4FAC-A344-3DF8267FC78C}.Release|ARM.ActiveCfg = Release|ARM
		{688C3B12-FBD0-4FAC-A344-3DF8267FC78C}.Release|ARM.Build.0 = Release|ARM
		{688C3B12-FBD0-4FAC-A344-3DF8267FC78C}.Release|ARM.Deploy.0 = Release|ARM
		{688C3B12-FBD0-4FAC-A344-3DF8267FC78C}.Release|iPhone.ActiveCfg = Release|Any CPU
		{688C3B12-FBD0-4FAC-A344-3DF8267FC78C}.Release|iPhoneSimulator.ActiveCfg = Release|Any CPU
		{688C3B12-FBD0-4FAC-A344-3DF8267FC78C}.Release|Mixed Platforms.ActiveCfg = Release|x86
		{688C3B12-FBD0-4FAC-A344-3DF8267FC78C}.Release|Mixed Platforms.Build.0 = Release|x86
		{688C3B12-FBD0-4FAC-A344-3DF8267FC78C}.Release|Mixed Platforms.Deploy.0 = Release|x86
		{688C3B12-FBD0-4FAC-A344-3DF8267FC78C}.Release|x64.ActiveCfg = Release|x64
		{688C3B12-FBD0-4FAC-A344-3DF8267FC78C}.Release|x64.Build.0 = Release|x64
		{688C3B12-FBD0-4FAC-A344-3DF8267FC78C}.Release|x64.Deploy.0 = Release|x64
		{688C3B12-FBD0-4FAC-A344-3DF8267FC78C}.Release|x86.ActiveCfg = Release|x86
		{688C3B12-FBD0-4FAC-A344-3DF8267FC78C}.Release|x86.Build.0 = Release|x86
		{688C3B12-FBD0-4FAC-A344-3DF8267FC78C}.Release|x86.Deploy.0 = Release|x86
		{699A1964-2F72-41CD-B007-1A681EC60A5A}.Ad-Hoc|Any CPU.ActiveCfg = Release|Any CPU
		{699A1964-2F72-41CD-B007-1A681EC60A5A}.Ad-Hoc|Any CPU.Build.0 = Release|Any CPU
		{699A1964-2F72-41CD-B007-1A681EC60A5A}.Ad-Hoc|ARM.ActiveCfg = Release|Any CPU
		{699A1964-2F72-41CD-B007-1A681EC60A5A}.Ad-Hoc|iPhone.ActiveCfg = Release|Any CPU
		{699A1964-2F72-41CD-B007-1A681EC60A5A}.Ad-Hoc|iPhoneSimulator.ActiveCfg = Release|Any CPU
		{699A1964-2F72-41CD-B007-1A681EC60A5A}.Ad-Hoc|Mixed Platforms.ActiveCfg = Release|Any CPU
		{699A1964-2F72-41CD-B007-1A681EC60A5A}.Ad-Hoc|Mixed Platforms.Build.0 = Release|Any CPU
		{699A1964-2F72-41CD-B007-1A681EC60A5A}.Ad-Hoc|x64.ActiveCfg = Release|Any CPU
		{699A1964-2F72-41CD-B007-1A681EC60A5A}.Ad-Hoc|x86.ActiveCfg = Release|Any CPU
		{699A1964-2F72-41CD-B007-1A681EC60A5A}.AppStore|Any CPU.ActiveCfg = Release|Any CPU
		{699A1964-2F72-41CD-B007-1A681EC60A5A}.AppStore|Any CPU.Build.0 = Release|Any CPU
		{699A1964-2F72-41CD-B007-1A681EC60A5A}.AppStore|ARM.ActiveCfg = Release|Any CPU
		{699A1964-2F72-41CD-B007-1A681EC60A5A}.AppStore|iPhone.ActiveCfg = Release|Any CPU
		{699A1964-2F72-41CD-B007-1A681EC60A5A}.AppStore|iPhoneSimulator.ActiveCfg = Release|Any CPU
		{699A1964-2F72-41CD-B007-1A681EC60A5A}.AppStore|Mixed Platforms.ActiveCfg = Release|Any CPU
		{699A1964-2F72-41CD-B007-1A681EC60A5A}.AppStore|Mixed Platforms.Build.0 = Release|Any CPU
		{699A1964-2F72-41CD-B007-1A681EC60A5A}.AppStore|x64.ActiveCfg = Release|Any CPU
		{699A1964-2F72-41CD-B007-1A681EC60A5A}.AppStore|x86.ActiveCfg = Release|Any CPU
		{699A1964-2F72-41CD-B007-1A681EC60A5A}.Debug|Any CPU.ActiveCfg = Debug|Any CPU
		{699A1964-2F72-41CD-B007-1A681EC60A5A}.Debug|Any CPU.Build.0 = Debug|Any CPU
		{699A1964-2F72-41CD-B007-1A681EC60A5A}.Debug|ARM.ActiveCfg = Debug|Any CPU
		{699A1964-2F72-41CD-B007-1A681EC60A5A}.Debug|iPhone.ActiveCfg = Debug|Any CPU
		{699A1964-2F72-41CD-B007-1A681EC60A5A}.Debug|iPhoneSimulator.ActiveCfg = Debug|Any CPU
		{699A1964-2F72-41CD-B007-1A681EC60A5A}.Debug|Mixed Platforms.ActiveCfg = Debug|Any CPU
		{699A1964-2F72-41CD-B007-1A681EC60A5A}.Debug|Mixed Platforms.Build.0 = Debug|Any CPU
		{699A1964-2F72-41CD-B007-1A681EC60A5A}.Debug|x64.ActiveCfg = Debug|Any CPU
		{699A1964-2F72-41CD-B007-1A681EC60A5A}.Debug|x86.ActiveCfg = Debug|Any CPU
		{699A1964-2F72-41CD-B007-1A681EC60A5A}.Release|Any CPU.ActiveCfg = Release|Any CPU
		{699A1964-2F72-41CD-B007-1A681EC60A5A}.Release|Any CPU.Build.0 = Release|Any CPU
		{699A1964-2F72-41CD-B007-1A681EC60A5A}.Release|ARM.ActiveCfg = Release|Any CPU
		{699A1964-2F72-41CD-B007-1A681EC60A5A}.Release|iPhone.ActiveCfg = Release|Any CPU
		{699A1964-2F72-41CD-B007-1A681EC60A5A}.Release|iPhoneSimulator.ActiveCfg = Release|Any CPU
		{699A1964-2F72-41CD-B007-1A681EC60A5A}.Release|Mixed Platforms.ActiveCfg = Release|Any CPU
		{699A1964-2F72-41CD-B007-1A681EC60A5A}.Release|Mixed Platforms.Build.0 = Release|Any CPU
		{699A1964-2F72-41CD-B007-1A681EC60A5A}.Release|x64.ActiveCfg = Release|Any CPU
		{699A1964-2F72-41CD-B007-1A681EC60A5A}.Release|x86.ActiveCfg = Release|Any CPU
		{93AB183D-6F7F-4EFC-B712-06C995E848D2}.Ad-Hoc|Any CPU.ActiveCfg = Release|Any CPU
		{93AB183D-6F7F-4EFC-B712-06C995E848D2}.Ad-Hoc|Any CPU.Build.0 = Release|Any CPU
		{93AB183D-6F7F-4EFC-B712-06C995E848D2}.Ad-Hoc|ARM.ActiveCfg = Release|Any CPU
		{93AB183D-6F7F-4EFC-B712-06C995E848D2}.Ad-Hoc|iPhone.ActiveCfg = Release|Any CPU
		{93AB183D-6F7F-4EFC-B712-06C995E848D2}.Ad-Hoc|iPhoneSimulator.ActiveCfg = Release|Any CPU
		{93AB183D-6F7F-4EFC-B712-06C995E848D2}.Ad-Hoc|Mixed Platforms.ActiveCfg = Release|Any CPU
		{93AB183D-6F7F-4EFC-B712-06C995E848D2}.Ad-Hoc|Mixed Platforms.Build.0 = Release|Any CPU
		{93AB183D-6F7F-4EFC-B712-06C995E848D2}.Ad-Hoc|x64.ActiveCfg = Release|Any CPU
		{93AB183D-6F7F-4EFC-B712-06C995E848D2}.Ad-Hoc|x86.ActiveCfg = Release|Any CPU
		{93AB183D-6F7F-4EFC-B712-06C995E848D2}.AppStore|Any CPU.ActiveCfg = Release|Any CPU
		{93AB183D-6F7F-4EFC-B712-06C995E848D2}.AppStore|Any CPU.Build.0 = Release|Any CPU
		{93AB183D-6F7F-4EFC-B712-06C995E848D2}.AppStore|ARM.ActiveCfg = Release|Any CPU
		{93AB183D-6F7F-4EFC-B712-06C995E848D2}.AppStore|iPhone.ActiveCfg = Release|Any CPU
		{93AB183D-6F7F-4EFC-B712-06C995E848D2}.AppStore|iPhoneSimulator.ActiveCfg = Release|Any CPU
		{93AB183D-6F7F-4EFC-B712-06C995E848D2}.AppStore|Mixed Platforms.ActiveCfg = Release|Any CPU
		{93AB183D-6F7F-4EFC-B712-06C995E848D2}.AppStore|Mixed Platforms.Build.0 = Release|Any CPU
		{93AB183D-6F7F-4EFC-B712-06C995E848D2}.AppStore|x64.ActiveCfg = Release|Any CPU
		{93AB183D-6F7F-4EFC-B712-06C995E848D2}.AppStore|x86.ActiveCfg = Release|Any CPU
		{93AB183D-6F7F-4EFC-B712-06C995E848D2}.Debug|Any CPU.ActiveCfg = Debug|Any CPU
		{93AB183D-6F7F-4EFC-B712-06C995E848D2}.Debug|Any CPU.Build.0 = Debug|Any CPU
		{93AB183D-6F7F-4EFC-B712-06C995E848D2}.Debug|ARM.ActiveCfg = Debug|Any CPU
		{93AB183D-6F7F-4EFC-B712-06C995E848D2}.Debug|iPhone.ActiveCfg = Debug|Any CPU
		{93AB183D-6F7F-4EFC-B712-06C995E848D2}.Debug|iPhoneSimulator.ActiveCfg = Debug|Any CPU
		{93AB183D-6F7F-4EFC-B712-06C995E848D2}.Debug|Mixed Platforms.ActiveCfg = Debug|Any CPU
		{93AB183D-6F7F-4EFC-B712-06C995E848D2}.Debug|Mixed Platforms.Build.0 = Debug|Any CPU
		{93AB183D-6F7F-4EFC-B712-06C995E848D2}.Debug|x64.ActiveCfg = Debug|Any CPU
		{93AB183D-6F7F-4EFC-B712-06C995E848D2}.Debug|x86.ActiveCfg = Debug|Any CPU
		{93AB183D-6F7F-4EFC-B712-06C995E848D2}.Release|Any CPU.ActiveCfg = Release|Any CPU
		{93AB183D-6F7F-4EFC-B712-06C995E848D2}.Release|Any CPU.Build.0 = Release|Any CPU
		{93AB183D-6F7F-4EFC-B712-06C995E848D2}.Release|ARM.ActiveCfg = Release|Any CPU
		{93AB183D-6F7F-4EFC-B712-06C995E848D2}.Release|iPhone.ActiveCfg = Release|Any CPU
		{93AB183D-6F7F-4EFC-B712-06C995E848D2}.Release|iPhoneSimulator.ActiveCfg = Release|Any CPU
		{93AB183D-6F7F-4EFC-B712-06C995E848D2}.Release|Mixed Platforms.ActiveCfg = Release|Any CPU
		{93AB183D-6F7F-4EFC-B712-06C995E848D2}.Release|Mixed Platforms.Build.0 = Release|Any CPU
		{93AB183D-6F7F-4EFC-B712-06C995E848D2}.Release|x64.ActiveCfg = Release|Any CPU
		{93AB183D-6F7F-4EFC-B712-06C995E848D2}.Release|x86.ActiveCfg = Release|Any CPU
		{58CEABAA-B9EB-4394-8F2B-D36B3F87B4FA}.Ad-Hoc|Any CPU.ActiveCfg = Release|Any CPU
		{58CEABAA-B9EB-4394-8F2B-D36B3F87B4FA}.Ad-Hoc|Any CPU.Build.0 = Release|Any CPU
		{58CEABAA-B9EB-4394-8F2B-D36B3F87B4FA}.Ad-Hoc|ARM.ActiveCfg = Release|ARM
		{58CEABAA-B9EB-4394-8F2B-D36B3F87B4FA}.Ad-Hoc|ARM.Build.0 = Release|ARM
		{58CEABAA-B9EB-4394-8F2B-D36B3F87B4FA}.Ad-Hoc|iPhone.ActiveCfg = Release|Any CPU
		{58CEABAA-B9EB-4394-8F2B-D36B3F87B4FA}.Ad-Hoc|iPhoneSimulator.ActiveCfg = Release|Any CPU
		{58CEABAA-B9EB-4394-8F2B-D36B3F87B4FA}.Ad-Hoc|Mixed Platforms.ActiveCfg = Release|x86
		{58CEABAA-B9EB-4394-8F2B-D36B3F87B4FA}.Ad-Hoc|Mixed Platforms.Build.0 = Release|x86
		{58CEABAA-B9EB-4394-8F2B-D36B3F87B4FA}.Ad-Hoc|x64.ActiveCfg = Release|x64
		{58CEABAA-B9EB-4394-8F2B-D36B3F87B4FA}.Ad-Hoc|x64.Build.0 = Release|x64
		{58CEABAA-B9EB-4394-8F2B-D36B3F87B4FA}.Ad-Hoc|x86.ActiveCfg = Release|x86
		{58CEABAA-B9EB-4394-8F2B-D36B3F87B4FA}.Ad-Hoc|x86.Build.0 = Release|x86
		{58CEABAA-B9EB-4394-8F2B-D36B3F87B4FA}.AppStore|Any CPU.ActiveCfg = Release|Any CPU
		{58CEABAA-B9EB-4394-8F2B-D36B3F87B4FA}.AppStore|Any CPU.Build.0 = Release|Any CPU
		{58CEABAA-B9EB-4394-8F2B-D36B3F87B4FA}.AppStore|ARM.ActiveCfg = Release|ARM
		{58CEABAA-B9EB-4394-8F2B-D36B3F87B4FA}.AppStore|ARM.Build.0 = Release|ARM
		{58CEABAA-B9EB-4394-8F2B-D36B3F87B4FA}.AppStore|iPhone.ActiveCfg = Release|Any CPU
		{58CEABAA-B9EB-4394-8F2B-D36B3F87B4FA}.AppStore|iPhoneSimulator.ActiveCfg = Release|Any CPU
		{58CEABAA-B9EB-4394-8F2B-D36B3F87B4FA}.AppStore|Mixed Platforms.ActiveCfg = Release|x86
		{58CEABAA-B9EB-4394-8F2B-D36B3F87B4FA}.AppStore|Mixed Platforms.Build.0 = Release|x86
		{58CEABAA-B9EB-4394-8F2B-D36B3F87B4FA}.AppStore|x64.ActiveCfg = Release|x64
		{58CEABAA-B9EB-4394-8F2B-D36B3F87B4FA}.AppStore|x64.Build.0 = Release|x64
		{58CEABAA-B9EB-4394-8F2B-D36B3F87B4FA}.AppStore|x86.ActiveCfg = Release|x86
		{58CEABAA-B9EB-4394-8F2B-D36B3F87B4FA}.AppStore|x86.Build.0 = Release|x86
		{58CEABAA-B9EB-4394-8F2B-D36B3F87B4FA}.Debug|Any CPU.ActiveCfg = Debug|Any CPU
		{58CEABAA-B9EB-4394-8F2B-D36B3F87B4FA}.Debug|Any CPU.Build.0 = Debug|Any CPU
		{58CEABAA-B9EB-4394-8F2B-D36B3F87B4FA}.Debug|ARM.ActiveCfg = Debug|ARM
		{58CEABAA-B9EB-4394-8F2B-D36B3F87B4FA}.Debug|ARM.Build.0 = Debug|ARM
		{58CEABAA-B9EB-4394-8F2B-D36B3F87B4FA}.Debug|iPhone.ActiveCfg = Debug|Any CPU
		{58CEABAA-B9EB-4394-8F2B-D36B3F87B4FA}.Debug|iPhoneSimulator.ActiveCfg = Debug|Any CPU
		{58CEABAA-B9EB-4394-8F2B-D36B3F87B4FA}.Debug|Mixed Platforms.ActiveCfg = Debug|x86
		{58CEABAA-B9EB-4394-8F2B-D36B3F87B4FA}.Debug|Mixed Platforms.Build.0 = Debug|x86
		{58CEABAA-B9EB-4394-8F2B-D36B3F87B4FA}.Debug|x64.ActiveCfg = Debug|x64
		{58CEABAA-B9EB-4394-8F2B-D36B3F87B4FA}.Debug|x64.Build.0 = Debug|x64
		{58CEABAA-B9EB-4394-8F2B-D36B3F87B4FA}.Debug|x86.ActiveCfg = Debug|x86
		{58CEABAA-B9EB-4394-8F2B-D36B3F87B4FA}.Debug|x86.Build.0 = Debug|x86
		{58CEABAA-B9EB-4394-8F2B-D36B3F87B4FA}.Release|Any CPU.ActiveCfg = Release|Any CPU
		{58CEABAA-B9EB-4394-8F2B-D36B3F87B4FA}.Release|Any CPU.Build.0 = Release|Any CPU
		{58CEABAA-B9EB-4394-8F2B-D36B3F87B4FA}.Release|ARM.ActiveCfg = Release|ARM
		{58CEABAA-B9EB-4394-8F2B-D36B3F87B4FA}.Release|ARM.Build.0 = Release|ARM
		{58CEABAA-B9EB-4394-8F2B-D36B3F87B4FA}.Release|iPhone.ActiveCfg = Release|Any CPU
		{58CEABAA-B9EB-4394-8F2B-D36B3F87B4FA}.Release|iPhoneSimulator.ActiveCfg = Release|Any CPU
		{58CEABAA-B9EB-4394-8F2B-D36B3F87B4FA}.Release|Mixed Platforms.ActiveCfg = Release|x86
		{58CEABAA-B9EB-4394-8F2B-D36B3F87B4FA}.Release|Mixed Platforms.Build.0 = Release|x86
		{58CEABAA-B9EB-4394-8F2B-D36B3F87B4FA}.Release|x64.ActiveCfg = Release|x64
		{58CEABAA-B9EB-4394-8F2B-D36B3F87B4FA}.Release|x64.Build.0 = Release|x64
		{58CEABAA-B9EB-4394-8F2B-D36B3F87B4FA}.Release|x86.ActiveCfg = Release|x86
		{58CEABAA-B9EB-4394-8F2B-D36B3F87B4FA}.Release|x86.Build.0 = Release|x86
		{158C21AC-80A6-4941-BE95-1FFC60CC45A0}.Ad-Hoc|Any CPU.ActiveCfg = Release|Any CPU
		{158C21AC-80A6-4941-BE95-1FFC60CC45A0}.Ad-Hoc|Any CPU.Build.0 = Release|Any CPU
		{158C21AC-80A6-4941-BE95-1FFC60CC45A0}.Ad-Hoc|ARM.ActiveCfg = Release|ARM
		{158C21AC-80A6-4941-BE95-1FFC60CC45A0}.Ad-Hoc|ARM.Build.0 = Release|ARM
		{158C21AC-80A6-4941-BE95-1FFC60CC45A0}.Ad-Hoc|iPhone.ActiveCfg = Release|Any CPU
		{158C21AC-80A6-4941-BE95-1FFC60CC45A0}.Ad-Hoc|iPhoneSimulator.ActiveCfg = Release|Any CPU
		{158C21AC-80A6-4941-BE95-1FFC60CC45A0}.Ad-Hoc|Mixed Platforms.ActiveCfg = Release|x86
		{158C21AC-80A6-4941-BE95-1FFC60CC45A0}.Ad-Hoc|Mixed Platforms.Build.0 = Release|x86
		{158C21AC-80A6-4941-BE95-1FFC60CC45A0}.Ad-Hoc|x64.ActiveCfg = Release|x64
		{158C21AC-80A6-4941-BE95-1FFC60CC45A0}.Ad-Hoc|x64.Build.0 = Release|x64
		{158C21AC-80A6-4941-BE95-1FFC60CC45A0}.Ad-Hoc|x86.ActiveCfg = Release|x86
		{158C21AC-80A6-4941-BE95-1FFC60CC45A0}.Ad-Hoc|x86.Build.0 = Release|x86
		{158C21AC-80A6-4941-BE95-1FFC60CC45A0}.AppStore|Any CPU.ActiveCfg = Release|Any CPU
		{158C21AC-80A6-4941-BE95-1FFC60CC45A0}.AppStore|Any CPU.Build.0 = Release|Any CPU
		{158C21AC-80A6-4941-BE95-1FFC60CC45A0}.AppStore|ARM.ActiveCfg = Release|ARM
		{158C21AC-80A6-4941-BE95-1FFC60CC45A0}.AppStore|ARM.Build.0 = Release|ARM
		{158C21AC-80A6-4941-BE95-1FFC60CC45A0}.AppStore|iPhone.ActiveCfg = Release|Any CPU
		{158C21AC-80A6-4941-BE95-1FFC60CC45A0}.AppStore|iPhoneSimulator.ActiveCfg = Release|Any CPU
		{158C21AC-80A6-4941-BE95-1FFC60CC45A0}.AppStore|Mixed Platforms.ActiveCfg = Release|x86
		{158C21AC-80A6-4941-BE95-1FFC60CC45A0}.AppStore|Mixed Platforms.Build.0 = Release|x86
		{158C21AC-80A6-4941-BE95-1FFC60CC45A0}.AppStore|x64.ActiveCfg = Release|x64
		{158C21AC-80A6-4941-BE95-1FFC60CC45A0}.AppStore|x64.Build.0 = Release|x64
		{158C21AC-80A6-4941-BE95-1FFC60CC45A0}.AppStore|x86.ActiveCfg = Release|x86
		{158C21AC-80A6-4941-BE95-1FFC60CC45A0}.AppStore|x86.Build.0 = Release|x86
		{158C21AC-80A6-4941-BE95-1FFC60CC45A0}.Debug|Any CPU.ActiveCfg = Debug|Any CPU
		{158C21AC-80A6-4941-BE95-1FFC60CC45A0}.Debug|Any CPU.Build.0 = Debug|Any CPU
		{158C21AC-80A6-4941-BE95-1FFC60CC45A0}.Debug|ARM.ActiveCfg = Debug|ARM
		{158C21AC-80A6-4941-BE95-1FFC60CC45A0}.Debug|ARM.Build.0 = Debug|ARM
		{158C21AC-80A6-4941-BE95-1FFC60CC45A0}.Debug|iPhone.ActiveCfg = Debug|Any CPU
		{158C21AC-80A6-4941-BE95-1FFC60CC45A0}.Debug|iPhoneSimulator.ActiveCfg = Debug|Any CPU
		{158C21AC-80A6-4941-BE95-1FFC60CC45A0}.Debug|Mixed Platforms.ActiveCfg = Debug|x86
		{158C21AC-80A6-4941-BE95-1FFC60CC45A0}.Debug|Mixed Platforms.Build.0 = Debug|x86
		{158C21AC-80A6-4941-BE95-1FFC60CC45A0}.Debug|x64.ActiveCfg = Debug|x64
		{158C21AC-80A6-4941-BE95-1FFC60CC45A0}.Debug|x64.Build.0 = Debug|x64
		{158C21AC-80A6-4941-BE95-1FFC60CC45A0}.Debug|x86.ActiveCfg = Debug|x86
		{158C21AC-80A6-4941-BE95-1FFC60CC45A0}.Debug|x86.Build.0 = Debug|x86
		{158C21AC-80A6-4941-BE95-1FFC60CC45A0}.Release|Any CPU.ActiveCfg = Release|Any CPU
		{158C21AC-80A6-4941-BE95-1FFC60CC45A0}.Release|Any CPU.Build.0 = Release|Any CPU
		{158C21AC-80A6-4941-BE95-1FFC60CC45A0}.Release|ARM.ActiveCfg = Release|ARM
		{158C21AC-80A6-4941-BE95-1FFC60CC45A0}.Release|ARM.Build.0 = Release|ARM
		{158C21AC-80A6-4941-BE95-1FFC60CC45A0}.Release|iPhone.ActiveCfg = Release|Any CPU
		{158C21AC-80A6-4941-BE95-1FFC60CC45A0}.Release|iPhoneSimulator.ActiveCfg = Release|Any CPU
		{158C21AC-80A6-4941-BE95-1FFC60CC45A0}.Release|Mixed Platforms.ActiveCfg = Release|x86
		{158C21AC-80A6-4941-BE95-1FFC60CC45A0}.Release|Mixed Platforms.Build.0 = Release|x86
		{158C21AC-80A6-4941-BE95-1FFC60CC45A0}.Release|x64.ActiveCfg = Release|x64
		{158C21AC-80A6-4941-BE95-1FFC60CC45A0}.Release|x64.Build.0 = Release|x64
		{158C21AC-80A6-4941-BE95-1FFC60CC45A0}.Release|x86.ActiveCfg = Release|x86
		{158C21AC-80A6-4941-BE95-1FFC60CC45A0}.Release|x86.Build.0 = Release|x86
		{81A6D910-3A31-4CE2-AD86-F39063BA01F1}.Ad-Hoc|Any CPU.ActiveCfg = Release|Any CPU
		{81A6D910-3A31-4CE2-AD86-F39063BA01F1}.Ad-Hoc|Any CPU.Build.0 = Release|Any CPU
		{81A6D910-3A31-4CE2-AD86-F39063BA01F1}.Ad-Hoc|ARM.ActiveCfg = Release|ARM
		{81A6D910-3A31-4CE2-AD86-F39063BA01F1}.Ad-Hoc|ARM.Build.0 = Release|ARM
		{81A6D910-3A31-4CE2-AD86-F39063BA01F1}.Ad-Hoc|iPhone.ActiveCfg = Release|Any CPU
		{81A6D910-3A31-4CE2-AD86-F39063BA01F1}.Ad-Hoc|iPhoneSimulator.ActiveCfg = Release|Any CPU
		{81A6D910-3A31-4CE2-AD86-F39063BA01F1}.Ad-Hoc|Mixed Platforms.ActiveCfg = Release|x86
		{81A6D910-3A31-4CE2-AD86-F39063BA01F1}.Ad-Hoc|Mixed Platforms.Build.0 = Release|x86
		{81A6D910-3A31-4CE2-AD86-F39063BA01F1}.Ad-Hoc|x64.ActiveCfg = Release|Any CPU
		{81A6D910-3A31-4CE2-AD86-F39063BA01F1}.Ad-Hoc|x86.ActiveCfg = Release|x86
		{81A6D910-3A31-4CE2-AD86-F39063BA01F1}.Ad-Hoc|x86.Build.0 = Release|x86
		{81A6D910-3A31-4CE2-AD86-F39063BA01F1}.AppStore|Any CPU.ActiveCfg = Release|Any CPU
		{81A6D910-3A31-4CE2-AD86-F39063BA01F1}.AppStore|Any CPU.Build.0 = Release|Any CPU
		{81A6D910-3A31-4CE2-AD86-F39063BA01F1}.AppStore|ARM.ActiveCfg = Release|ARM
		{81A6D910-3A31-4CE2-AD86-F39063BA01F1}.AppStore|ARM.Build.0 = Release|ARM
		{81A6D910-3A31-4CE2-AD86-F39063BA01F1}.AppStore|iPhone.ActiveCfg = Release|Any CPU
		{81A6D910-3A31-4CE2-AD86-F39063BA01F1}.AppStore|iPhoneSimulator.ActiveCfg = Release|Any CPU
		{81A6D910-3A31-4CE2-AD86-F39063BA01F1}.AppStore|Mixed Platforms.ActiveCfg = Release|x86
		{81A6D910-3A31-4CE2-AD86-F39063BA01F1}.AppStore|Mixed Platforms.Build.0 = Release|x86
		{81A6D910-3A31-4CE2-AD86-F39063BA01F1}.AppStore|x64.ActiveCfg = Release|Any CPU
		{81A6D910-3A31-4CE2-AD86-F39063BA01F1}.AppStore|x86.ActiveCfg = Release|x86
		{81A6D910-3A31-4CE2-AD86-F39063BA01F1}.AppStore|x86.Build.0 = Release|x86
		{81A6D910-3A31-4CE2-AD86-F39063BA01F1}.Debug|Any CPU.ActiveCfg = Debug|Any CPU
		{81A6D910-3A31-4CE2-AD86-F39063BA01F1}.Debug|Any CPU.Build.0 = Debug|Any CPU
		{81A6D910-3A31-4CE2-AD86-F39063BA01F1}.Debug|ARM.ActiveCfg = Debug|ARM
		{81A6D910-3A31-4CE2-AD86-F39063BA01F1}.Debug|ARM.Build.0 = Debug|ARM
		{81A6D910-3A31-4CE2-AD86-F39063BA01F1}.Debug|iPhone.ActiveCfg = Debug|Any CPU
		{81A6D910-3A31-4CE2-AD86-F39063BA01F1}.Debug|iPhoneSimulator.ActiveCfg = Debug|Any CPU
		{81A6D910-3A31-4CE2-AD86-F39063BA01F1}.Debug|Mixed Platforms.ActiveCfg = Debug|x86
		{81A6D910-3A31-4CE2-AD86-F39063BA01F1}.Debug|Mixed Platforms.Build.0 = Debug|x86
		{81A6D910-3A31-4CE2-AD86-F39063BA01F1}.Debug|x64.ActiveCfg = Debug|Any CPU
		{81A6D910-3A31-4CE2-AD86-F39063BA01F1}.Debug|x86.ActiveCfg = Debug|x86
		{81A6D910-3A31-4CE2-AD86-F39063BA01F1}.Debug|x86.Build.0 = Debug|x86
		{81A6D910-3A31-4CE2-AD86-F39063BA01F1}.Release|Any CPU.ActiveCfg = Release|Any CPU
		{81A6D910-3A31-4CE2-AD86-F39063BA01F1}.Release|Any CPU.Build.0 = Release|Any CPU
		{81A6D910-3A31-4CE2-AD86-F39063BA01F1}.Release|ARM.ActiveCfg = Release|ARM
		{81A6D910-3A31-4CE2-AD86-F39063BA01F1}.Release|ARM.Build.0 = Release|ARM
		{81A6D910-3A31-4CE2-AD86-F39063BA01F1}.Release|iPhone.ActiveCfg = Release|Any CPU
		{81A6D910-3A31-4CE2-AD86-F39063BA01F1}.Release|iPhoneSimulator.ActiveCfg = Release|Any CPU
		{81A6D910-3A31-4CE2-AD86-F39063BA01F1}.Release|Mixed Platforms.ActiveCfg = Release|x86
		{81A6D910-3A31-4CE2-AD86-F39063BA01F1}.Release|Mixed Platforms.Build.0 = Release|x86
		{81A6D910-3A31-4CE2-AD86-F39063BA01F1}.Release|x64.ActiveCfg = Release|Any CPU
		{81A6D910-3A31-4CE2-AD86-F39063BA01F1}.Release|x86.ActiveCfg = Release|x86
		{81A6D910-3A31-4CE2-AD86-F39063BA01F1}.Release|x86.Build.0 = Release|x86
		{759FFDDC-72F3-4A21-BE10-CEDD1174FC57}.Ad-Hoc|Any CPU.ActiveCfg = Release|Any CPU
		{759FFDDC-72F3-4A21-BE10-CEDD1174FC57}.Ad-Hoc|Any CPU.Build.0 = Release|Any CPU
		{759FFDDC-72F3-4A21-BE10-CEDD1174FC57}.Ad-Hoc|Any CPU.Deploy.0 = Release|Any CPU
		{759FFDDC-72F3-4A21-BE10-CEDD1174FC57}.Ad-Hoc|ARM.ActiveCfg = Release|Any CPU
		{759FFDDC-72F3-4A21-BE10-CEDD1174FC57}.Ad-Hoc|iPhone.ActiveCfg = Release|Any CPU
		{759FFDDC-72F3-4A21-BE10-CEDD1174FC57}.Ad-Hoc|iPhoneSimulator.ActiveCfg = Release|Any CPU
		{759FFDDC-72F3-4A21-BE10-CEDD1174FC57}.Ad-Hoc|Mixed Platforms.ActiveCfg = Release|Any CPU
		{759FFDDC-72F3-4A21-BE10-CEDD1174FC57}.Ad-Hoc|Mixed Platforms.Build.0 = Release|Any CPU
		{759FFDDC-72F3-4A21-BE10-CEDD1174FC57}.Ad-Hoc|Mixed Platforms.Deploy.0 = Release|Any CPU
		{759FFDDC-72F3-4A21-BE10-CEDD1174FC57}.Ad-Hoc|x64.ActiveCfg = Release|Any CPU
		{759FFDDC-72F3-4A21-BE10-CEDD1174FC57}.Ad-Hoc|x86.ActiveCfg = Release|Any CPU
		{759FFDDC-72F3-4A21-BE10-CEDD1174FC57}.AppStore|Any CPU.ActiveCfg = Release|Any CPU
		{759FFDDC-72F3-4A21-BE10-CEDD1174FC57}.AppStore|Any CPU.Build.0 = Release|Any CPU
		{759FFDDC-72F3-4A21-BE10-CEDD1174FC57}.AppStore|Any CPU.Deploy.0 = Release|Any CPU
		{759FFDDC-72F3-4A21-BE10-CEDD1174FC57}.AppStore|ARM.ActiveCfg = Release|Any CPU
		{759FFDDC-72F3-4A21-BE10-CEDD1174FC57}.AppStore|iPhone.ActiveCfg = Release|Any CPU
		{759FFDDC-72F3-4A21-BE10-CEDD1174FC57}.AppStore|iPhoneSimulator.ActiveCfg = Release|Any CPU
		{759FFDDC-72F3-4A21-BE10-CEDD1174FC57}.AppStore|Mixed Platforms.ActiveCfg = Release|Any CPU
		{759FFDDC-72F3-4A21-BE10-CEDD1174FC57}.AppStore|Mixed Platforms.Build.0 = Release|Any CPU
		{759FFDDC-72F3-4A21-BE10-CEDD1174FC57}.AppStore|Mixed Platforms.Deploy.0 = Release|Any CPU
		{759FFDDC-72F3-4A21-BE10-CEDD1174FC57}.AppStore|x64.ActiveCfg = Release|Any CPU
		{759FFDDC-72F3-4A21-BE10-CEDD1174FC57}.AppStore|x86.ActiveCfg = Release|Any CPU
		{759FFDDC-72F3-4A21-BE10-CEDD1174FC57}.Debug|Any CPU.ActiveCfg = Debug|Any CPU
		{759FFDDC-72F3-4A21-BE10-CEDD1174FC57}.Debug|Any CPU.Build.0 = Debug|Any CPU
		{759FFDDC-72F3-4A21-BE10-CEDD1174FC57}.Debug|Any CPU.Deploy.0 = Debug|Any CPU
		{759FFDDC-72F3-4A21-BE10-CEDD1174FC57}.Debug|ARM.ActiveCfg = Debug|Any CPU
		{759FFDDC-72F3-4A21-BE10-CEDD1174FC57}.Debug|iPhone.ActiveCfg = Debug|Any CPU
		{759FFDDC-72F3-4A21-BE10-CEDD1174FC57}.Debug|iPhoneSimulator.ActiveCfg = Debug|Any CPU
		{759FFDDC-72F3-4A21-BE10-CEDD1174FC57}.Debug|Mixed Platforms.ActiveCfg = Debug|Any CPU
		{759FFDDC-72F3-4A21-BE10-CEDD1174FC57}.Debug|Mixed Platforms.Build.0 = Debug|Any CPU
		{759FFDDC-72F3-4A21-BE10-CEDD1174FC57}.Debug|Mixed Platforms.Deploy.0 = Debug|Any CPU
		{759FFDDC-72F3-4A21-BE10-CEDD1174FC57}.Debug|x64.ActiveCfg = Debug|Any CPU
		{759FFDDC-72F3-4A21-BE10-CEDD1174FC57}.Debug|x86.ActiveCfg = Debug|Any CPU
		{759FFDDC-72F3-4A21-BE10-CEDD1174FC57}.Release|Any CPU.ActiveCfg = Release|Any CPU
		{759FFDDC-72F3-4A21-BE10-CEDD1174FC57}.Release|Any CPU.Build.0 = Release|Any CPU
		{759FFDDC-72F3-4A21-BE10-CEDD1174FC57}.Release|Any CPU.Deploy.0 = Release|Any CPU
		{759FFDDC-72F3-4A21-BE10-CEDD1174FC57}.Release|ARM.ActiveCfg = Release|Any CPU
		{759FFDDC-72F3-4A21-BE10-CEDD1174FC57}.Release|iPhone.ActiveCfg = Release|Any CPU
		{759FFDDC-72F3-4A21-BE10-CEDD1174FC57}.Release|iPhoneSimulator.ActiveCfg = Release|Any CPU
		{759FFDDC-72F3-4A21-BE10-CEDD1174FC57}.Release|Mixed Platforms.ActiveCfg = Release|Any CPU
		{759FFDDC-72F3-4A21-BE10-CEDD1174FC57}.Release|Mixed Platforms.Build.0 = Release|Any CPU
		{759FFDDC-72F3-4A21-BE10-CEDD1174FC57}.Release|Mixed Platforms.Deploy.0 = Release|Any CPU
		{759FFDDC-72F3-4A21-BE10-CEDD1174FC57}.Release|x64.ActiveCfg = Release|Any CPU
		{759FFDDC-72F3-4A21-BE10-CEDD1174FC57}.Release|x86.ActiveCfg = Release|Any CPU
		{EC86F8EB-586B-4BC4-A902-55C8DF774B9C}.Ad-Hoc|Any CPU.ActiveCfg = Ad-Hoc|iPhone
		{EC86F8EB-586B-4BC4-A902-55C8DF774B9C}.Ad-Hoc|ARM.ActiveCfg = Ad-Hoc|iPhone
		{EC86F8EB-586B-4BC4-A902-55C8DF774B9C}.Ad-Hoc|iPhone.ActiveCfg = Ad-Hoc|iPhone
		{EC86F8EB-586B-4BC4-A902-55C8DF774B9C}.Ad-Hoc|iPhone.Build.0 = Ad-Hoc|iPhone
		{EC86F8EB-586B-4BC4-A902-55C8DF774B9C}.Ad-Hoc|iPhone.Deploy.0 = Ad-Hoc|iPhone
		{EC86F8EB-586B-4BC4-A902-55C8DF774B9C}.Ad-Hoc|iPhoneSimulator.ActiveCfg = Ad-Hoc|iPhoneSimulator
		{EC86F8EB-586B-4BC4-A902-55C8DF774B9C}.Ad-Hoc|iPhoneSimulator.Build.0 = Ad-Hoc|iPhoneSimulator
		{EC86F8EB-586B-4BC4-A902-55C8DF774B9C}.Ad-Hoc|iPhoneSimulator.Deploy.0 = Ad-Hoc|iPhoneSimulator
		{EC86F8EB-586B-4BC4-A902-55C8DF774B9C}.Ad-Hoc|Mixed Platforms.ActiveCfg = Ad-Hoc|iPhone
		{EC86F8EB-586B-4BC4-A902-55C8DF774B9C}.Ad-Hoc|Mixed Platforms.Build.0 = Ad-Hoc|iPhone
		{EC86F8EB-586B-4BC4-A902-55C8DF774B9C}.Ad-Hoc|Mixed Platforms.Deploy.0 = Ad-Hoc|iPhone
		{EC86F8EB-586B-4BC4-A902-55C8DF774B9C}.Ad-Hoc|x64.ActiveCfg = Ad-Hoc|iPhone
		{EC86F8EB-586B-4BC4-A902-55C8DF774B9C}.Ad-Hoc|x86.ActiveCfg = Ad-Hoc|iPhone
		{EC86F8EB-586B-4BC4-A902-55C8DF774B9C}.AppStore|Any CPU.ActiveCfg = AppStore|iPhone
		{EC86F8EB-586B-4BC4-A902-55C8DF774B9C}.AppStore|ARM.ActiveCfg = AppStore|iPhone
		{EC86F8EB-586B-4BC4-A902-55C8DF774B9C}.AppStore|iPhone.ActiveCfg = AppStore|iPhone
		{EC86F8EB-586B-4BC4-A902-55C8DF774B9C}.AppStore|iPhone.Build.0 = AppStore|iPhone
		{EC86F8EB-586B-4BC4-A902-55C8DF774B9C}.AppStore|iPhone.Deploy.0 = AppStore|iPhone
		{EC86F8EB-586B-4BC4-A902-55C8DF774B9C}.AppStore|iPhoneSimulator.ActiveCfg = AppStore|iPhoneSimulator
		{EC86F8EB-586B-4BC4-A902-55C8DF774B9C}.AppStore|iPhoneSimulator.Build.0 = AppStore|iPhoneSimulator
		{EC86F8EB-586B-4BC4-A902-55C8DF774B9C}.AppStore|iPhoneSimulator.Deploy.0 = AppStore|iPhoneSimulator
		{EC86F8EB-586B-4BC4-A902-55C8DF774B9C}.AppStore|Mixed Platforms.ActiveCfg = AppStore|iPhone
		{EC86F8EB-586B-4BC4-A902-55C8DF774B9C}.AppStore|Mixed Platforms.Build.0 = AppStore|iPhone
		{EC86F8EB-586B-4BC4-A902-55C8DF774B9C}.AppStore|Mixed Platforms.Deploy.0 = AppStore|iPhone
		{EC86F8EB-586B-4BC4-A902-55C8DF774B9C}.AppStore|x64.ActiveCfg = AppStore|iPhone
		{EC86F8EB-586B-4BC4-A902-55C8DF774B9C}.AppStore|x86.ActiveCfg = AppStore|iPhone
		{EC86F8EB-586B-4BC4-A902-55C8DF774B9C}.Debug|Any CPU.ActiveCfg = Debug|iPhone
		{EC86F8EB-586B-4BC4-A902-55C8DF774B9C}.Debug|ARM.ActiveCfg = Debug|iPhone
		{EC86F8EB-586B-4BC4-A902-55C8DF774B9C}.Debug|iPhone.ActiveCfg = Debug|iPhone
		{EC86F8EB-586B-4BC4-A902-55C8DF774B9C}.Debug|iPhone.Build.0 = Debug|iPhone
		{EC86F8EB-586B-4BC4-A902-55C8DF774B9C}.Debug|iPhone.Deploy.0 = Debug|iPhone
		{EC86F8EB-586B-4BC4-A902-55C8DF774B9C}.Debug|iPhoneSimulator.ActiveCfg = Debug|iPhoneSimulator
		{EC86F8EB-586B-4BC4-A902-55C8DF774B9C}.Debug|iPhoneSimulator.Build.0 = Debug|iPhoneSimulator
		{EC86F8EB-586B-4BC4-A902-55C8DF774B9C}.Debug|iPhoneSimulator.Deploy.0 = Debug|iPhoneSimulator
		{EC86F8EB-586B-4BC4-A902-55C8DF774B9C}.Debug|Mixed Platforms.ActiveCfg = Debug|iPhone
		{EC86F8EB-586B-4BC4-A902-55C8DF774B9C}.Debug|Mixed Platforms.Build.0 = Debug|iPhone
		{EC86F8EB-586B-4BC4-A902-55C8DF774B9C}.Debug|Mixed Platforms.Deploy.0 = Debug|iPhone
		{EC86F8EB-586B-4BC4-A902-55C8DF774B9C}.Debug|x64.ActiveCfg = Debug|iPhone
		{EC86F8EB-586B-4BC4-A902-55C8DF774B9C}.Debug|x86.ActiveCfg = Debug|iPhone
		{EC86F8EB-586B-4BC4-A902-55C8DF774B9C}.Release|Any CPU.ActiveCfg = Release|iPhone
		{EC86F8EB-586B-4BC4-A902-55C8DF774B9C}.Release|ARM.ActiveCfg = Release|iPhone
		{EC86F8EB-586B-4BC4-A902-55C8DF774B9C}.Release|iPhone.ActiveCfg = Release|iPhone
		{EC86F8EB-586B-4BC4-A902-55C8DF774B9C}.Release|iPhone.Build.0 = Release|iPhone
		{EC86F8EB-586B-4BC4-A902-55C8DF774B9C}.Release|iPhone.Deploy.0 = Release|iPhone
		{EC86F8EB-586B-4BC4-A902-55C8DF774B9C}.Release|iPhoneSimulator.ActiveCfg = Release|iPhoneSimulator
		{EC86F8EB-586B-4BC4-A902-55C8DF774B9C}.Release|iPhoneSimulator.Build.0 = Release|iPhoneSimulator
		{EC86F8EB-586B-4BC4-A902-55C8DF774B9C}.Release|iPhoneSimulator.Deploy.0 = Release|iPhoneSimulator
		{EC86F8EB-586B-4BC4-A902-55C8DF774B9C}.Release|Mixed Platforms.ActiveCfg = Release|iPhone
		{EC86F8EB-586B-4BC4-A902-55C8DF774B9C}.Release|Mixed Platforms.Build.0 = Release|iPhone
		{EC86F8EB-586B-4BC4-A902-55C8DF774B9C}.Release|Mixed Platforms.Deploy.0 = Release|iPhone
		{EC86F8EB-586B-4BC4-A902-55C8DF774B9C}.Release|x64.ActiveCfg = Release|iPhone
		{EC86F8EB-586B-4BC4-A902-55C8DF774B9C}.Release|x86.ActiveCfg = Release|iPhone
		{C009BA54-3AB7-46A6-A6DE-ABAF67B629DA}.Ad-Hoc|Any CPU.ActiveCfg = Release|Any CPU
		{C009BA54-3AB7-46A6-A6DE-ABAF67B629DA}.Ad-Hoc|Any CPU.Build.0 = Release|Any CPU
		{C009BA54-3AB7-46A6-A6DE-ABAF67B629DA}.Ad-Hoc|ARM.ActiveCfg = Release|ARM
		{C009BA54-3AB7-46A6-A6DE-ABAF67B629DA}.Ad-Hoc|ARM.Build.0 = Release|ARM
		{C009BA54-3AB7-46A6-A6DE-ABAF67B629DA}.Ad-Hoc|iPhone.ActiveCfg = Release|Any CPU
		{C009BA54-3AB7-46A6-A6DE-ABAF67B629DA}.Ad-Hoc|iPhoneSimulator.ActiveCfg = Release|Any CPU
		{C009BA54-3AB7-46A6-A6DE-ABAF67B629DA}.Ad-Hoc|Mixed Platforms.ActiveCfg = Release|x86
		{C009BA54-3AB7-46A6-A6DE-ABAF67B629DA}.Ad-Hoc|Mixed Platforms.Build.0 = Release|x86
		{C009BA54-3AB7-46A6-A6DE-ABAF67B629DA}.Ad-Hoc|x64.ActiveCfg = Release|Any CPU
		{C009BA54-3AB7-46A6-A6DE-ABAF67B629DA}.Ad-Hoc|x86.ActiveCfg = Release|x86
		{C009BA54-3AB7-46A6-A6DE-ABAF67B629DA}.Ad-Hoc|x86.Build.0 = Release|x86
		{C009BA54-3AB7-46A6-A6DE-ABAF67B629DA}.AppStore|Any CPU.ActiveCfg = Release|Any CPU
		{C009BA54-3AB7-46A6-A6DE-ABAF67B629DA}.AppStore|Any CPU.Build.0 = Release|Any CPU
		{C009BA54-3AB7-46A6-A6DE-ABAF67B629DA}.AppStore|ARM.ActiveCfg = Release|ARM
		{C009BA54-3AB7-46A6-A6DE-ABAF67B629DA}.AppStore|ARM.Build.0 = Release|ARM
		{C009BA54-3AB7-46A6-A6DE-ABAF67B629DA}.AppStore|iPhone.ActiveCfg = Release|Any CPU
		{C009BA54-3AB7-46A6-A6DE-ABAF67B629DA}.AppStore|iPhoneSimulator.ActiveCfg = Release|Any CPU
		{C009BA54-3AB7-46A6-A6DE-ABAF67B629DA}.AppStore|Mixed Platforms.ActiveCfg = Release|x86
		{C009BA54-3AB7-46A6-A6DE-ABAF67B629DA}.AppStore|Mixed Platforms.Build.0 = Release|x86
		{C009BA54-3AB7-46A6-A6DE-ABAF67B629DA}.AppStore|x64.ActiveCfg = Release|Any CPU
		{C009BA54-3AB7-46A6-A6DE-ABAF67B629DA}.AppStore|x86.ActiveCfg = Release|x86
		{C009BA54-3AB7-46A6-A6DE-ABAF67B629DA}.AppStore|x86.Build.0 = Release|x86
		{C009BA54-3AB7-46A6-A6DE-ABAF67B629DA}.Debug|Any CPU.ActiveCfg = Debug|Any CPU
		{C009BA54-3AB7-46A6-A6DE-ABAF67B629DA}.Debug|Any CPU.Build.0 = Debug|Any CPU
		{C009BA54-3AB7-46A6-A6DE-ABAF67B629DA}.Debug|ARM.ActiveCfg = Debug|ARM
		{C009BA54-3AB7-46A6-A6DE-ABAF67B629DA}.Debug|ARM.Build.0 = Debug|ARM
		{C009BA54-3AB7-46A6-A6DE-ABAF67B629DA}.Debug|iPhone.ActiveCfg = Debug|Any CPU
		{C009BA54-3AB7-46A6-A6DE-ABAF67B629DA}.Debug|iPhoneSimulator.ActiveCfg = Debug|Any CPU
		{C009BA54-3AB7-46A6-A6DE-ABAF67B629DA}.Debug|Mixed Platforms.ActiveCfg = Debug|x86
		{C009BA54-3AB7-46A6-A6DE-ABAF67B629DA}.Debug|Mixed Platforms.Build.0 = Debug|x86
		{C009BA54-3AB7-46A6-A6DE-ABAF67B629DA}.Debug|x64.ActiveCfg = Debug|Any CPU
		{C009BA54-3AB7-46A6-A6DE-ABAF67B629DA}.Debug|x86.ActiveCfg = Debug|x86
		{C009BA54-3AB7-46A6-A6DE-ABAF67B629DA}.Debug|x86.Build.0 = Debug|x86
		{C009BA54-3AB7-46A6-A6DE-ABAF67B629DA}.Release|Any CPU.ActiveCfg = Release|Any CPU
		{C009BA54-3AB7-46A6-A6DE-ABAF67B629DA}.Release|Any CPU.Build.0 = Release|Any CPU
		{C009BA54-3AB7-46A6-A6DE-ABAF67B629DA}.Release|ARM.ActiveCfg = Release|ARM
		{C009BA54-3AB7-46A6-A6DE-ABAF67B629DA}.Release|ARM.Build.0 = Release|ARM
		{C009BA54-3AB7-46A6-A6DE-ABAF67B629DA}.Release|iPhone.ActiveCfg = Release|Any CPU
		{C009BA54-3AB7-46A6-A6DE-ABAF67B629DA}.Release|iPhoneSimulator.ActiveCfg = Release|Any CPU
		{C009BA54-3AB7-46A6-A6DE-ABAF67B629DA}.Release|Mixed Platforms.ActiveCfg = Release|x86
		{C009BA54-3AB7-46A6-A6DE-ABAF67B629DA}.Release|Mixed Platforms.Build.0 = Release|x86
		{C009BA54-3AB7-46A6-A6DE-ABAF67B629DA}.Release|x64.ActiveCfg = Release|Any CPU
		{C009BA54-3AB7-46A6-A6DE-ABAF67B629DA}.Release|x86.ActiveCfg = Release|x86
		{C009BA54-3AB7-46A6-A6DE-ABAF67B629DA}.Release|x86.Build.0 = Release|x86
		{1C1AB9E6-759C-458B-BB4D-DEC5839C5688}.Ad-Hoc|Any CPU.ActiveCfg = Release|Any CPU
		{1C1AB9E6-759C-458B-BB4D-DEC5839C5688}.Ad-Hoc|Any CPU.Build.0 = Release|Any CPU
		{1C1AB9E6-759C-458B-BB4D-DEC5839C5688}.Ad-Hoc|ARM.ActiveCfg = Release|ARM
		{1C1AB9E6-759C-458B-BB4D-DEC5839C5688}.Ad-Hoc|ARM.Build.0 = Release|ARM
		{1C1AB9E6-759C-458B-BB4D-DEC5839C5688}.Ad-Hoc|iPhone.ActiveCfg = Release|Any CPU
		{1C1AB9E6-759C-458B-BB4D-DEC5839C5688}.Ad-Hoc|iPhoneSimulator.ActiveCfg = Release|Any CPU
		{1C1AB9E6-759C-458B-BB4D-DEC5839C5688}.Ad-Hoc|Mixed Platforms.ActiveCfg = Release|x86
		{1C1AB9E6-759C-458B-BB4D-DEC5839C5688}.Ad-Hoc|Mixed Platforms.Build.0 = Release|x86
		{1C1AB9E6-759C-458B-BB4D-DEC5839C5688}.Ad-Hoc|x64.ActiveCfg = Release|Any CPU
		{1C1AB9E6-759C-458B-BB4D-DEC5839C5688}.Ad-Hoc|x86.ActiveCfg = Release|x86
		{1C1AB9E6-759C-458B-BB4D-DEC5839C5688}.Ad-Hoc|x86.Build.0 = Release|x86
		{1C1AB9E6-759C-458B-BB4D-DEC5839C5688}.AppStore|Any CPU.ActiveCfg = Release|Any CPU
		{1C1AB9E6-759C-458B-BB4D-DEC5839C5688}.AppStore|Any CPU.Build.0 = Release|Any CPU
		{1C1AB9E6-759C-458B-BB4D-DEC5839C5688}.AppStore|ARM.ActiveCfg = Release|ARM
		{1C1AB9E6-759C-458B-BB4D-DEC5839C5688}.AppStore|ARM.Build.0 = Release|ARM
		{1C1AB9E6-759C-458B-BB4D-DEC5839C5688}.AppStore|iPhone.ActiveCfg = Release|Any CPU
		{1C1AB9E6-759C-458B-BB4D-DEC5839C5688}.AppStore|iPhoneSimulator.ActiveCfg = Release|Any CPU
		{1C1AB9E6-759C-458B-BB4D-DEC5839C5688}.AppStore|Mixed Platforms.ActiveCfg = Release|x86
		{1C1AB9E6-759C-458B-BB4D-DEC5839C5688}.AppStore|Mixed Platforms.Build.0 = Release|x86
		{1C1AB9E6-759C-458B-BB4D-DEC5839C5688}.AppStore|x64.ActiveCfg = Release|Any CPU
		{1C1AB9E6-759C-458B-BB4D-DEC5839C5688}.AppStore|x86.ActiveCfg = Release|x86
		{1C1AB9E6-759C-458B-BB4D-DEC5839C5688}.AppStore|x86.Build.0 = Release|x86
		{1C1AB9E6-759C-458B-BB4D-DEC5839C5688}.Debug|Any CPU.ActiveCfg = Debug|Any CPU
		{1C1AB9E6-759C-458B-BB4D-DEC5839C5688}.Debug|Any CPU.Build.0 = Debug|Any CPU
		{1C1AB9E6-759C-458B-BB4D-DEC5839C5688}.Debug|ARM.ActiveCfg = Debug|ARM
		{1C1AB9E6-759C-458B-BB4D-DEC5839C5688}.Debug|ARM.Build.0 = Debug|ARM
		{1C1AB9E6-759C-458B-BB4D-DEC5839C5688}.Debug|iPhone.ActiveCfg = Debug|Any CPU
		{1C1AB9E6-759C-458B-BB4D-DEC5839C5688}.Debug|iPhoneSimulator.ActiveCfg = Debug|Any CPU
		{1C1AB9E6-759C-458B-BB4D-DEC5839C5688}.Debug|Mixed Platforms.ActiveCfg = Debug|x86
		{1C1AB9E6-759C-458B-BB4D-DEC5839C5688}.Debug|Mixed Platforms.Build.0 = Debug|x86
		{1C1AB9E6-759C-458B-BB4D-DEC5839C5688}.Debug|x64.ActiveCfg = Debug|Any CPU
		{1C1AB9E6-759C-458B-BB4D-DEC5839C5688}.Debug|x86.ActiveCfg = Debug|x86
		{1C1AB9E6-759C-458B-BB4D-DEC5839C5688}.Debug|x86.Build.0 = Debug|x86
		{1C1AB9E6-759C-458B-BB4D-DEC5839C5688}.Release|Any CPU.ActiveCfg = Release|Any CPU
		{1C1AB9E6-759C-458B-BB4D-DEC5839C5688}.Release|Any CPU.Build.0 = Release|Any CPU
		{1C1AB9E6-759C-458B-BB4D-DEC5839C5688}.Release|ARM.ActiveCfg = Release|ARM
		{1C1AB9E6-759C-458B-BB4D-DEC5839C5688}.Release|ARM.Build.0 = Release|ARM
		{1C1AB9E6-759C-458B-BB4D-DEC5839C5688}.Release|iPhone.ActiveCfg = Release|Any CPU
		{1C1AB9E6-759C-458B-BB4D-DEC5839C5688}.Release|iPhoneSimulator.ActiveCfg = Release|Any CPU
		{1C1AB9E6-759C-458B-BB4D-DEC5839C5688}.Release|Mixed Platforms.ActiveCfg = Release|x86
		{1C1AB9E6-759C-458B-BB4D-DEC5839C5688}.Release|Mixed Platforms.Build.0 = Release|x86
		{1C1AB9E6-759C-458B-BB4D-DEC5839C5688}.Release|x64.ActiveCfg = Release|Any CPU
		{1C1AB9E6-759C-458B-BB4D-DEC5839C5688}.Release|x86.ActiveCfg = Release|x86
		{1C1AB9E6-759C-458B-BB4D-DEC5839C5688}.Release|x86.Build.0 = Release|x86
	EndGlobalSection
	GlobalSection(SolutionProperties) = preSolution
		HideSolutionNode = FALSE
	EndGlobalSection
	GlobalSection(NestedProjects) = preSolution
		{5022E311-8709-4FAC-8114-AD2955EC198D} = {08560155-C24E-46F4-BF0C-0CFFFB816153}
		{738D45F2-91E6-43CC-90D3-5F0877B5F6CA} = {B1B60821-95CD-4682-8E79-4FEF5D2C4AD1}
		{896C4B33-1725-4ED0-AF57-798A955D36A9} = {B1B60821-95CD-4682-8E79-4FEF5D2C4AD1}
		{21175907-4C1D-42DB-813D-9CC2C8E7A8FF} = {B1B60821-95CD-4682-8E79-4FEF5D2C4AD1}
		{D479F55D-0AF3-437A-84AF-4B638917C14E} = {08560155-C24E-46F4-BF0C-0CFFFB816153}
		{A35A443A-CA4A-4E73-986C-E508A434092E} = {91F8D7E8-5998-494E-9E75-F808B795D61D}
		{51447ABD-5857-4624-9109-0965D80FE81C} = {91F8D7E8-5998-494E-9E75-F808B795D61D}
		{AAF36A01-5FF5-4152-AC68-6B06534EBE22} = {91F8D7E8-5998-494E-9E75-F808B795D61D}
		{7761DDFE-69D4-4FD3-A3B6-EFB04D00C705} = {91F8D7E8-5998-494E-9E75-F808B795D61D}
		{688C3B12-FBD0-4FAC-A344-3DF8267FC78C} = {91F8D7E8-5998-494E-9E75-F808B795D61D}
		{699A1964-2F72-41CD-B007-1A681EC60A5A} = {B1B60821-95CD-4682-8E79-4FEF5D2C4AD1}
		{93AB183D-6F7F-4EFC-B712-06C995E848D2} = {B1B60821-95CD-4682-8E79-4FEF5D2C4AD1}
		{B1B60821-95CD-4682-8E79-4FEF5D2C4AD1} = {08560155-C24E-46F4-BF0C-0CFFFB816153}
		{A103098A-F8FF-4000-930C-EABA73DA4AEA} = {08560155-C24E-46F4-BF0C-0CFFFB816153}
		{58CEABAA-B9EB-4394-8F2B-D36B3F87B4FA} = {A103098A-F8FF-4000-930C-EABA73DA4AEA}
		{158C21AC-80A6-4941-BE95-1FFC60CC45A0} = {A103098A-F8FF-4000-930C-EABA73DA4AEA}
		{81A6D910-3A31-4CE2-AD86-F39063BA01F1} = {A103098A-F8FF-4000-930C-EABA73DA4AEA}
		{759FFDDC-72F3-4A21-BE10-CEDD1174FC57} = {91F8D7E8-5998-494E-9E75-F808B795D61D}
		{EC86F8EB-586B-4BC4-A902-55C8DF774B9C} = {91F8D7E8-5998-494E-9E75-F808B795D61D}
		{C009BA54-3AB7-46A6-A6DE-ABAF67B629DA} = {B1B60821-95CD-4682-8E79-4FEF5D2C4AD1}
		{1C1AB9E6-759C-458B-BB4D-DEC5839C5688} = {A103098A-F8FF-4000-930C-EABA73DA4AEA}
	EndGlobalSection
EndGlobal
