
Microsoft Visual Studio Solution File, Format Version 12.00
# Visual Studio 2013
VisualStudioVersion = 12.0.30501.0
MinimumVisualStudioVersion = 10.0.40219.1
Project("{FAE04EC0-301F-11D3-BF4B-00C04F79EFBC}") = "ReactiveApp", "src\ReactiveApp\ReactiveApp.csproj", "{5022E311-8709-4FAC-8114-AD2955EC198D}"
EndProject
Project("{FAE04EC0-301F-11D3-BF4B-00C04F79EFBC}") = "ReactiveApp.Xaml.WP8", "src\ReactiveApp.Xaml.WP8\ReactiveApp.Xaml.WP8.csproj", "{738D45F2-91E6-43CC-90D3-5F0877B5F6CA}"
EndProject
Project("{FAE04EC0-301F-11D3-BF4B-00C04F79EFBC}") = "ReactiveApp.Xaml.WinRT", "src\ReactiveApp.Xaml.WinRT\ReactiveApp.Xaml.WinRT.csproj", "{896C4B33-1725-4ED0-AF57-798A955D36A9}"
EndProject
Project("{FAE04EC0-301F-11D3-BF4B-00C04F79EFBC}") = "ReactiveApp.Xaml.Win8", "src\ReactiveApp.Xaml.Win8\ReactiveApp.Xaml.Win8.csproj", "{21175907-4C1D-42DB-813D-9CC2C8E7A8FF}"
EndProject
Project("{FAE04EC0-301F-11D3-BF4B-00C04F79EFBC}") = "ReactiveApp.Munq", "src\ReactiveApp.Munq\ReactiveApp.Munq.csproj", "{D479F55D-0AF3-437A-84AF-4B638917C14E}"
EndProject
Project("{2150E333-8FDC-42A3-9474-1A3956D46DE8}") = "src", "src", "{08560155-C24E-46F4-BF0C-0CFFFB816153}"
EndProject
Project("{2150E333-8FDC-42A3-9474-1A3956D46DE8}") = "test", "test", "{91F8D7E8-5998-494E-9E75-F808B795D61D}"
EndProject
Project("{2150E333-8FDC-42A3-9474-1A3956D46DE8}") = "templates", "templates", "{0EC53D51-E960-49B0-9B12-8DD7AC1CEB82}"
EndProject
Project("{2150E333-8FDC-42A3-9474-1A3956D46DE8}") = "sample", "sample", "{51C8D094-FC16-4445-A1AE-A2AA1C1DDC57}"
EndProject
Project("{FAE04EC0-301F-11D3-BF4B-00C04F79EFBC}") = "ReactiveApp.Test", "test\ReactiveApp.Test\ReactiveApp.Test.csproj", "{A35A443A-CA4A-4E73-986C-E508A434092E}"
EndProject
Project("{FAE04EC0-301F-11D3-BF4B-00C04F79EFBC}") = "TestApp.WP8", "test\TestApp.WP8\TestApp.WP8.csproj", "{7761DDFE-69D4-4FD3-A3B6-EFB04D00C705}"
EndProject
Project("{FAE04EC0-301F-11D3-BF4B-00C04F79EFBC}") = "TestApp.Win8", "test\TestApp.Win8\TestApp.Win8.csproj", "{688C3B12-FBD0-4FAC-A344-3DF8267FC78C}"
EndProject
Project("{FAE04EC0-301F-11D3-BF4B-00C04F79EFBC}") = "ReactiveApp.Android", "src\ReactiveApp.Android\ReactiveApp.Android.csproj", "{699A1964-2F72-41CD-B007-1A681EC60A5A}"
EndProject
Project("{FAE04EC0-301F-11D3-BF4B-00C04F79EFBC}") = "ReactiveApp.iOS", "src\ReactiveApp.iOS\ReactiveApp.iOS.csproj", "{93AB183D-6F7F-4EFC-B712-06C995E848D2}"
EndProject
Project("{2150E333-8FDC-42A3-9474-1A3956D46DE8}") = "ReactiveApp.Platforms", "ReactiveApp.Platforms", "{B1B60821-95CD-4682-8E79-4FEF5D2C4AD1}"
EndProject
Project("{FAE04EC0-301F-11D3-BF4B-00C04F79EFBC}") = "TestApp.Android", "test\TestApp.Android\TestApp.Android.csproj", "{759FFDDC-72F3-4A21-BE10-CEDD1174FC57}"
EndProject
Project("{FAE04EC0-301F-11D3-BF4B-00C04F79EFBC}") = "TestApp.iOS", "test\TestApp.iOS\TestApp.iOS.csproj", "{EC86F8EB-586B-4BC4-A902-55C8DF774B9C}"
EndProject
Project("{FAE04EC0-301F-11D3-BF4B-00C04F79EFBC}") = "ReactiveApp.Xaml.WP81", "src\ReactiveApp.Xaml.WP81\ReactiveApp.Xaml.WP81.csproj", "{C009BA54-3AB7-46A6-A6DE-ABAF67B629DA}"
EndProject
Project("{FAE04EC0-301F-11D3-BF4B-00C04F79EFBC}") = "TestApp.PCL", "test\TestApp.PCL\TestApp.PCL.csproj", "{99D60BB3-7A06-46A4-9878-380243E20CAC}"
EndProject
Project("{FAE04EC0-301F-11D3-BF4B-00C04F79EFBC}") = "WPNL.Core", "sample\WPNL.Core\WPNL.Core.csproj", "{9D7C9B7F-AE0A-4AF2-81ED-791DB01FB249}"
EndProject
Project("{FAE04EC0-301F-11D3-BF4B-00C04F79EFBC}") = "WPNL.UI.Android", "sample\WPNL.UI.Android\WPNL.UI.Android.csproj", "{D13B2D3E-247B-43F4-AE92-A66E4B4CBA6B}"
EndProject
Project("{FAE04EC0-301F-11D3-BF4B-00C04F79EFBC}") = "WPNL.UI.WP8", "sample\WPNL.UI.WP8\WPNL.UI.WP8.csproj", "{C47AD73D-2B2B-46C2-8A86-077A29B1EB67}"
EndProject
Project("{FAE04EC0-301F-11D3-BF4B-00C04F79EFBC}") = "WPNL.UI.Windows", "sample\WPNL.UI.Windows\WPNL.UI.Windows.csproj", "{1F2FCD8A-E604-42A5-A020-36D0013A927E}"
EndProject
Project("{FAE04EC0-301F-11D3-BF4B-00C04F79EFBC}") = "WPNL.UI.WindowsPhone", "sample\WPNL.UI.WindowsPhone\WPNL.UI.WindowsPhone.csproj", "{6CCD0EE4-E233-4071-8BE1-7DC7887B5CFB}"
EndProject
Project("{D954291E-2A0B-460D-934E-DC6B0785DB48}") = "WPNL.UI.Shared", "sample\WPNL.UI.Shared\WPNL.UI.Shared.shproj", "{C1695004-473C-429C-AB8B-0E3313003F81}"
EndProject
Project("{FAE04EC0-301F-11D3-BF4B-00C04F79EFBC}") = "TestApp.Windows", "test\TestApp.Windows\TestApp.Windows.csproj", "{51447ABD-5857-4624-9109-0965D80FE81C}"
EndProject
Project("{D954291E-2A0B-460D-934E-DC6B0785DB48}") = "TestApp.Shared", "test\TestApp.Shared\TestApp.Shared.shproj", "{B82EF03A-0E97-4A85-AC40-168DEA1371A3}"
EndProject
Project("{FAE04EC0-301F-11D3-BF4B-00C04F79EFBC}") = "TestApp.WindowsPhone", "test\TestApp.WindowsPhone\TestApp.WindowsPhone.csproj", "{F4552FC5-C723-45E6-988C-AF4680051160}"
EndProject
Global
	GlobalSection(SharedMSBuildProjectFiles) = preSolution
		sample\WPNL.UI.Shared\WPNL.UI.Shared.projitems*{c1695004-473c-429c-ab8b-0e3313003f81}*SharedItemsImports = 13
		test\TestApp.Shared\TestApp.Shared.projitems*{f4552fc5-c723-45e6-988c-af4680051160}*SharedItemsImports = 4
		test\TestApp.Shared\TestApp.Shared.projitems*{b82ef03a-0e97-4a85-ac40-168dea1371a3}*SharedItemsImports = 13
		sample\WPNL.UI.Shared\WPNL.UI.Shared.projitems*{1f2fcd8a-e604-42a5-a020-36d0013a927e}*SharedItemsImports = 4
		sample\WPNL.UI.Shared\WPNL.UI.Shared.projitems*{6ccd0ee4-e233-4071-8be1-7dc7887b5cfb}*SharedItemsImports = 4
		test\TestApp.Shared\TestApp.Shared.projitems*{51447abd-5857-4624-9109-0965d80fe81c}*SharedItemsImports = 4
	EndGlobalSection
	GlobalSection(SolutionConfigurationPlatforms) = preSolution
		Ad-Hoc|Any CPU = Ad-Hoc|Any CPU
		Ad-Hoc|ARM = Ad-Hoc|ARM
		Ad-Hoc|iPhone = Ad-Hoc|iPhone
		Ad-Hoc|iPhoneSimulator = Ad-Hoc|iPhoneSimulator
		Ad-Hoc|Mixed Platforms = Ad-Hoc|Mixed Platforms
		Ad-Hoc|x64 = Ad-Hoc|x64
		Ad-Hoc|x86 = Ad-Hoc|x86
		AppStore|Any CPU = AppStore|Any CPU
		AppStore|ARM = AppStore|ARM
		AppStore|iPhone = AppStore|iPhone
		AppStore|iPhoneSimulator = AppStore|iPhoneSimulator
		AppStore|Mixed Platforms = AppStore|Mixed Platforms
		AppStore|x64 = AppStore|x64
		AppStore|x86 = AppStore|x86
		Debug|Any CPU = Debug|Any CPU
		Debug|ARM = Debug|ARM
		Debug|iPhone = Debug|iPhone
		Debug|iPhoneSimulator = Debug|iPhoneSimulator
		Debug|Mixed Platforms = Debug|Mixed Platforms
		Debug|x64 = Debug|x64
		Debug|x86 = Debug|x86
		Release|Any CPU = Release|Any CPU
		Release|ARM = Release|ARM
		Release|iPhone = Release|iPhone
		Release|iPhoneSimulator = Release|iPhoneSimulator
		Release|Mixed Platforms = Release|Mixed Platforms
		Release|x64 = Release|x64
		Release|x86 = Release|x86
	EndGlobalSection
	GlobalSection(ProjectConfigurationPlatforms) = postSolution
		{5022E311-8709-4FAC-8114-AD2955EC198D}.Ad-Hoc|Any CPU.ActiveCfg = Release|Any CPU
		{5022E311-8709-4FAC-8114-AD2955EC198D}.Ad-Hoc|Any CPU.Build.0 = Release|Any CPU
		{5022E311-8709-4FAC-8114-AD2955EC198D}.Ad-Hoc|ARM.ActiveCfg = Release|Any CPU
		{5022E311-8709-4FAC-8114-AD2955EC198D}.Ad-Hoc|iPhone.ActiveCfg = Release|Any CPU
		{5022E311-8709-4FAC-8114-AD2955EC198D}.Ad-Hoc|iPhoneSimulator.ActiveCfg = Release|Any CPU
		{5022E311-8709-4FAC-8114-AD2955EC198D}.Ad-Hoc|Mixed Platforms.ActiveCfg = Release|Any CPU
		{5022E311-8709-4FAC-8114-AD2955EC198D}.Ad-Hoc|Mixed Platforms.Build.0 = Release|Any CPU
		{5022E311-8709-4FAC-8114-AD2955EC198D}.Ad-Hoc|x64.ActiveCfg = Release|Any CPU
		{5022E311-8709-4FAC-8114-AD2955EC198D}.Ad-Hoc|x86.ActiveCfg = Release|Any CPU
		{5022E311-8709-4FAC-8114-AD2955EC198D}.AppStore|Any CPU.ActiveCfg = Release|Any CPU
		{5022E311-8709-4FAC-8114-AD2955EC198D}.AppStore|Any CPU.Build.0 = Release|Any CPU
		{5022E311-8709-4FAC-8114-AD2955EC198D}.AppStore|ARM.ActiveCfg = Release|Any CPU
		{5022E311-8709-4FAC-8114-AD2955EC198D}.AppStore|iPhone.ActiveCfg = Release|Any CPU
		{5022E311-8709-4FAC-8114-AD2955EC198D}.AppStore|iPhoneSimulator.ActiveCfg = Release|Any CPU
		{5022E311-8709-4FAC-8114-AD2955EC198D}.AppStore|Mixed Platforms.ActiveCfg = Release|Any CPU
		{5022E311-8709-4FAC-8114-AD2955EC198D}.AppStore|Mixed Platforms.Build.0 = Release|Any CPU
		{5022E311-8709-4FAC-8114-AD2955EC198D}.AppStore|x64.ActiveCfg = Release|Any CPU
		{5022E311-8709-4FAC-8114-AD2955EC198D}.AppStore|x86.ActiveCfg = Release|Any CPU
		{5022E311-8709-4FAC-8114-AD2955EC198D}.Debug|Any CPU.ActiveCfg = Debug|Any CPU
		{5022E311-8709-4FAC-8114-AD2955EC198D}.Debug|Any CPU.Build.0 = Debug|Any CPU
		{5022E311-8709-4FAC-8114-AD2955EC198D}.Debug|ARM.ActiveCfg = Debug|Any CPU
		{5022E311-8709-4FAC-8114-AD2955EC198D}.Debug|iPhone.ActiveCfg = Debug|Any CPU
		{5022E311-8709-4FAC-8114-AD2955EC198D}.Debug|iPhoneSimulator.ActiveCfg = Debug|Any CPU
		{5022E311-8709-4FAC-8114-AD2955EC198D}.Debug|Mixed Platforms.ActiveCfg = Debug|Any CPU
		{5022E311-8709-4FAC-8114-AD2955EC198D}.Debug|Mixed Platforms.Build.0 = Debug|Any CPU
		{5022E311-8709-4FAC-8114-AD2955EC198D}.Debug|x64.ActiveCfg = Debug|Any CPU
		{5022E311-8709-4FAC-8114-AD2955EC198D}.Debug|x86.ActiveCfg = Debug|Any CPU
		{5022E311-8709-4FAC-8114-AD2955EC198D}.Release|Any CPU.ActiveCfg = Release|Any CPU
		{5022E311-8709-4FAC-8114-AD2955EC198D}.Release|Any CPU.Build.0 = Release|Any CPU
		{5022E311-8709-4FAC-8114-AD2955EC198D}.Release|ARM.ActiveCfg = Release|Any CPU
		{5022E311-8709-4FAC-8114-AD2955EC198D}.Release|iPhone.ActiveCfg = Release|Any CPU
		{5022E311-8709-4FAC-8114-AD2955EC198D}.Release|iPhoneSimulator.ActiveCfg = Release|Any CPU
		{5022E311-8709-4FAC-8114-AD2955EC198D}.Release|Mixed Platforms.ActiveCfg = Release|Any CPU
		{5022E311-8709-4FAC-8114-AD2955EC198D}.Release|Mixed Platforms.Build.0 = Release|Any CPU
		{5022E311-8709-4FAC-8114-AD2955EC198D}.Release|x64.ActiveCfg = Release|Any CPU
		{5022E311-8709-4FAC-8114-AD2955EC198D}.Release|x86.ActiveCfg = Release|Any CPU
		{738D45F2-91E6-43CC-90D3-5F0877B5F6CA}.Ad-Hoc|Any CPU.ActiveCfg = Release|Any CPU
		{738D45F2-91E6-43CC-90D3-5F0877B5F6CA}.Ad-Hoc|Any CPU.Build.0 = Release|Any CPU
		{738D45F2-91E6-43CC-90D3-5F0877B5F6CA}.Ad-Hoc|ARM.ActiveCfg = Release|ARM
		{738D45F2-91E6-43CC-90D3-5F0877B5F6CA}.Ad-Hoc|ARM.Build.0 = Release|ARM
		{738D45F2-91E6-43CC-90D3-5F0877B5F6CA}.Ad-Hoc|iPhone.ActiveCfg = Release|Any CPU
		{738D45F2-91E6-43CC-90D3-5F0877B5F6CA}.Ad-Hoc|iPhoneSimulator.ActiveCfg = Release|Any CPU
		{738D45F2-91E6-43CC-90D3-5F0877B5F6CA}.Ad-Hoc|Mixed Platforms.ActiveCfg = Release|x86
		{738D45F2-91E6-43CC-90D3-5F0877B5F6CA}.Ad-Hoc|Mixed Platforms.Build.0 = Release|x86
		{738D45F2-91E6-43CC-90D3-5F0877B5F6CA}.Ad-Hoc|x64.ActiveCfg = Release|Any CPU
		{738D45F2-91E6-43CC-90D3-5F0877B5F6CA}.Ad-Hoc|x86.ActiveCfg = Release|x86
		{738D45F2-91E6-43CC-90D3-5F0877B5F6CA}.Ad-Hoc|x86.Build.0 = Release|x86
		{738D45F2-91E6-43CC-90D3-5F0877B5F6CA}.AppStore|Any CPU.ActiveCfg = Release|Any CPU
		{738D45F2-91E6-43CC-90D3-5F0877B5F6CA}.AppStore|Any CPU.Build.0 = Release|Any CPU
		{738D45F2-91E6-43CC-90D3-5F0877B5F6CA}.AppStore|ARM.ActiveCfg = Release|ARM
		{738D45F2-91E6-43CC-90D3-5F0877B5F6CA}.AppStore|ARM.Build.0 = Release|ARM
		{738D45F2-91E6-43CC-90D3-5F0877B5F6CA}.AppStore|iPhone.ActiveCfg = Release|Any CPU
		{738D45F2-91E6-43CC-90D3-5F0877B5F6CA}.AppStore|iPhoneSimulator.ActiveCfg = Release|Any CPU
		{738D45F2-91E6-43CC-90D3-5F0877B5F6CA}.AppStore|Mixed Platforms.ActiveCfg = Release|x86
		{738D45F2-91E6-43CC-90D3-5F0877B5F6CA}.AppStore|Mixed Platforms.Build.0 = Release|x86
		{738D45F2-91E6-43CC-90D3-5F0877B5F6CA}.AppStore|x64.ActiveCfg = Release|Any CPU
		{738D45F2-91E6-43CC-90D3-5F0877B5F6CA}.AppStore|x86.ActiveCfg = Release|x86
		{738D45F2-91E6-43CC-90D3-5F0877B5F6CA}.AppStore|x86.Build.0 = Release|x86
		{738D45F2-91E6-43CC-90D3-5F0877B5F6CA}.Debug|Any CPU.ActiveCfg = Debug|Any CPU
		{738D45F2-91E6-43CC-90D3-5F0877B5F6CA}.Debug|Any CPU.Build.0 = Debug|Any CPU
		{738D45F2-91E6-43CC-90D3-5F0877B5F6CA}.Debug|ARM.ActiveCfg = Debug|ARM
		{738D45F2-91E6-43CC-90D3-5F0877B5F6CA}.Debug|ARM.Build.0 = Debug|ARM
		{738D45F2-91E6-43CC-90D3-5F0877B5F6CA}.Debug|iPhone.ActiveCfg = Debug|Any CPU
		{738D45F2-91E6-43CC-90D3-5F0877B5F6CA}.Debug|iPhoneSimulator.ActiveCfg = Debug|Any CPU
		{738D45F2-91E6-43CC-90D3-5F0877B5F6CA}.Debug|Mixed Platforms.ActiveCfg = Debug|x86
		{738D45F2-91E6-43CC-90D3-5F0877B5F6CA}.Debug|Mixed Platforms.Build.0 = Debug|x86
		{738D45F2-91E6-43CC-90D3-5F0877B5F6CA}.Debug|x64.ActiveCfg = Debug|Any CPU
		{738D45F2-91E6-43CC-90D3-5F0877B5F6CA}.Debug|x86.ActiveCfg = Debug|x86
		{738D45F2-91E6-43CC-90D3-5F0877B5F6CA}.Debug|x86.Build.0 = Debug|x86
		{738D45F2-91E6-43CC-90D3-5F0877B5F6CA}.Release|Any CPU.ActiveCfg = Release|Any CPU
		{738D45F2-91E6-43CC-90D3-5F0877B5F6CA}.Release|Any CPU.Build.0 = Release|Any CPU
		{738D45F2-91E6-43CC-90D3-5F0877B5F6CA}.Release|ARM.ActiveCfg = Release|ARM
		{738D45F2-91E6-43CC-90D3-5F0877B5F6CA}.Release|ARM.Build.0 = Release|ARM
		{738D45F2-91E6-43CC-90D3-5F0877B5F6CA}.Release|iPhone.ActiveCfg = Release|Any CPU
		{738D45F2-91E6-43CC-90D3-5F0877B5F6CA}.Release|iPhoneSimulator.ActiveCfg = Release|Any CPU
		{738D45F2-91E6-43CC-90D3-5F0877B5F6CA}.Release|Mixed Platforms.ActiveCfg = Release|x86
		{738D45F2-91E6-43CC-90D3-5F0877B5F6CA}.Release|Mixed Platforms.Build.0 = Release|x86
		{738D45F2-91E6-43CC-90D3-5F0877B5F6CA}.Release|x64.ActiveCfg = Release|Any CPU
		{738D45F2-91E6-43CC-90D3-5F0877B5F6CA}.Release|x86.ActiveCfg = Release|x86
		{738D45F2-91E6-43CC-90D3-5F0877B5F6CA}.Release|x86.Build.0 = Release|x86
		{896C4B33-1725-4ED0-AF57-798A955D36A9}.Ad-Hoc|Any CPU.ActiveCfg = Release|Any CPU
		{896C4B33-1725-4ED0-AF57-798A955D36A9}.Ad-Hoc|Any CPU.Build.0 = Release|Any CPU
		{896C4B33-1725-4ED0-AF57-798A955D36A9}.Ad-Hoc|ARM.ActiveCfg = Release|ARM
		{896C4B33-1725-4ED0-AF57-798A955D36A9}.Ad-Hoc|ARM.Build.0 = Release|ARM
		{896C4B33-1725-4ED0-AF57-798A955D36A9}.Ad-Hoc|iPhone.ActiveCfg = Release|Any CPU
		{896C4B33-1725-4ED0-AF57-798A955D36A9}.Ad-Hoc|iPhoneSimulator.ActiveCfg = Release|Any CPU
		{896C4B33-1725-4ED0-AF57-798A955D36A9}.Ad-Hoc|Mixed Platforms.ActiveCfg = Release|x86
		{896C4B33-1725-4ED0-AF57-798A955D36A9}.Ad-Hoc|Mixed Platforms.Build.0 = Release|x86
		{896C4B33-1725-4ED0-AF57-798A955D36A9}.Ad-Hoc|x64.ActiveCfg = Release|x64
		{896C4B33-1725-4ED0-AF57-798A955D36A9}.Ad-Hoc|x64.Build.0 = Release|x64
		{896C4B33-1725-4ED0-AF57-798A955D36A9}.Ad-Hoc|x86.ActiveCfg = Release|x86
		{896C4B33-1725-4ED0-AF57-798A955D36A9}.Ad-Hoc|x86.Build.0 = Release|x86
		{896C4B33-1725-4ED0-AF57-798A955D36A9}.AppStore|Any CPU.ActiveCfg = Release|Any CPU
		{896C4B33-1725-4ED0-AF57-798A955D36A9}.AppStore|Any CPU.Build.0 = Release|Any CPU
		{896C4B33-1725-4ED0-AF57-798A955D36A9}.AppStore|ARM.ActiveCfg = Release|ARM
		{896C4B33-1725-4ED0-AF57-798A955D36A9}.AppStore|ARM.Build.0 = Release|ARM
		{896C4B33-1725-4ED0-AF57-798A955D36A9}.AppStore|iPhone.ActiveCfg = Release|Any CPU
		{896C4B33-1725-4ED0-AF57-798A955D36A9}.AppStore|iPhoneSimulator.ActiveCfg = Release|Any CPU
		{896C4B33-1725-4ED0-AF57-798A955D36A9}.AppStore|Mixed Platforms.ActiveCfg = Release|x86
		{896C4B33-1725-4ED0-AF57-798A955D36A9}.AppStore|Mixed Platforms.Build.0 = Release|x86
		{896C4B33-1725-4ED0-AF57-798A955D36A9}.AppStore|x64.ActiveCfg = Release|x64
		{896C4B33-1725-4ED0-AF57-798A955D36A9}.AppStore|x64.Build.0 = Release|x64
		{896C4B33-1725-4ED0-AF57-798A955D36A9}.AppStore|x86.ActiveCfg = Release|x86
		{896C4B33-1725-4ED0-AF57-798A955D36A9}.AppStore|x86.Build.0 = Release|x86
		{896C4B33-1725-4ED0-AF57-798A955D36A9}.Debug|Any CPU.ActiveCfg = Debug|Any CPU
		{896C4B33-1725-4ED0-AF57-798A955D36A9}.Debug|Any CPU.Build.0 = Debug|Any CPU
		{896C4B33-1725-4ED0-AF57-798A955D36A9}.Debug|ARM.ActiveCfg = Debug|ARM
		{896C4B33-1725-4ED0-AF57-798A955D36A9}.Debug|ARM.Build.0 = Debug|ARM
		{896C4B33-1725-4ED0-AF57-798A955D36A9}.Debug|iPhone.ActiveCfg = Debug|Any CPU
		{896C4B33-1725-4ED0-AF57-798A955D36A9}.Debug|iPhoneSimulator.ActiveCfg = Debug|Any CPU
		{896C4B33-1725-4ED0-AF57-798A955D36A9}.Debug|Mixed Platforms.ActiveCfg = Debug|x86
		{896C4B33-1725-4ED0-AF57-798A955D36A9}.Debug|Mixed Platforms.Build.0 = Debug|x86
		{896C4B33-1725-4ED0-AF57-798A955D36A9}.Debug|x64.ActiveCfg = Debug|x64
		{896C4B33-1725-4ED0-AF57-798A955D36A9}.Debug|x64.Build.0 = Debug|x64
		{896C4B33-1725-4ED0-AF57-798A955D36A9}.Debug|x86.ActiveCfg = Debug|x86
		{896C4B33-1725-4ED0-AF57-798A955D36A9}.Debug|x86.Build.0 = Debug|x86
		{896C4B33-1725-4ED0-AF57-798A955D36A9}.Release|Any CPU.ActiveCfg = Release|Any CPU
		{896C4B33-1725-4ED0-AF57-798A955D36A9}.Release|Any CPU.Build.0 = Release|Any CPU
		{896C4B33-1725-4ED0-AF57-798A955D36A9}.Release|ARM.ActiveCfg = Release|ARM
		{896C4B33-1725-4ED0-AF57-798A955D36A9}.Release|ARM.Build.0 = Release|ARM
		{896C4B33-1725-4ED0-AF57-798A955D36A9}.Release|iPhone.ActiveCfg = Release|Any CPU
		{896C4B33-1725-4ED0-AF57-798A955D36A9}.Release|iPhoneSimulator.ActiveCfg = Release|Any CPU
		{896C4B33-1725-4ED0-AF57-798A955D36A9}.Release|Mixed Platforms.ActiveCfg = Release|x86
		{896C4B33-1725-4ED0-AF57-798A955D36A9}.Release|Mixed Platforms.Build.0 = Release|x86
		{896C4B33-1725-4ED0-AF57-798A955D36A9}.Release|x64.ActiveCfg = Release|x64
		{896C4B33-1725-4ED0-AF57-798A955D36A9}.Release|x64.Build.0 = Release|x64
		{896C4B33-1725-4ED0-AF57-798A955D36A9}.Release|x86.ActiveCfg = Release|x86
		{896C4B33-1725-4ED0-AF57-798A955D36A9}.Release|x86.Build.0 = Release|x86
		{21175907-4C1D-42DB-813D-9CC2C8E7A8FF}.Ad-Hoc|Any CPU.ActiveCfg = Release|Any CPU
		{21175907-4C1D-42DB-813D-9CC2C8E7A8FF}.Ad-Hoc|Any CPU.Build.0 = Release|Any CPU
		{21175907-4C1D-42DB-813D-9CC2C8E7A8FF}.Ad-Hoc|ARM.ActiveCfg = Release|ARM
		{21175907-4C1D-42DB-813D-9CC2C8E7A8FF}.Ad-Hoc|ARM.Build.0 = Release|ARM
		{21175907-4C1D-42DB-813D-9CC2C8E7A8FF}.Ad-Hoc|iPhone.ActiveCfg = Release|Any CPU
		{21175907-4C1D-42DB-813D-9CC2C8E7A8FF}.Ad-Hoc|iPhoneSimulator.ActiveCfg = Release|Any CPU
		{21175907-4C1D-42DB-813D-9CC2C8E7A8FF}.Ad-Hoc|Mixed Platforms.ActiveCfg = Release|x86
		{21175907-4C1D-42DB-813D-9CC2C8E7A8FF}.Ad-Hoc|Mixed Platforms.Build.0 = Release|x86
		{21175907-4C1D-42DB-813D-9CC2C8E7A8FF}.Ad-Hoc|x64.ActiveCfg = Release|x64
		{21175907-4C1D-42DB-813D-9CC2C8E7A8FF}.Ad-Hoc|x64.Build.0 = Release|x64
		{21175907-4C1D-42DB-813D-9CC2C8E7A8FF}.Ad-Hoc|x86.ActiveCfg = Release|x86
		{21175907-4C1D-42DB-813D-9CC2C8E7A8FF}.Ad-Hoc|x86.Build.0 = Release|x86
		{21175907-4C1D-42DB-813D-9CC2C8E7A8FF}.AppStore|Any CPU.ActiveCfg = Release|Any CPU
		{21175907-4C1D-42DB-813D-9CC2C8E7A8FF}.AppStore|Any CPU.Build.0 = Release|Any CPU
		{21175907-4C1D-42DB-813D-9CC2C8E7A8FF}.AppStore|ARM.ActiveCfg = Release|ARM
		{21175907-4C1D-42DB-813D-9CC2C8E7A8FF}.AppStore|ARM.Build.0 = Release|ARM
		{21175907-4C1D-42DB-813D-9CC2C8E7A8FF}.AppStore|iPhone.ActiveCfg = Release|Any CPU
		{21175907-4C1D-42DB-813D-9CC2C8E7A8FF}.AppStore|iPhoneSimulator.ActiveCfg = Release|Any CPU
		{21175907-4C1D-42DB-813D-9CC2C8E7A8FF}.AppStore|Mixed Platforms.ActiveCfg = Release|x86
		{21175907-4C1D-42DB-813D-9CC2C8E7A8FF}.AppStore|Mixed Platforms.Build.0 = Release|x86
		{21175907-4C1D-42DB-813D-9CC2C8E7A8FF}.AppStore|x64.ActiveCfg = Release|x64
		{21175907-4C1D-42DB-813D-9CC2C8E7A8FF}.AppStore|x64.Build.0 = Release|x64
		{21175907-4C1D-42DB-813D-9CC2C8E7A8FF}.AppStore|x86.ActiveCfg = Release|x86
		{21175907-4C1D-42DB-813D-9CC2C8E7A8FF}.AppStore|x86.Build.0 = Release|x86
		{21175907-4C1D-42DB-813D-9CC2C8E7A8FF}.Debug|Any CPU.ActiveCfg = Debug|Any CPU
		{21175907-4C1D-42DB-813D-9CC2C8E7A8FF}.Debug|Any CPU.Build.0 = Debug|Any CPU
		{21175907-4C1D-42DB-813D-9CC2C8E7A8FF}.Debug|ARM.ActiveCfg = Debug|ARM
		{21175907-4C1D-42DB-813D-9CC2C8E7A8FF}.Debug|ARM.Build.0 = Debug|ARM
		{21175907-4C1D-42DB-813D-9CC2C8E7A8FF}.Debug|iPhone.ActiveCfg = Debug|Any CPU
		{21175907-4C1D-42DB-813D-9CC2C8E7A8FF}.Debug|iPhoneSimulator.ActiveCfg = Debug|Any CPU
		{21175907-4C1D-42DB-813D-9CC2C8E7A8FF}.Debug|Mixed Platforms.ActiveCfg = Debug|x86
		{21175907-4C1D-42DB-813D-9CC2C8E7A8FF}.Debug|Mixed Platforms.Build.0 = Debug|x86
		{21175907-4C1D-42DB-813D-9CC2C8E7A8FF}.Debug|x64.ActiveCfg = Debug|x64
		{21175907-4C1D-42DB-813D-9CC2C8E7A8FF}.Debug|x64.Build.0 = Debug|x64
		{21175907-4C1D-42DB-813D-9CC2C8E7A8FF}.Debug|x86.ActiveCfg = Debug|x86
		{21175907-4C1D-42DB-813D-9CC2C8E7A8FF}.Debug|x86.Build.0 = Debug|x86
		{21175907-4C1D-42DB-813D-9CC2C8E7A8FF}.Release|Any CPU.ActiveCfg = Release|Any CPU
		{21175907-4C1D-42DB-813D-9CC2C8E7A8FF}.Release|Any CPU.Build.0 = Release|Any CPU
		{21175907-4C1D-42DB-813D-9CC2C8E7A8FF}.Release|ARM.ActiveCfg = Release|ARM
		{21175907-4C1D-42DB-813D-9CC2C8E7A8FF}.Release|ARM.Build.0 = Release|ARM
		{21175907-4C1D-42DB-813D-9CC2C8E7A8FF}.Release|iPhone.ActiveCfg = Release|Any CPU
		{21175907-4C1D-42DB-813D-9CC2C8E7A8FF}.Release|iPhoneSimulator.ActiveCfg = Release|Any CPU
		{21175907-4C1D-42DB-813D-9CC2C8E7A8FF}.Release|Mixed Platforms.ActiveCfg = Release|x86
		{21175907-4C1D-42DB-813D-9CC2C8E7A8FF}.Release|Mixed Platforms.Build.0 = Release|x86
		{21175907-4C1D-42DB-813D-9CC2C8E7A8FF}.Release|x64.ActiveCfg = Release|x64
		{21175907-4C1D-42DB-813D-9CC2C8E7A8FF}.Release|x64.Build.0 = Release|x64
		{21175907-4C1D-42DB-813D-9CC2C8E7A8FF}.Release|x86.ActiveCfg = Release|x86
		{21175907-4C1D-42DB-813D-9CC2C8E7A8FF}.Release|x86.Build.0 = Release|x86
		{D479F55D-0AF3-437A-84AF-4B638917C14E}.Ad-Hoc|Any CPU.ActiveCfg = Release|Any CPU
		{D479F55D-0AF3-437A-84AF-4B638917C14E}.Ad-Hoc|Any CPU.Build.0 = Release|Any CPU
		{D479F55D-0AF3-437A-84AF-4B638917C14E}.Ad-Hoc|ARM.ActiveCfg = Release|Any CPU
		{D479F55D-0AF3-437A-84AF-4B638917C14E}.Ad-Hoc|iPhone.ActiveCfg = Release|Any CPU
		{D479F55D-0AF3-437A-84AF-4B638917C14E}.Ad-Hoc|iPhoneSimulator.ActiveCfg = Release|Any CPU
		{D479F55D-0AF3-437A-84AF-4B638917C14E}.Ad-Hoc|Mixed Platforms.ActiveCfg = Release|Any CPU
		{D479F55D-0AF3-437A-84AF-4B638917C14E}.Ad-Hoc|Mixed Platforms.Build.0 = Release|Any CPU
		{D479F55D-0AF3-437A-84AF-4B638917C14E}.Ad-Hoc|x64.ActiveCfg = Release|Any CPU
		{D479F55D-0AF3-437A-84AF-4B638917C14E}.Ad-Hoc|x86.ActiveCfg = Release|Any CPU
		{D479F55D-0AF3-437A-84AF-4B638917C14E}.AppStore|Any CPU.ActiveCfg = Release|Any CPU
		{D479F55D-0AF3-437A-84AF-4B638917C14E}.AppStore|Any CPU.Build.0 = Release|Any CPU
		{D479F55D-0AF3-437A-84AF-4B638917C14E}.AppStore|ARM.ActiveCfg = Release|Any CPU
		{D479F55D-0AF3-437A-84AF-4B638917C14E}.AppStore|iPhone.ActiveCfg = Release|Any CPU
		{D479F55D-0AF3-437A-84AF-4B638917C14E}.AppStore|iPhoneSimulator.ActiveCfg = Release|Any CPU
		{D479F55D-0AF3-437A-84AF-4B638917C14E}.AppStore|Mixed Platforms.ActiveCfg = Release|Any CPU
		{D479F55D-0AF3-437A-84AF-4B638917C14E}.AppStore|Mixed Platforms.Build.0 = Release|Any CPU
		{D479F55D-0AF3-437A-84AF-4B638917C14E}.AppStore|x64.ActiveCfg = Release|Any CPU
		{D479F55D-0AF3-437A-84AF-4B638917C14E}.AppStore|x86.ActiveCfg = Release|Any CPU
		{D479F55D-0AF3-437A-84AF-4B638917C14E}.Debug|Any CPU.ActiveCfg = Debug|Any CPU
		{D479F55D-0AF3-437A-84AF-4B638917C14E}.Debug|Any CPU.Build.0 = Debug|Any CPU
		{D479F55D-0AF3-437A-84AF-4B638917C14E}.Debug|ARM.ActiveCfg = Debug|Any CPU
		{D479F55D-0AF3-437A-84AF-4B638917C14E}.Debug|iPhone.ActiveCfg = Debug|Any CPU
		{D479F55D-0AF3-437A-84AF-4B638917C14E}.Debug|iPhoneSimulator.ActiveCfg = Debug|Any CPU
		{D479F55D-0AF3-437A-84AF-4B638917C14E}.Debug|Mixed Platforms.ActiveCfg = Debug|Any CPU
		{D479F55D-0AF3-437A-84AF-4B638917C14E}.Debug|Mixed Platforms.Build.0 = Debug|Any CPU
		{D479F55D-0AF3-437A-84AF-4B638917C14E}.Debug|x64.ActiveCfg = Debug|Any CPU
		{D479F55D-0AF3-437A-84AF-4B638917C14E}.Debug|x86.ActiveCfg = Debug|Any CPU
		{D479F55D-0AF3-437A-84AF-4B638917C14E}.Release|Any CPU.ActiveCfg = Release|Any CPU
		{D479F55D-0AF3-437A-84AF-4B638917C14E}.Release|Any CPU.Build.0 = Release|Any CPU
		{D479F55D-0AF3-437A-84AF-4B638917C14E}.Release|ARM.ActiveCfg = Release|Any CPU
		{D479F55D-0AF3-437A-84AF-4B638917C14E}.Release|iPhone.ActiveCfg = Release|Any CPU
		{D479F55D-0AF3-437A-84AF-4B638917C14E}.Release|iPhoneSimulator.ActiveCfg = Release|Any CPU
		{D479F55D-0AF3-437A-84AF-4B638917C14E}.Release|Mixed Platforms.ActiveCfg = Release|Any CPU
		{D479F55D-0AF3-437A-84AF-4B638917C14E}.Release|Mixed Platforms.Build.0 = Release|Any CPU
		{D479F55D-0AF3-437A-84AF-4B638917C14E}.Release|x64.ActiveCfg = Release|Any CPU
		{D479F55D-0AF3-437A-84AF-4B638917C14E}.Release|x86.ActiveCfg = Release|Any CPU
		{A35A443A-CA4A-4E73-986C-E508A434092E}.Ad-Hoc|Any CPU.ActiveCfg = Release|Any CPU
		{A35A443A-CA4A-4E73-986C-E508A434092E}.Ad-Hoc|Any CPU.Build.0 = Release|Any CPU
		{A35A443A-CA4A-4E73-986C-E508A434092E}.Ad-Hoc|ARM.ActiveCfg = Release|Any CPU
		{A35A443A-CA4A-4E73-986C-E508A434092E}.Ad-Hoc|iPhone.ActiveCfg = Release|Any CPU
		{A35A443A-CA4A-4E73-986C-E508A434092E}.Ad-Hoc|iPhoneSimulator.ActiveCfg = Release|Any CPU
		{A35A443A-CA4A-4E73-986C-E508A434092E}.Ad-Hoc|Mixed Platforms.ActiveCfg = Release|Any CPU
		{A35A443A-CA4A-4E73-986C-E508A434092E}.Ad-Hoc|Mixed Platforms.Build.0 = Release|Any CPU
		{A35A443A-CA4A-4E73-986C-E508A434092E}.Ad-Hoc|x64.ActiveCfg = Release|Any CPU
		{A35A443A-CA4A-4E73-986C-E508A434092E}.Ad-Hoc|x86.ActiveCfg = Release|Any CPU
		{A35A443A-CA4A-4E73-986C-E508A434092E}.AppStore|Any CPU.ActiveCfg = Release|Any CPU
		{A35A443A-CA4A-4E73-986C-E508A434092E}.AppStore|Any CPU.Build.0 = Release|Any CPU
		{A35A443A-CA4A-4E73-986C-E508A434092E}.AppStore|ARM.ActiveCfg = Release|Any CPU
		{A35A443A-CA4A-4E73-986C-E508A434092E}.AppStore|iPhone.ActiveCfg = Release|Any CPU
		{A35A443A-CA4A-4E73-986C-E508A434092E}.AppStore|iPhoneSimulator.ActiveCfg = Release|Any CPU
		{A35A443A-CA4A-4E73-986C-E508A434092E}.AppStore|Mixed Platforms.ActiveCfg = Release|Any CPU
		{A35A443A-CA4A-4E73-986C-E508A434092E}.AppStore|Mixed Platforms.Build.0 = Release|Any CPU
		{A35A443A-CA4A-4E73-986C-E508A434092E}.AppStore|x64.ActiveCfg = Release|Any CPU
		{A35A443A-CA4A-4E73-986C-E508A434092E}.AppStore|x86.ActiveCfg = Release|Any CPU
		{A35A443A-CA4A-4E73-986C-E508A434092E}.Debug|Any CPU.ActiveCfg = Debug|Any CPU
		{A35A443A-CA4A-4E73-986C-E508A434092E}.Debug|Any CPU.Build.0 = Debug|Any CPU
		{A35A443A-CA4A-4E73-986C-E508A434092E}.Debug|ARM.ActiveCfg = Debug|Any CPU
		{A35A443A-CA4A-4E73-986C-E508A434092E}.Debug|iPhone.ActiveCfg = Debug|Any CPU
		{A35A443A-CA4A-4E73-986C-E508A434092E}.Debug|iPhoneSimulator.ActiveCfg = Debug|Any CPU
		{A35A443A-CA4A-4E73-986C-E508A434092E}.Debug|Mixed Platforms.ActiveCfg = Debug|Any CPU
		{A35A443A-CA4A-4E73-986C-E508A434092E}.Debug|Mixed Platforms.Build.0 = Debug|Any CPU
		{A35A443A-CA4A-4E73-986C-E508A434092E}.Debug|x64.ActiveCfg = Debug|Any CPU
		{A35A443A-CA4A-4E73-986C-E508A434092E}.Debug|x86.ActiveCfg = Debug|Any CPU
		{A35A443A-CA4A-4E73-986C-E508A434092E}.Release|Any CPU.ActiveCfg = Release|Any CPU
		{A35A443A-CA4A-4E73-986C-E508A434092E}.Release|Any CPU.Build.0 = Release|Any CPU
		{A35A443A-CA4A-4E73-986C-E508A434092E}.Release|ARM.ActiveCfg = Release|Any CPU
		{A35A443A-CA4A-4E73-986C-E508A434092E}.Release|iPhone.ActiveCfg = Release|Any CPU
		{A35A443A-CA4A-4E73-986C-E508A434092E}.Release|iPhoneSimulator.ActiveCfg = Release|Any CPU
		{A35A443A-CA4A-4E73-986C-E508A434092E}.Release|Mixed Platforms.ActiveCfg = Release|Any CPU
		{A35A443A-CA4A-4E73-986C-E508A434092E}.Release|Mixed Platforms.Build.0 = Release|Any CPU
		{A35A443A-CA4A-4E73-986C-E508A434092E}.Release|x64.ActiveCfg = Release|Any CPU
		{A35A443A-CA4A-4E73-986C-E508A434092E}.Release|x86.ActiveCfg = Release|Any CPU
		{7761DDFE-69D4-4FD3-A3B6-EFB04D00C705}.Ad-Hoc|Any CPU.ActiveCfg = Release|Any CPU
		{7761DDFE-69D4-4FD3-A3B6-EFB04D00C705}.Ad-Hoc|Any CPU.Build.0 = Release|Any CPU
		{7761DDFE-69D4-4FD3-A3B6-EFB04D00C705}.Ad-Hoc|Any CPU.Deploy.0 = Release|Any CPU
		{7761DDFE-69D4-4FD3-A3B6-EFB04D00C705}.Ad-Hoc|ARM.ActiveCfg = Release|ARM
		{7761DDFE-69D4-4FD3-A3B6-EFB04D00C705}.Ad-Hoc|ARM.Build.0 = Release|ARM
		{7761DDFE-69D4-4FD3-A3B6-EFB04D00C705}.Ad-Hoc|ARM.Deploy.0 = Release|ARM
		{7761DDFE-69D4-4FD3-A3B6-EFB04D00C705}.Ad-Hoc|iPhone.ActiveCfg = Release|Any CPU
		{7761DDFE-69D4-4FD3-A3B6-EFB04D00C705}.Ad-Hoc|iPhoneSimulator.ActiveCfg = Release|Any CPU
		{7761DDFE-69D4-4FD3-A3B6-EFB04D00C705}.Ad-Hoc|Mixed Platforms.ActiveCfg = Release|x86
		{7761DDFE-69D4-4FD3-A3B6-EFB04D00C705}.Ad-Hoc|Mixed Platforms.Build.0 = Release|x86
		{7761DDFE-69D4-4FD3-A3B6-EFB04D00C705}.Ad-Hoc|Mixed Platforms.Deploy.0 = Release|x86
		{7761DDFE-69D4-4FD3-A3B6-EFB04D00C705}.Ad-Hoc|x64.ActiveCfg = Release|Any CPU
		{7761DDFE-69D4-4FD3-A3B6-EFB04D00C705}.Ad-Hoc|x86.ActiveCfg = Release|x86
		{7761DDFE-69D4-4FD3-A3B6-EFB04D00C705}.Ad-Hoc|x86.Build.0 = Release|x86
		{7761DDFE-69D4-4FD3-A3B6-EFB04D00C705}.Ad-Hoc|x86.Deploy.0 = Release|x86
		{7761DDFE-69D4-4FD3-A3B6-EFB04D00C705}.AppStore|Any CPU.ActiveCfg = Release|Any CPU
		{7761DDFE-69D4-4FD3-A3B6-EFB04D00C705}.AppStore|Any CPU.Build.0 = Release|Any CPU
		{7761DDFE-69D4-4FD3-A3B6-EFB04D00C705}.AppStore|Any CPU.Deploy.0 = Release|Any CPU
		{7761DDFE-69D4-4FD3-A3B6-EFB04D00C705}.AppStore|ARM.ActiveCfg = Release|ARM
		{7761DDFE-69D4-4FD3-A3B6-EFB04D00C705}.AppStore|ARM.Build.0 = Release|ARM
		{7761DDFE-69D4-4FD3-A3B6-EFB04D00C705}.AppStore|ARM.Deploy.0 = Release|ARM
		{7761DDFE-69D4-4FD3-A3B6-EFB04D00C705}.AppStore|iPhone.ActiveCfg = Release|Any CPU
		{7761DDFE-69D4-4FD3-A3B6-EFB04D00C705}.AppStore|iPhoneSimulator.ActiveCfg = Release|Any CPU
		{7761DDFE-69D4-4FD3-A3B6-EFB04D00C705}.AppStore|Mixed Platforms.ActiveCfg = Release|x86
		{7761DDFE-69D4-4FD3-A3B6-EFB04D00C705}.AppStore|Mixed Platforms.Build.0 = Release|x86
		{7761DDFE-69D4-4FD3-A3B6-EFB04D00C705}.AppStore|Mixed Platforms.Deploy.0 = Release|x86
		{7761DDFE-69D4-4FD3-A3B6-EFB04D00C705}.AppStore|x64.ActiveCfg = Release|Any CPU
		{7761DDFE-69D4-4FD3-A3B6-EFB04D00C705}.AppStore|x86.ActiveCfg = Release|x86
		{7761DDFE-69D4-4FD3-A3B6-EFB04D00C705}.AppStore|x86.Build.0 = Release|x86
		{7761DDFE-69D4-4FD3-A3B6-EFB04D00C705}.AppStore|x86.Deploy.0 = Release|x86
		{7761DDFE-69D4-4FD3-A3B6-EFB04D00C705}.Debug|Any CPU.ActiveCfg = Debug|Any CPU
		{7761DDFE-69D4-4FD3-A3B6-EFB04D00C705}.Debug|Any CPU.Build.0 = Debug|Any CPU
		{7761DDFE-69D4-4FD3-A3B6-EFB04D00C705}.Debug|Any CPU.Deploy.0 = Debug|Any CPU
		{7761DDFE-69D4-4FD3-A3B6-EFB04D00C705}.Debug|ARM.ActiveCfg = Debug|ARM
		{7761DDFE-69D4-4FD3-A3B6-EFB04D00C705}.Debug|ARM.Build.0 = Debug|ARM
		{7761DDFE-69D4-4FD3-A3B6-EFB04D00C705}.Debug|ARM.Deploy.0 = Debug|ARM
		{7761DDFE-69D4-4FD3-A3B6-EFB04D00C705}.Debug|iPhone.ActiveCfg = Debug|Any CPU
		{7761DDFE-69D4-4FD3-A3B6-EFB04D00C705}.Debug|iPhoneSimulator.ActiveCfg = Debug|Any CPU
		{7761DDFE-69D4-4FD3-A3B6-EFB04D00C705}.Debug|Mixed Platforms.ActiveCfg = Debug|x86
		{7761DDFE-69D4-4FD3-A3B6-EFB04D00C705}.Debug|Mixed Platforms.Build.0 = Debug|x86
		{7761DDFE-69D4-4FD3-A3B6-EFB04D00C705}.Debug|Mixed Platforms.Deploy.0 = Debug|x86
		{7761DDFE-69D4-4FD3-A3B6-EFB04D00C705}.Debug|x64.ActiveCfg = Debug|Any CPU
		{7761DDFE-69D4-4FD3-A3B6-EFB04D00C705}.Debug|x86.ActiveCfg = Debug|x86
		{7761DDFE-69D4-4FD3-A3B6-EFB04D00C705}.Debug|x86.Build.0 = Debug|x86
		{7761DDFE-69D4-4FD3-A3B6-EFB04D00C705}.Debug|x86.Deploy.0 = Debug|x86
		{7761DDFE-69D4-4FD3-A3B6-EFB04D00C705}.Release|Any CPU.ActiveCfg = Release|Any CPU
		{7761DDFE-69D4-4FD3-A3B6-EFB04D00C705}.Release|Any CPU.Build.0 = Release|Any CPU
		{7761DDFE-69D4-4FD3-A3B6-EFB04D00C705}.Release|Any CPU.Deploy.0 = Release|Any CPU
		{7761DDFE-69D4-4FD3-A3B6-EFB04D00C705}.Release|ARM.ActiveCfg = Release|ARM
		{7761DDFE-69D4-4FD3-A3B6-EFB04D00C705}.Release|ARM.Build.0 = Release|ARM
		{7761DDFE-69D4-4FD3-A3B6-EFB04D00C705}.Release|ARM.Deploy.0 = Release|ARM
		{7761DDFE-69D4-4FD3-A3B6-EFB04D00C705}.Release|iPhone.ActiveCfg = Release|Any CPU
		{7761DDFE-69D4-4FD3-A3B6-EFB04D00C705}.Release|iPhoneSimulator.ActiveCfg = Release|Any CPU
		{7761DDFE-69D4-4FD3-A3B6-EFB04D00C705}.Release|Mixed Platforms.ActiveCfg = Release|x86
		{7761DDFE-69D4-4FD3-A3B6-EFB04D00C705}.Release|Mixed Platforms.Build.0 = Release|x86
		{7761DDFE-69D4-4FD3-A3B6-EFB04D00C705}.Release|Mixed Platforms.Deploy.0 = Release|x86
		{7761DDFE-69D4-4FD3-A3B6-EFB04D00C705}.Release|x64.ActiveCfg = Release|Any CPU
		{7761DDFE-69D4-4FD3-A3B6-EFB04D00C705}.Release|x86.ActiveCfg = Release|x86
		{7761DDFE-69D4-4FD3-A3B6-EFB04D00C705}.Release|x86.Build.0 = Release|x86
		{7761DDFE-69D4-4FD3-A3B6-EFB04D00C705}.Release|x86.Deploy.0 = Release|x86
		{688C3B12-FBD0-4FAC-A344-3DF8267FC78C}.Ad-Hoc|Any CPU.ActiveCfg = Release|Any CPU
		{688C3B12-FBD0-4FAC-A344-3DF8267FC78C}.Ad-Hoc|Any CPU.Build.0 = Release|Any CPU
		{688C3B12-FBD0-4FAC-A344-3DF8267FC78C}.Ad-Hoc|Any CPU.Deploy.0 = Release|Any CPU
		{688C3B12-FBD0-4FAC-A344-3DF8267FC78C}.Ad-Hoc|ARM.ActiveCfg = Release|ARM
		{688C3B12-FBD0-4FAC-A344-3DF8267FC78C}.Ad-Hoc|ARM.Build.0 = Release|ARM
		{688C3B12-FBD0-4FAC-A344-3DF8267FC78C}.Ad-Hoc|ARM.Deploy.0 = Release|ARM
		{688C3B12-FBD0-4FAC-A344-3DF8267FC78C}.Ad-Hoc|iPhone.ActiveCfg = Release|Any CPU
		{688C3B12-FBD0-4FAC-A344-3DF8267FC78C}.Ad-Hoc|iPhoneSimulator.ActiveCfg = Release|Any CPU
		{688C3B12-FBD0-4FAC-A344-3DF8267FC78C}.Ad-Hoc|Mixed Platforms.ActiveCfg = Release|x86
		{688C3B12-FBD0-4FAC-A344-3DF8267FC78C}.Ad-Hoc|Mixed Platforms.Build.0 = Release|x86
		{688C3B12-FBD0-4FAC-A344-3DF8267FC78C}.Ad-Hoc|Mixed Platforms.Deploy.0 = Release|x86
		{688C3B12-FBD0-4FAC-A344-3DF8267FC78C}.Ad-Hoc|x64.ActiveCfg = Release|x64
		{688C3B12-FBD0-4FAC-A344-3DF8267FC78C}.Ad-Hoc|x64.Build.0 = Release|x64
		{688C3B12-FBD0-4FAC-A344-3DF8267FC78C}.Ad-Hoc|x64.Deploy.0 = Release|x64
		{688C3B12-FBD0-4FAC-A344-3DF8267FC78C}.Ad-Hoc|x86.ActiveCfg = Release|x86
		{688C3B12-FBD0-4FAC-A344-3DF8267FC78C}.Ad-Hoc|x86.Build.0 = Release|x86
		{688C3B12-FBD0-4FAC-A344-3DF8267FC78C}.Ad-Hoc|x86.Deploy.0 = Release|x86
		{688C3B12-FBD0-4FAC-A344-3DF8267FC78C}.AppStore|Any CPU.ActiveCfg = Release|Any CPU
		{688C3B12-FBD0-4FAC-A344-3DF8267FC78C}.AppStore|Any CPU.Build.0 = Release|Any CPU
		{688C3B12-FBD0-4FAC-A344-3DF8267FC78C}.AppStore|Any CPU.Deploy.0 = Release|Any CPU
		{688C3B12-FBD0-4FAC-A344-3DF8267FC78C}.AppStore|ARM.ActiveCfg = Release|ARM
		{688C3B12-FBD0-4FAC-A344-3DF8267FC78C}.AppStore|ARM.Build.0 = Release|ARM
		{688C3B12-FBD0-4FAC-A344-3DF8267FC78C}.AppStore|ARM.Deploy.0 = Release|ARM
		{688C3B12-FBD0-4FAC-A344-3DF8267FC78C}.AppStore|iPhone.ActiveCfg = Release|Any CPU
		{688C3B12-FBD0-4FAC-A344-3DF8267FC78C}.AppStore|iPhoneSimulator.ActiveCfg = Release|Any CPU
		{688C3B12-FBD0-4FAC-A344-3DF8267FC78C}.AppStore|Mixed Platforms.ActiveCfg = Release|x86
		{688C3B12-FBD0-4FAC-A344-3DF8267FC78C}.AppStore|Mixed Platforms.Build.0 = Release|x86
		{688C3B12-FBD0-4FAC-A344-3DF8267FC78C}.AppStore|Mixed Platforms.Deploy.0 = Release|x86
		{688C3B12-FBD0-4FAC-A344-3DF8267FC78C}.AppStore|x64.ActiveCfg = Release|x64
		{688C3B12-FBD0-4FAC-A344-3DF8267FC78C}.AppStore|x64.Build.0 = Release|x64
		{688C3B12-FBD0-4FAC-A344-3DF8267FC78C}.AppStore|x64.Deploy.0 = Release|x64
		{688C3B12-FBD0-4FAC-A344-3DF8267FC78C}.AppStore|x86.ActiveCfg = Release|x86
		{688C3B12-FBD0-4FAC-A344-3DF8267FC78C}.AppStore|x86.Build.0 = Release|x86
		{688C3B12-FBD0-4FAC-A344-3DF8267FC78C}.AppStore|x86.Deploy.0 = Release|x86
		{688C3B12-FBD0-4FAC-A344-3DF8267FC78C}.Debug|Any CPU.ActiveCfg = Debug|Any CPU
		{688C3B12-FBD0-4FAC-A344-3DF8267FC78C}.Debug|Any CPU.Build.0 = Debug|Any CPU
		{688C3B12-FBD0-4FAC-A344-3DF8267FC78C}.Debug|Any CPU.Deploy.0 = Debug|Any CPU
		{688C3B12-FBD0-4FAC-A344-3DF8267FC78C}.Debug|ARM.ActiveCfg = Debug|ARM
		{688C3B12-FBD0-4FAC-A344-3DF8267FC78C}.Debug|ARM.Build.0 = Debug|ARM
		{688C3B12-FBD0-4FAC-A344-3DF8267FC78C}.Debug|ARM.Deploy.0 = Debug|ARM
		{688C3B12-FBD0-4FAC-A344-3DF8267FC78C}.Debug|iPhone.ActiveCfg = Debug|Any CPU
		{688C3B12-FBD0-4FAC-A344-3DF8267FC78C}.Debug|iPhoneSimulator.ActiveCfg = Debug|Any CPU
		{688C3B12-FBD0-4FAC-A344-3DF8267FC78C}.Debug|Mixed Platforms.ActiveCfg = Debug|x86
		{688C3B12-FBD0-4FAC-A344-3DF8267FC78C}.Debug|Mixed Platforms.Build.0 = Debug|x86
		{688C3B12-FBD0-4FAC-A344-3DF8267FC78C}.Debug|Mixed Platforms.Deploy.0 = Debug|x86
		{688C3B12-FBD0-4FAC-A344-3DF8267FC78C}.Debug|x64.ActiveCfg = Debug|x64
		{688C3B12-FBD0-4FAC-A344-3DF8267FC78C}.Debug|x64.Build.0 = Debug|x64
		{688C3B12-FBD0-4FAC-A344-3DF8267FC78C}.Debug|x64.Deploy.0 = Debug|x64
		{688C3B12-FBD0-4FAC-A344-3DF8267FC78C}.Debug|x86.ActiveCfg = Debug|x86
		{688C3B12-FBD0-4FAC-A344-3DF8267FC78C}.Debug|x86.Build.0 = Debug|x86
		{688C3B12-FBD0-4FAC-A344-3DF8267FC78C}.Debug|x86.Deploy.0 = Debug|x86
		{688C3B12-FBD0-4FAC-A344-3DF8267FC78C}.Release|Any CPU.ActiveCfg = Release|Any CPU
		{688C3B12-FBD0-4FAC-A344-3DF8267FC78C}.Release|Any CPU.Build.0 = Release|Any CPU
		{688C3B12-FBD0-4FAC-A344-3DF8267FC78C}.Release|Any CPU.Deploy.0 = Release|Any CPU
		{688C3B12-FBD0-4FAC-A344-3DF8267FC78C}.Release|ARM.ActiveCfg = Release|ARM
		{688C3B12-FBD0-4FAC-A344-3DF8267FC78C}.Release|ARM.Build.0 = Release|ARM
		{688C3B12-FBD0-4FAC-A344-3DF8267FC78C}.Release|ARM.Deploy.0 = Release|ARM
		{688C3B12-FBD0-4FAC-A344-3DF8267FC78C}.Release|iPhone.ActiveCfg = Release|Any CPU
		{688C3B12-FBD0-4FAC-A344-3DF8267FC78C}.Release|iPhoneSimulator.ActiveCfg = Release|Any CPU
		{688C3B12-FBD0-4FAC-A344-3DF8267FC78C}.Release|Mixed Platforms.ActiveCfg = Release|x86
		{688C3B12-FBD0-4FAC-A344-3DF8267FC78C}.Release|Mixed Platforms.Build.0 = Release|x86
		{688C3B12-FBD0-4FAC-A344-3DF8267FC78C}.Release|Mixed Platforms.Deploy.0 = Release|x86
		{688C3B12-FBD0-4FAC-A344-3DF8267FC78C}.Release|x64.ActiveCfg = Release|x64
		{688C3B12-FBD0-4FAC-A344-3DF8267FC78C}.Release|x64.Build.0 = Release|x64
		{688C3B12-FBD0-4FAC-A344-3DF8267FC78C}.Release|x64.Deploy.0 = Release|x64
		{688C3B12-FBD0-4FAC-A344-3DF8267FC78C}.Release|x86.ActiveCfg = Release|x86
		{688C3B12-FBD0-4FAC-A344-3DF8267FC78C}.Release|x86.Build.0 = Release|x86
		{688C3B12-FBD0-4FAC-A344-3DF8267FC78C}.Release|x86.Deploy.0 = Release|x86
		{699A1964-2F72-41CD-B007-1A681EC60A5A}.Ad-Hoc|Any CPU.ActiveCfg = Release|Any CPU
		{699A1964-2F72-41CD-B007-1A681EC60A5A}.Ad-Hoc|Any CPU.Build.0 = Release|Any CPU
		{699A1964-2F72-41CD-B007-1A681EC60A5A}.Ad-Hoc|ARM.ActiveCfg = Release|Any CPU
		{699A1964-2F72-41CD-B007-1A681EC60A5A}.Ad-Hoc|iPhone.ActiveCfg = Release|Any CPU
		{699A1964-2F72-41CD-B007-1A681EC60A5A}.Ad-Hoc|iPhoneSimulator.ActiveCfg = Release|Any CPU
		{699A1964-2F72-41CD-B007-1A681EC60A5A}.Ad-Hoc|Mixed Platforms.ActiveCfg = Release|Any CPU
		{699A1964-2F72-41CD-B007-1A681EC60A5A}.Ad-Hoc|Mixed Platforms.Build.0 = Release|Any CPU
		{699A1964-2F72-41CD-B007-1A681EC60A5A}.Ad-Hoc|x64.ActiveCfg = Release|Any CPU
		{699A1964-2F72-41CD-B007-1A681EC60A5A}.Ad-Hoc|x86.ActiveCfg = Release|Any CPU
		{699A1964-2F72-41CD-B007-1A681EC60A5A}.AppStore|Any CPU.ActiveCfg = Release|Any CPU
		{699A1964-2F72-41CD-B007-1A681EC60A5A}.AppStore|Any CPU.Build.0 = Release|Any CPU
		{699A1964-2F72-41CD-B007-1A681EC60A5A}.AppStore|ARM.ActiveCfg = Release|Any CPU
		{699A1964-2F72-41CD-B007-1A681EC60A5A}.AppStore|iPhone.ActiveCfg = Release|Any CPU
		{699A1964-2F72-41CD-B007-1A681EC60A5A}.AppStore|iPhoneSimulator.ActiveCfg = Release|Any CPU
		{699A1964-2F72-41CD-B007-1A681EC60A5A}.AppStore|Mixed Platforms.ActiveCfg = Release|Any CPU
		{699A1964-2F72-41CD-B007-1A681EC60A5A}.AppStore|Mixed Platforms.Build.0 = Release|Any CPU
		{699A1964-2F72-41CD-B007-1A681EC60A5A}.AppStore|x64.ActiveCfg = Release|Any CPU
		{699A1964-2F72-41CD-B007-1A681EC60A5A}.AppStore|x86.ActiveCfg = Release|Any CPU
		{699A1964-2F72-41CD-B007-1A681EC60A5A}.Debug|Any CPU.ActiveCfg = Debug|Any CPU
		{699A1964-2F72-41CD-B007-1A681EC60A5A}.Debug|Any CPU.Build.0 = Debug|Any CPU
		{699A1964-2F72-41CD-B007-1A681EC60A5A}.Debug|ARM.ActiveCfg = Debug|Any CPU
		{699A1964-2F72-41CD-B007-1A681EC60A5A}.Debug|iPhone.ActiveCfg = Debug|Any CPU
		{699A1964-2F72-41CD-B007-1A681EC60A5A}.Debug|iPhoneSimulator.ActiveCfg = Debug|Any CPU
		{699A1964-2F72-41CD-B007-1A681EC60A5A}.Debug|Mixed Platforms.ActiveCfg = Debug|Any CPU
		{699A1964-2F72-41CD-B007-1A681EC60A5A}.Debug|Mixed Platforms.Build.0 = Debug|Any CPU
		{699A1964-2F72-41CD-B007-1A681EC60A5A}.Debug|x64.ActiveCfg = Debug|Any CPU
		{699A1964-2F72-41CD-B007-1A681EC60A5A}.Debug|x86.ActiveCfg = Debug|Any CPU
		{699A1964-2F72-41CD-B007-1A681EC60A5A}.Release|Any CPU.ActiveCfg = Release|Any CPU
		{699A1964-2F72-41CD-B007-1A681EC60A5A}.Release|Any CPU.Build.0 = Release|Any CPU
		{699A1964-2F72-41CD-B007-1A681EC60A5A}.Release|ARM.ActiveCfg = Release|Any CPU
		{699A1964-2F72-41CD-B007-1A681EC60A5A}.Release|iPhone.ActiveCfg = Release|Any CPU
		{699A1964-2F72-41CD-B007-1A681EC60A5A}.Release|iPhoneSimulator.ActiveCfg = Release|Any CPU
		{699A1964-2F72-41CD-B007-1A681EC60A5A}.Release|Mixed Platforms.ActiveCfg = Release|Any CPU
		{699A1964-2F72-41CD-B007-1A681EC60A5A}.Release|Mixed Platforms.Build.0 = Release|Any CPU
		{699A1964-2F72-41CD-B007-1A681EC60A5A}.Release|x64.ActiveCfg = Release|Any CPU
		{699A1964-2F72-41CD-B007-1A681EC60A5A}.Release|x86.ActiveCfg = Release|Any CPU
		{93AB183D-6F7F-4EFC-B712-06C995E848D2}.Ad-Hoc|Any CPU.ActiveCfg = Release|Any CPU
		{93AB183D-6F7F-4EFC-B712-06C995E848D2}.Ad-Hoc|Any CPU.Build.0 = Release|Any CPU
		{93AB183D-6F7F-4EFC-B712-06C995E848D2}.Ad-Hoc|ARM.ActiveCfg = Release|Any CPU
		{93AB183D-6F7F-4EFC-B712-06C995E848D2}.Ad-Hoc|iPhone.ActiveCfg = Release|Any CPU
		{93AB183D-6F7F-4EFC-B712-06C995E848D2}.Ad-Hoc|iPhoneSimulator.ActiveCfg = Release|Any CPU
		{93AB183D-6F7F-4EFC-B712-06C995E848D2}.Ad-Hoc|Mixed Platforms.ActiveCfg = Release|Any CPU
		{93AB183D-6F7F-4EFC-B712-06C995E848D2}.Ad-Hoc|Mixed Platforms.Build.0 = Release|Any CPU
		{93AB183D-6F7F-4EFC-B712-06C995E848D2}.Ad-Hoc|x64.ActiveCfg = Release|Any CPU
		{93AB183D-6F7F-4EFC-B712-06C995E848D2}.Ad-Hoc|x86.ActiveCfg = Release|Any CPU
		{93AB183D-6F7F-4EFC-B712-06C995E848D2}.AppStore|Any CPU.ActiveCfg = Release|Any CPU
		{93AB183D-6F7F-4EFC-B712-06C995E848D2}.AppStore|Any CPU.Build.0 = Release|Any CPU
		{93AB183D-6F7F-4EFC-B712-06C995E848D2}.AppStore|ARM.ActiveCfg = Release|Any CPU
		{93AB183D-6F7F-4EFC-B712-06C995E848D2}.AppStore|iPhone.ActiveCfg = Release|Any CPU
		{93AB183D-6F7F-4EFC-B712-06C995E848D2}.AppStore|iPhoneSimulator.ActiveCfg = Release|Any CPU
		{93AB183D-6F7F-4EFC-B712-06C995E848D2}.AppStore|Mixed Platforms.ActiveCfg = Release|Any CPU
		{93AB183D-6F7F-4EFC-B712-06C995E848D2}.AppStore|Mixed Platforms.Build.0 = Release|Any CPU
		{93AB183D-6F7F-4EFC-B712-06C995E848D2}.AppStore|x64.ActiveCfg = Release|Any CPU
		{93AB183D-6F7F-4EFC-B712-06C995E848D2}.AppStore|x86.ActiveCfg = Release|Any CPU
		{93AB183D-6F7F-4EFC-B712-06C995E848D2}.Debug|Any CPU.ActiveCfg = Debug|Any CPU
		{93AB183D-6F7F-4EFC-B712-06C995E848D2}.Debug|Any CPU.Build.0 = Debug|Any CPU
		{93AB183D-6F7F-4EFC-B712-06C995E848D2}.Debug|ARM.ActiveCfg = Debug|Any CPU
		{93AB183D-6F7F-4EFC-B712-06C995E848D2}.Debug|iPhone.ActiveCfg = Debug|Any CPU
		{93AB183D-6F7F-4EFC-B712-06C995E848D2}.Debug|iPhoneSimulator.ActiveCfg = Debug|Any CPU
		{93AB183D-6F7F-4EFC-B712-06C995E848D2}.Debug|Mixed Platforms.ActiveCfg = Debug|Any CPU
		{93AB183D-6F7F-4EFC-B712-06C995E848D2}.Debug|Mixed Platforms.Build.0 = Debug|Any CPU
		{93AB183D-6F7F-4EFC-B712-06C995E848D2}.Debug|x64.ActiveCfg = Debug|Any CPU
		{93AB183D-6F7F-4EFC-B712-06C995E848D2}.Debug|x86.ActiveCfg = Debug|Any CPU
		{93AB183D-6F7F-4EFC-B712-06C995E848D2}.Release|Any CPU.ActiveCfg = Release|Any CPU
		{93AB183D-6F7F-4EFC-B712-06C995E848D2}.Release|Any CPU.Build.0 = Release|Any CPU
		{93AB183D-6F7F-4EFC-B712-06C995E848D2}.Release|ARM.ActiveCfg = Release|Any CPU
		{93AB183D-6F7F-4EFC-B712-06C995E848D2}.Release|iPhone.ActiveCfg = Release|Any CPU
		{93AB183D-6F7F-4EFC-B712-06C995E848D2}.Release|iPhoneSimulator.ActiveCfg = Release|Any CPU
		{93AB183D-6F7F-4EFC-B712-06C995E848D2}.Release|Mixed Platforms.ActiveCfg = Release|Any CPU
		{93AB183D-6F7F-4EFC-B712-06C995E848D2}.Release|Mixed Platforms.Build.0 = Release|Any CPU
		{93AB183D-6F7F-4EFC-B712-06C995E848D2}.Release|x64.ActiveCfg = Release|Any CPU
		{93AB183D-6F7F-4EFC-B712-06C995E848D2}.Release|x86.ActiveCfg = Release|Any CPU
		{759FFDDC-72F3-4A21-BE10-CEDD1174FC57}.Ad-Hoc|Any CPU.ActiveCfg = Release|Any CPU
		{759FFDDC-72F3-4A21-BE10-CEDD1174FC57}.Ad-Hoc|Any CPU.Build.0 = Release|Any CPU
		{759FFDDC-72F3-4A21-BE10-CEDD1174FC57}.Ad-Hoc|Any CPU.Deploy.0 = Release|Any CPU
		{759FFDDC-72F3-4A21-BE10-CEDD1174FC57}.Ad-Hoc|ARM.ActiveCfg = Release|Any CPU
		{759FFDDC-72F3-4A21-BE10-CEDD1174FC57}.Ad-Hoc|iPhone.ActiveCfg = Release|Any CPU
		{759FFDDC-72F3-4A21-BE10-CEDD1174FC57}.Ad-Hoc|iPhoneSimulator.ActiveCfg = Release|Any CPU
		{759FFDDC-72F3-4A21-BE10-CEDD1174FC57}.Ad-Hoc|Mixed Platforms.ActiveCfg = Release|Any CPU
		{759FFDDC-72F3-4A21-BE10-CEDD1174FC57}.Ad-Hoc|Mixed Platforms.Build.0 = Release|Any CPU
		{759FFDDC-72F3-4A21-BE10-CEDD1174FC57}.Ad-Hoc|Mixed Platforms.Deploy.0 = Release|Any CPU
		{759FFDDC-72F3-4A21-BE10-CEDD1174FC57}.Ad-Hoc|x64.ActiveCfg = Release|Any CPU
		{759FFDDC-72F3-4A21-BE10-CEDD1174FC57}.Ad-Hoc|x86.ActiveCfg = Release|Any CPU
		{759FFDDC-72F3-4A21-BE10-CEDD1174FC57}.AppStore|Any CPU.ActiveCfg = Release|Any CPU
		{759FFDDC-72F3-4A21-BE10-CEDD1174FC57}.AppStore|Any CPU.Build.0 = Release|Any CPU
		{759FFDDC-72F3-4A21-BE10-CEDD1174FC57}.AppStore|Any CPU.Deploy.0 = Release|Any CPU
		{759FFDDC-72F3-4A21-BE10-CEDD1174FC57}.AppStore|ARM.ActiveCfg = Release|Any CPU
		{759FFDDC-72F3-4A21-BE10-CEDD1174FC57}.AppStore|iPhone.ActiveCfg = Release|Any CPU
		{759FFDDC-72F3-4A21-BE10-CEDD1174FC57}.AppStore|iPhoneSimulator.ActiveCfg = Release|Any CPU
		{759FFDDC-72F3-4A21-BE10-CEDD1174FC57}.AppStore|Mixed Platforms.ActiveCfg = Release|Any CPU
		{759FFDDC-72F3-4A21-BE10-CEDD1174FC57}.AppStore|Mixed Platforms.Build.0 = Release|Any CPU
		{759FFDDC-72F3-4A21-BE10-CEDD1174FC57}.AppStore|Mixed Platforms.Deploy.0 = Release|Any CPU
		{759FFDDC-72F3-4A21-BE10-CEDD1174FC57}.AppStore|x64.ActiveCfg = Release|Any CPU
		{759FFDDC-72F3-4A21-BE10-CEDD1174FC57}.AppStore|x86.ActiveCfg = Release|Any CPU
		{759FFDDC-72F3-4A21-BE10-CEDD1174FC57}.Debug|Any CPU.ActiveCfg = Debug|Any CPU
		{759FFDDC-72F3-4A21-BE10-CEDD1174FC57}.Debug|Any CPU.Build.0 = Debug|Any CPU
		{759FFDDC-72F3-4A21-BE10-CEDD1174FC57}.Debug|Any CPU.Deploy.0 = Debug|Any CPU
		{759FFDDC-72F3-4A21-BE10-CEDD1174FC57}.Debug|ARM.ActiveCfg = Debug|Any CPU
		{759FFDDC-72F3-4A21-BE10-CEDD1174FC57}.Debug|iPhone.ActiveCfg = Debug|Any CPU
		{759FFDDC-72F3-4A21-BE10-CEDD1174FC57}.Debug|iPhoneSimulator.ActiveCfg = Debug|Any CPU
		{759FFDDC-72F3-4A21-BE10-CEDD1174FC57}.Debug|Mixed Platforms.ActiveCfg = Debug|Any CPU
		{759FFDDC-72F3-4A21-BE10-CEDD1174FC57}.Debug|Mixed Platforms.Build.0 = Debug|Any CPU
		{759FFDDC-72F3-4A21-BE10-CEDD1174FC57}.Debug|Mixed Platforms.Deploy.0 = Debug|Any CPU
		{759FFDDC-72F3-4A21-BE10-CEDD1174FC57}.Debug|x64.ActiveCfg = Debug|Any CPU
		{759FFDDC-72F3-4A21-BE10-CEDD1174FC57}.Debug|x86.ActiveCfg = Debug|Any CPU
		{759FFDDC-72F3-4A21-BE10-CEDD1174FC57}.Release|Any CPU.ActiveCfg = Release|Any CPU
		{759FFDDC-72F3-4A21-BE10-CEDD1174FC57}.Release|Any CPU.Build.0 = Release|Any CPU
		{759FFDDC-72F3-4A21-BE10-CEDD1174FC57}.Release|Any CPU.Deploy.0 = Release|Any CPU
		{759FFDDC-72F3-4A21-BE10-CEDD1174FC57}.Release|ARM.ActiveCfg = Release|Any CPU
		{759FFDDC-72F3-4A21-BE10-CEDD1174FC57}.Release|iPhone.ActiveCfg = Release|Any CPU
		{759FFDDC-72F3-4A21-BE10-CEDD1174FC57}.Release|iPhoneSimulator.ActiveCfg = Release|Any CPU
		{759FFDDC-72F3-4A21-BE10-CEDD1174FC57}.Release|Mixed Platforms.ActiveCfg = Release|Any CPU
		{759FFDDC-72F3-4A21-BE10-CEDD1174FC57}.Release|Mixed Platforms.Build.0 = Release|Any CPU
		{759FFDDC-72F3-4A21-BE10-CEDD1174FC57}.Release|Mixed Platforms.Deploy.0 = Release|Any CPU
		{759FFDDC-72F3-4A21-BE10-CEDD1174FC57}.Release|x64.ActiveCfg = Release|Any CPU
		{759FFDDC-72F3-4A21-BE10-CEDD1174FC57}.Release|x86.ActiveCfg = Release|Any CPU
		{EC86F8EB-586B-4BC4-A902-55C8DF774B9C}.Ad-Hoc|Any CPU.ActiveCfg = Ad-Hoc|iPhone
		{EC86F8EB-586B-4BC4-A902-55C8DF774B9C}.Ad-Hoc|ARM.ActiveCfg = Ad-Hoc|iPhone
		{EC86F8EB-586B-4BC4-A902-55C8DF774B9C}.Ad-Hoc|iPhone.ActiveCfg = Ad-Hoc|iPhone
		{EC86F8EB-586B-4BC4-A902-55C8DF774B9C}.Ad-Hoc|iPhone.Build.0 = Ad-Hoc|iPhone
		{EC86F8EB-586B-4BC4-A902-55C8DF774B9C}.Ad-Hoc|iPhone.Deploy.0 = Ad-Hoc|iPhone
		{EC86F8EB-586B-4BC4-A902-55C8DF774B9C}.Ad-Hoc|iPhoneSimulator.ActiveCfg = Ad-Hoc|iPhoneSimulator
		{EC86F8EB-586B-4BC4-A902-55C8DF774B9C}.Ad-Hoc|iPhoneSimulator.Build.0 = Ad-Hoc|iPhoneSimulator
		{EC86F8EB-586B-4BC4-A902-55C8DF774B9C}.Ad-Hoc|iPhoneSimulator.Deploy.0 = Ad-Hoc|iPhoneSimulator
		{EC86F8EB-586B-4BC4-A902-55C8DF774B9C}.Ad-Hoc|Mixed Platforms.ActiveCfg = Ad-Hoc|iPhone
		{EC86F8EB-586B-4BC4-A902-55C8DF774B9C}.Ad-Hoc|Mixed Platforms.Build.0 = Ad-Hoc|iPhone
		{EC86F8EB-586B-4BC4-A902-55C8DF774B9C}.Ad-Hoc|Mixed Platforms.Deploy.0 = Ad-Hoc|iPhone
		{EC86F8EB-586B-4BC4-A902-55C8DF774B9C}.Ad-Hoc|x64.ActiveCfg = Ad-Hoc|iPhone
		{EC86F8EB-586B-4BC4-A902-55C8DF774B9C}.Ad-Hoc|x86.ActiveCfg = Ad-Hoc|iPhone
		{EC86F8EB-586B-4BC4-A902-55C8DF774B9C}.AppStore|Any CPU.ActiveCfg = AppStore|iPhone
		{EC86F8EB-586B-4BC4-A902-55C8DF774B9C}.AppStore|ARM.ActiveCfg = AppStore|iPhone
		{EC86F8EB-586B-4BC4-A902-55C8DF774B9C}.AppStore|iPhone.ActiveCfg = AppStore|iPhone
		{EC86F8EB-586B-4BC4-A902-55C8DF774B9C}.AppStore|iPhone.Build.0 = AppStore|iPhone
		{EC86F8EB-586B-4BC4-A902-55C8DF774B9C}.AppStore|iPhone.Deploy.0 = AppStore|iPhone
		{EC86F8EB-586B-4BC4-A902-55C8DF774B9C}.AppStore|iPhoneSimulator.ActiveCfg = AppStore|iPhoneSimulator
		{EC86F8EB-586B-4BC4-A902-55C8DF774B9C}.AppStore|iPhoneSimulator.Build.0 = AppStore|iPhoneSimulator
		{EC86F8EB-586B-4BC4-A902-55C8DF774B9C}.AppStore|iPhoneSimulator.Deploy.0 = AppStore|iPhoneSimulator
		{EC86F8EB-586B-4BC4-A902-55C8DF774B9C}.AppStore|Mixed Platforms.ActiveCfg = AppStore|iPhone
		{EC86F8EB-586B-4BC4-A902-55C8DF774B9C}.AppStore|Mixed Platforms.Build.0 = AppStore|iPhone
		{EC86F8EB-586B-4BC4-A902-55C8DF774B9C}.AppStore|Mixed Platforms.Deploy.0 = AppStore|iPhone
		{EC86F8EB-586B-4BC4-A902-55C8DF774B9C}.AppStore|x64.ActiveCfg = AppStore|iPhone
		{EC86F8EB-586B-4BC4-A902-55C8DF774B9C}.AppStore|x86.ActiveCfg = AppStore|iPhone
		{EC86F8EB-586B-4BC4-A902-55C8DF774B9C}.Debug|Any CPU.ActiveCfg = Debug|iPhone
		{EC86F8EB-586B-4BC4-A902-55C8DF774B9C}.Debug|ARM.ActiveCfg = Debug|iPhone
		{EC86F8EB-586B-4BC4-A902-55C8DF774B9C}.Debug|iPhone.ActiveCfg = Debug|iPhone
		{EC86F8EB-586B-4BC4-A902-55C8DF774B9C}.Debug|iPhone.Build.0 = Debug|iPhone
		{EC86F8EB-586B-4BC4-A902-55C8DF774B9C}.Debug|iPhone.Deploy.0 = Debug|iPhone
		{EC86F8EB-586B-4BC4-A902-55C8DF774B9C}.Debug|iPhoneSimulator.ActiveCfg = Debug|iPhoneSimulator
		{EC86F8EB-586B-4BC4-A902-55C8DF774B9C}.Debug|iPhoneSimulator.Build.0 = Debug|iPhoneSimulator
		{EC86F8EB-586B-4BC4-A902-55C8DF774B9C}.Debug|iPhoneSimulator.Deploy.0 = Debug|iPhoneSimulator
		{EC86F8EB-586B-4BC4-A902-55C8DF774B9C}.Debug|Mixed Platforms.ActiveCfg = Debug|iPhone
		{EC86F8EB-586B-4BC4-A902-55C8DF774B9C}.Debug|Mixed Platforms.Build.0 = Debug|iPhone
		{EC86F8EB-586B-4BC4-A902-55C8DF774B9C}.Debug|Mixed Platforms.Deploy.0 = Debug|iPhone
		{EC86F8EB-586B-4BC4-A902-55C8DF774B9C}.Debug|x64.ActiveCfg = Debug|iPhone
		{EC86F8EB-586B-4BC4-A902-55C8DF774B9C}.Debug|x86.ActiveCfg = Debug|iPhone
		{EC86F8EB-586B-4BC4-A902-55C8DF774B9C}.Release|Any CPU.ActiveCfg = Release|iPhone
		{EC86F8EB-586B-4BC4-A902-55C8DF774B9C}.Release|ARM.ActiveCfg = Release|iPhone
		{EC86F8EB-586B-4BC4-A902-55C8DF774B9C}.Release|iPhone.ActiveCfg = Release|iPhone
		{EC86F8EB-586B-4BC4-A902-55C8DF774B9C}.Release|iPhone.Build.0 = Release|iPhone
		{EC86F8EB-586B-4BC4-A902-55C8DF774B9C}.Release|iPhone.Deploy.0 = Release|iPhone
		{EC86F8EB-586B-4BC4-A902-55C8DF774B9C}.Release|iPhoneSimulator.ActiveCfg = Release|iPhoneSimulator
		{EC86F8EB-586B-4BC4-A902-55C8DF774B9C}.Release|iPhoneSimulator.Build.0 = Release|iPhoneSimulator
		{EC86F8EB-586B-4BC4-A902-55C8DF774B9C}.Release|iPhoneSimulator.Deploy.0 = Release|iPhoneSimulator
		{EC86F8EB-586B-4BC4-A902-55C8DF774B9C}.Release|Mixed Platforms.ActiveCfg = Release|iPhone
		{EC86F8EB-586B-4BC4-A902-55C8DF774B9C}.Release|Mixed Platforms.Build.0 = Release|iPhone
		{EC86F8EB-586B-4BC4-A902-55C8DF774B9C}.Release|Mixed Platforms.Deploy.0 = Release|iPhone
		{EC86F8EB-586B-4BC4-A902-55C8DF774B9C}.Release|x64.ActiveCfg = Release|iPhone
		{EC86F8EB-586B-4BC4-A902-55C8DF774B9C}.Release|x86.ActiveCfg = Release|iPhone
		{C009BA54-3AB7-46A6-A6DE-ABAF67B629DA}.Ad-Hoc|Any CPU.ActiveCfg = Release|Any CPU
		{C009BA54-3AB7-46A6-A6DE-ABAF67B629DA}.Ad-Hoc|Any CPU.Build.0 = Release|Any CPU
		{C009BA54-3AB7-46A6-A6DE-ABAF67B629DA}.Ad-Hoc|ARM.ActiveCfg = Release|ARM
		{C009BA54-3AB7-46A6-A6DE-ABAF67B629DA}.Ad-Hoc|ARM.Build.0 = Release|ARM
		{C009BA54-3AB7-46A6-A6DE-ABAF67B629DA}.Ad-Hoc|iPhone.ActiveCfg = Release|Any CPU
		{C009BA54-3AB7-46A6-A6DE-ABAF67B629DA}.Ad-Hoc|iPhoneSimulator.ActiveCfg = Release|Any CPU
		{C009BA54-3AB7-46A6-A6DE-ABAF67B629DA}.Ad-Hoc|Mixed Platforms.ActiveCfg = Release|x86
		{C009BA54-3AB7-46A6-A6DE-ABAF67B629DA}.Ad-Hoc|Mixed Platforms.Build.0 = Release|x86
		{C009BA54-3AB7-46A6-A6DE-ABAF67B629DA}.Ad-Hoc|x64.ActiveCfg = Release|Any CPU
		{C009BA54-3AB7-46A6-A6DE-ABAF67B629DA}.Ad-Hoc|x86.ActiveCfg = Release|x86
		{C009BA54-3AB7-46A6-A6DE-ABAF67B629DA}.Ad-Hoc|x86.Build.0 = Release|x86
		{C009BA54-3AB7-46A6-A6DE-ABAF67B629DA}.AppStore|Any CPU.ActiveCfg = Release|Any CPU
		{C009BA54-3AB7-46A6-A6DE-ABAF67B629DA}.AppStore|Any CPU.Build.0 = Release|Any CPU
		{C009BA54-3AB7-46A6-A6DE-ABAF67B629DA}.AppStore|ARM.ActiveCfg = Release|ARM
		{C009BA54-3AB7-46A6-A6DE-ABAF67B629DA}.AppStore|ARM.Build.0 = Release|ARM
		{C009BA54-3AB7-46A6-A6DE-ABAF67B629DA}.AppStore|iPhone.ActiveCfg = Release|Any CPU
		{C009BA54-3AB7-46A6-A6DE-ABAF67B629DA}.AppStore|iPhoneSimulator.ActiveCfg = Release|Any CPU
		{C009BA54-3AB7-46A6-A6DE-ABAF67B629DA}.AppStore|Mixed Platforms.ActiveCfg = Release|x86
		{C009BA54-3AB7-46A6-A6DE-ABAF67B629DA}.AppStore|Mixed Platforms.Build.0 = Release|x86
		{C009BA54-3AB7-46A6-A6DE-ABAF67B629DA}.AppStore|x64.ActiveCfg = Release|Any CPU
		{C009BA54-3AB7-46A6-A6DE-ABAF67B629DA}.AppStore|x86.ActiveCfg = Release|x86
		{C009BA54-3AB7-46A6-A6DE-ABAF67B629DA}.AppStore|x86.Build.0 = Release|x86
		{C009BA54-3AB7-46A6-A6DE-ABAF67B629DA}.Debug|Any CPU.ActiveCfg = Debug|Any CPU
		{C009BA54-3AB7-46A6-A6DE-ABAF67B629DA}.Debug|Any CPU.Build.0 = Debug|Any CPU
		{C009BA54-3AB7-46A6-A6DE-ABAF67B629DA}.Debug|ARM.ActiveCfg = Debug|ARM
		{C009BA54-3AB7-46A6-A6DE-ABAF67B629DA}.Debug|ARM.Build.0 = Debug|ARM
		{C009BA54-3AB7-46A6-A6DE-ABAF67B629DA}.Debug|iPhone.ActiveCfg = Debug|Any CPU
		{C009BA54-3AB7-46A6-A6DE-ABAF67B629DA}.Debug|iPhoneSimulator.ActiveCfg = Debug|Any CPU
		{C009BA54-3AB7-46A6-A6DE-ABAF67B629DA}.Debug|Mixed Platforms.ActiveCfg = Debug|x86
		{C009BA54-3AB7-46A6-A6DE-ABAF67B629DA}.Debug|Mixed Platforms.Build.0 = Debug|x86
		{C009BA54-3AB7-46A6-A6DE-ABAF67B629DA}.Debug|x64.ActiveCfg = Debug|Any CPU
		{C009BA54-3AB7-46A6-A6DE-ABAF67B629DA}.Debug|x86.ActiveCfg = Debug|x86
		{C009BA54-3AB7-46A6-A6DE-ABAF67B629DA}.Debug|x86.Build.0 = Debug|x86
		{C009BA54-3AB7-46A6-A6DE-ABAF67B629DA}.Release|Any CPU.ActiveCfg = Release|Any CPU
		{C009BA54-3AB7-46A6-A6DE-ABAF67B629DA}.Release|Any CPU.Build.0 = Release|Any CPU
		{C009BA54-3AB7-46A6-A6DE-ABAF67B629DA}.Release|ARM.ActiveCfg = Release|ARM
		{C009BA54-3AB7-46A6-A6DE-ABAF67B629DA}.Release|ARM.Build.0 = Release|ARM
		{C009BA54-3AB7-46A6-A6DE-ABAF67B629DA}.Release|iPhone.ActiveCfg = Release|Any CPU
		{C009BA54-3AB7-46A6-A6DE-ABAF67B629DA}.Release|iPhoneSimulator.ActiveCfg = Release|Any CPU
		{C009BA54-3AB7-46A6-A6DE-ABAF67B629DA}.Release|Mixed Platforms.ActiveCfg = Release|x86
		{C009BA54-3AB7-46A6-A6DE-ABAF67B629DA}.Release|Mixed Platforms.Build.0 = Release|x86
		{C009BA54-3AB7-46A6-A6DE-ABAF67B629DA}.Release|x64.ActiveCfg = Release|Any CPU
		{C009BA54-3AB7-46A6-A6DE-ABAF67B629DA}.Release|x86.ActiveCfg = Release|x86
		{C009BA54-3AB7-46A6-A6DE-ABAF67B629DA}.Release|x86.Build.0 = Release|x86
		{99D60BB3-7A06-46A4-9878-380243E20CAC}.Ad-Hoc|Any CPU.ActiveCfg = Release|Any CPU
		{99D60BB3-7A06-46A4-9878-380243E20CAC}.Ad-Hoc|Any CPU.Build.0 = Release|Any CPU
		{99D60BB3-7A06-46A4-9878-380243E20CAC}.Ad-Hoc|ARM.ActiveCfg = Release|Any CPU
		{99D60BB3-7A06-46A4-9878-380243E20CAC}.Ad-Hoc|iPhone.ActiveCfg = Release|Any CPU
		{99D60BB3-7A06-46A4-9878-380243E20CAC}.Ad-Hoc|iPhoneSimulator.ActiveCfg = Release|Any CPU
		{99D60BB3-7A06-46A4-9878-380243E20CAC}.Ad-Hoc|Mixed Platforms.ActiveCfg = Release|Any CPU
		{99D60BB3-7A06-46A4-9878-380243E20CAC}.Ad-Hoc|Mixed Platforms.Build.0 = Release|Any CPU
		{99D60BB3-7A06-46A4-9878-380243E20CAC}.Ad-Hoc|x64.ActiveCfg = Release|Any CPU
		{99D60BB3-7A06-46A4-9878-380243E20CAC}.Ad-Hoc|x86.ActiveCfg = Release|Any CPU
		{99D60BB3-7A06-46A4-9878-380243E20CAC}.AppStore|Any CPU.ActiveCfg = Release|Any CPU
		{99D60BB3-7A06-46A4-9878-380243E20CAC}.AppStore|Any CPU.Build.0 = Release|Any CPU
		{99D60BB3-7A06-46A4-9878-380243E20CAC}.AppStore|ARM.ActiveCfg = Release|Any CPU
		{99D60BB3-7A06-46A4-9878-380243E20CAC}.AppStore|iPhone.ActiveCfg = Release|Any CPU
		{99D60BB3-7A06-46A4-9878-380243E20CAC}.AppStore|iPhoneSimulator.ActiveCfg = Release|Any CPU
		{99D60BB3-7A06-46A4-9878-380243E20CAC}.AppStore|Mixed Platforms.ActiveCfg = Release|Any CPU
		{99D60BB3-7A06-46A4-9878-380243E20CAC}.AppStore|Mixed Platforms.Build.0 = Release|Any CPU
		{99D60BB3-7A06-46A4-9878-380243E20CAC}.AppStore|x64.ActiveCfg = Release|Any CPU
		{99D60BB3-7A06-46A4-9878-380243E20CAC}.AppStore|x86.ActiveCfg = Release|Any CPU
		{99D60BB3-7A06-46A4-9878-380243E20CAC}.Debug|Any CPU.ActiveCfg = Debug|Any CPU
		{99D60BB3-7A06-46A4-9878-380243E20CAC}.Debug|Any CPU.Build.0 = Debug|Any CPU
		{99D60BB3-7A06-46A4-9878-380243E20CAC}.Debug|ARM.ActiveCfg = Debug|Any CPU
		{99D60BB3-7A06-46A4-9878-380243E20CAC}.Debug|iPhone.ActiveCfg = Debug|Any CPU
		{99D60BB3-7A06-46A4-9878-380243E20CAC}.Debug|iPhoneSimulator.ActiveCfg = Debug|Any CPU
		{99D60BB3-7A06-46A4-9878-380243E20CAC}.Debug|Mixed Platforms.ActiveCfg = Debug|Any CPU
		{99D60BB3-7A06-46A4-9878-380243E20CAC}.Debug|Mixed Platforms.Build.0 = Debug|Any CPU
		{99D60BB3-7A06-46A4-9878-380243E20CAC}.Debug|x64.ActiveCfg = Debug|Any CPU
		{99D60BB3-7A06-46A4-9878-380243E20CAC}.Debug|x86.ActiveCfg = Debug|Any CPU
		{99D60BB3-7A06-46A4-9878-380243E20CAC}.Release|Any CPU.ActiveCfg = Release|Any CPU
		{99D60BB3-7A06-46A4-9878-380243E20CAC}.Release|Any CPU.Build.0 = Release|Any CPU
		{99D60BB3-7A06-46A4-9878-380243E20CAC}.Release|ARM.ActiveCfg = Release|Any CPU
		{99D60BB3-7A06-46A4-9878-380243E20CAC}.Release|iPhone.ActiveCfg = Release|Any CPU
		{99D60BB3-7A06-46A4-9878-380243E20CAC}.Release|iPhoneSimulator.ActiveCfg = Release|Any CPU
		{99D60BB3-7A06-46A4-9878-380243E20CAC}.Release|Mixed Platforms.ActiveCfg = Release|Any CPU
		{99D60BB3-7A06-46A4-9878-380243E20CAC}.Release|Mixed Platforms.Build.0 = Release|Any CPU
		{99D60BB3-7A06-46A4-9878-380243E20CAC}.Release|x64.ActiveCfg = Release|Any CPU
		{99D60BB3-7A06-46A4-9878-380243E20CAC}.Release|x86.ActiveCfg = Release|Any CPU
		{9D7C9B7F-AE0A-4AF2-81ED-791DB01FB249}.Ad-Hoc|Any CPU.ActiveCfg = Release|Any CPU
		{9D7C9B7F-AE0A-4AF2-81ED-791DB01FB249}.Ad-Hoc|Any CPU.Build.0 = Release|Any CPU
		{9D7C9B7F-AE0A-4AF2-81ED-791DB01FB249}.Ad-Hoc|ARM.ActiveCfg = Release|Any CPU
		{9D7C9B7F-AE0A-4AF2-81ED-791DB01FB249}.Ad-Hoc|iPhone.ActiveCfg = Release|Any CPU
		{9D7C9B7F-AE0A-4AF2-81ED-791DB01FB249}.Ad-Hoc|iPhoneSimulator.ActiveCfg = Release|Any CPU
		{9D7C9B7F-AE0A-4AF2-81ED-791DB01FB249}.Ad-Hoc|Mixed Platforms.ActiveCfg = Release|Any CPU
		{9D7C9B7F-AE0A-4AF2-81ED-791DB01FB249}.Ad-Hoc|Mixed Platforms.Build.0 = Release|Any CPU
		{9D7C9B7F-AE0A-4AF2-81ED-791DB01FB249}.Ad-Hoc|x64.ActiveCfg = Release|Any CPU
		{9D7C9B7F-AE0A-4AF2-81ED-791DB01FB249}.Ad-Hoc|x86.ActiveCfg = Release|Any CPU
		{9D7C9B7F-AE0A-4AF2-81ED-791DB01FB249}.AppStore|Any CPU.ActiveCfg = Release|Any CPU
		{9D7C9B7F-AE0A-4AF2-81ED-791DB01FB249}.AppStore|Any CPU.Build.0 = Release|Any CPU
		{9D7C9B7F-AE0A-4AF2-81ED-791DB01FB249}.AppStore|ARM.ActiveCfg = Release|Any CPU
		{9D7C9B7F-AE0A-4AF2-81ED-791DB01FB249}.AppStore|iPhone.ActiveCfg = Release|Any CPU
		{9D7C9B7F-AE0A-4AF2-81ED-791DB01FB249}.AppStore|iPhoneSimulator.ActiveCfg = Release|Any CPU
		{9D7C9B7F-AE0A-4AF2-81ED-791DB01FB249}.AppStore|Mixed Platforms.ActiveCfg = Release|Any CPU
		{9D7C9B7F-AE0A-4AF2-81ED-791DB01FB249}.AppStore|Mixed Platforms.Build.0 = Release|Any CPU
		{9D7C9B7F-AE0A-4AF2-81ED-791DB01FB249}.AppStore|x64.ActiveCfg = Release|Any CPU
		{9D7C9B7F-AE0A-4AF2-81ED-791DB01FB249}.AppStore|x86.ActiveCfg = Release|Any CPU
		{9D7C9B7F-AE0A-4AF2-81ED-791DB01FB249}.Debug|Any CPU.ActiveCfg = Debug|Any CPU
		{9D7C9B7F-AE0A-4AF2-81ED-791DB01FB249}.Debug|Any CPU.Build.0 = Debug|Any CPU
		{9D7C9B7F-AE0A-4AF2-81ED-791DB01FB249}.Debug|ARM.ActiveCfg = Debug|Any CPU
		{9D7C9B7F-AE0A-4AF2-81ED-791DB01FB249}.Debug|iPhone.ActiveCfg = Debug|Any CPU
		{9D7C9B7F-AE0A-4AF2-81ED-791DB01FB249}.Debug|iPhoneSimulator.ActiveCfg = Debug|Any CPU
		{9D7C9B7F-AE0A-4AF2-81ED-791DB01FB249}.Debug|Mixed Platforms.ActiveCfg = Debug|Any CPU
		{9D7C9B7F-AE0A-4AF2-81ED-791DB01FB249}.Debug|Mixed Platforms.Build.0 = Debug|Any CPU
		{9D7C9B7F-AE0A-4AF2-81ED-791DB01FB249}.Debug|x64.ActiveCfg = Debug|Any CPU
		{9D7C9B7F-AE0A-4AF2-81ED-791DB01FB249}.Debug|x86.ActiveCfg = Debug|Any CPU
		{9D7C9B7F-AE0A-4AF2-81ED-791DB01FB249}.Release|Any CPU.ActiveCfg = Release|Any CPU
		{9D7C9B7F-AE0A-4AF2-81ED-791DB01FB249}.Release|Any CPU.Build.0 = Release|Any CPU
		{9D7C9B7F-AE0A-4AF2-81ED-791DB01FB249}.Release|ARM.ActiveCfg = Release|Any CPU
		{9D7C9B7F-AE0A-4AF2-81ED-791DB01FB249}.Release|iPhone.ActiveCfg = Release|Any CPU
		{9D7C9B7F-AE0A-4AF2-81ED-791DB01FB249}.Release|iPhoneSimulator.ActiveCfg = Release|Any CPU
		{9D7C9B7F-AE0A-4AF2-81ED-791DB01FB249}.Release|Mixed Platforms.ActiveCfg = Release|Any CPU
		{9D7C9B7F-AE0A-4AF2-81ED-791DB01FB249}.Release|Mixed Platforms.Build.0 = Release|Any CPU
		{9D7C9B7F-AE0A-4AF2-81ED-791DB01FB249}.Release|x64.ActiveCfg = Release|Any CPU
		{9D7C9B7F-AE0A-4AF2-81ED-791DB01FB249}.Release|x86.ActiveCfg = Release|Any CPU
		{D13B2D3E-247B-43F4-AE92-A66E4B4CBA6B}.Ad-Hoc|Any CPU.ActiveCfg = Release|Any CPU
		{D13B2D3E-247B-43F4-AE92-A66E4B4CBA6B}.Ad-Hoc|Any CPU.Build.0 = Release|Any CPU
		{D13B2D3E-247B-43F4-AE92-A66E4B4CBA6B}.Ad-Hoc|Any CPU.Deploy.0 = Release|Any CPU
		{D13B2D3E-247B-43F4-AE92-A66E4B4CBA6B}.Ad-Hoc|ARM.ActiveCfg = Release|Any CPU
		{D13B2D3E-247B-43F4-AE92-A66E4B4CBA6B}.Ad-Hoc|iPhone.ActiveCfg = Release|Any CPU
		{D13B2D3E-247B-43F4-AE92-A66E4B4CBA6B}.Ad-Hoc|iPhoneSimulator.ActiveCfg = Release|Any CPU
		{D13B2D3E-247B-43F4-AE92-A66E4B4CBA6B}.Ad-Hoc|Mixed Platforms.ActiveCfg = Release|Any CPU
		{D13B2D3E-247B-43F4-AE92-A66E4B4CBA6B}.Ad-Hoc|Mixed Platforms.Build.0 = Release|Any CPU
		{D13B2D3E-247B-43F4-AE92-A66E4B4CBA6B}.Ad-Hoc|Mixed Platforms.Deploy.0 = Release|Any CPU
		{D13B2D3E-247B-43F4-AE92-A66E4B4CBA6B}.Ad-Hoc|x64.ActiveCfg = Release|Any CPU
		{D13B2D3E-247B-43F4-AE92-A66E4B4CBA6B}.Ad-Hoc|x86.ActiveCfg = Release|Any CPU
		{D13B2D3E-247B-43F4-AE92-A66E4B4CBA6B}.AppStore|Any CPU.ActiveCfg = Release|Any CPU
		{D13B2D3E-247B-43F4-AE92-A66E4B4CBA6B}.AppStore|Any CPU.Build.0 = Release|Any CPU
		{D13B2D3E-247B-43F4-AE92-A66E4B4CBA6B}.AppStore|Any CPU.Deploy.0 = Release|Any CPU
		{D13B2D3E-247B-43F4-AE92-A66E4B4CBA6B}.AppStore|ARM.ActiveCfg = Release|Any CPU
		{D13B2D3E-247B-43F4-AE92-A66E4B4CBA6B}.AppStore|iPhone.ActiveCfg = Release|Any CPU
		{D13B2D3E-247B-43F4-AE92-A66E4B4CBA6B}.AppStore|iPhoneSimulator.ActiveCfg = Release|Any CPU
		{D13B2D3E-247B-43F4-AE92-A66E4B4CBA6B}.AppStore|Mixed Platforms.ActiveCfg = Release|Any CPU
		{D13B2D3E-247B-43F4-AE92-A66E4B4CBA6B}.AppStore|Mixed Platforms.Build.0 = Release|Any CPU
		{D13B2D3E-247B-43F4-AE92-A66E4B4CBA6B}.AppStore|Mixed Platforms.Deploy.0 = Release|Any CPU
		{D13B2D3E-247B-43F4-AE92-A66E4B4CBA6B}.AppStore|x64.ActiveCfg = Release|Any CPU
		{D13B2D3E-247B-43F4-AE92-A66E4B4CBA6B}.AppStore|x86.ActiveCfg = Release|Any CPU
		{D13B2D3E-247B-43F4-AE92-A66E4B4CBA6B}.Debug|Any CPU.ActiveCfg = Debug|Any CPU
		{D13B2D3E-247B-43F4-AE92-A66E4B4CBA6B}.Debug|Any CPU.Build.0 = Debug|Any CPU
		{D13B2D3E-247B-43F4-AE92-A66E4B4CBA6B}.Debug|Any CPU.Deploy.0 = Debug|Any CPU
		{D13B2D3E-247B-43F4-AE92-A66E4B4CBA6B}.Debug|ARM.ActiveCfg = Debug|Any CPU
		{D13B2D3E-247B-43F4-AE92-A66E4B4CBA6B}.Debug|iPhone.ActiveCfg = Debug|Any CPU
		{D13B2D3E-247B-43F4-AE92-A66E4B4CBA6B}.Debug|iPhoneSimulator.ActiveCfg = Debug|Any CPU
		{D13B2D3E-247B-43F4-AE92-A66E4B4CBA6B}.Debug|Mixed Platforms.ActiveCfg = Debug|Any CPU
		{D13B2D3E-247B-43F4-AE92-A66E4B4CBA6B}.Debug|Mixed Platforms.Build.0 = Debug|Any CPU
		{D13B2D3E-247B-43F4-AE92-A66E4B4CBA6B}.Debug|Mixed Platforms.Deploy.0 = Debug|Any CPU
		{D13B2D3E-247B-43F4-AE92-A66E4B4CBA6B}.Debug|x64.ActiveCfg = Debug|Any CPU
		{D13B2D3E-247B-43F4-AE92-A66E4B4CBA6B}.Debug|x86.ActiveCfg = Debug|Any CPU
		{D13B2D3E-247B-43F4-AE92-A66E4B4CBA6B}.Release|Any CPU.ActiveCfg = Release|Any CPU
		{D13B2D3E-247B-43F4-AE92-A66E4B4CBA6B}.Release|Any CPU.Build.0 = Release|Any CPU
		{D13B2D3E-247B-43F4-AE92-A66E4B4CBA6B}.Release|Any CPU.Deploy.0 = Release|Any CPU
		{D13B2D3E-247B-43F4-AE92-A66E4B4CBA6B}.Release|ARM.ActiveCfg = Release|Any CPU
		{D13B2D3E-247B-43F4-AE92-A66E4B4CBA6B}.Release|iPhone.ActiveCfg = Release|Any CPU
		{D13B2D3E-247B-43F4-AE92-A66E4B4CBA6B}.Release|iPhoneSimulator.ActiveCfg = Release|Any CPU
		{D13B2D3E-247B-43F4-AE92-A66E4B4CBA6B}.Release|Mixed Platforms.ActiveCfg = Release|Any CPU
		{D13B2D3E-247B-43F4-AE92-A66E4B4CBA6B}.Release|Mixed Platforms.Build.0 = Release|Any CPU
		{D13B2D3E-247B-43F4-AE92-A66E4B4CBA6B}.Release|Mixed Platforms.Deploy.0 = Release|Any CPU
		{D13B2D3E-247B-43F4-AE92-A66E4B4CBA6B}.Release|x64.ActiveCfg = Release|Any CPU
		{D13B2D3E-247B-43F4-AE92-A66E4B4CBA6B}.Release|x86.ActiveCfg = Release|Any CPU
		{C47AD73D-2B2B-46C2-8A86-077A29B1EB67}.Ad-Hoc|Any CPU.ActiveCfg = Release|Any CPU
		{C47AD73D-2B2B-46C2-8A86-077A29B1EB67}.Ad-Hoc|Any CPU.Build.0 = Release|Any CPU
		{C47AD73D-2B2B-46C2-8A86-077A29B1EB67}.Ad-Hoc|Any CPU.Deploy.0 = Release|Any CPU
		{C47AD73D-2B2B-46C2-8A86-077A29B1EB67}.Ad-Hoc|ARM.ActiveCfg = Release|ARM
		{C47AD73D-2B2B-46C2-8A86-077A29B1EB67}.Ad-Hoc|ARM.Build.0 = Release|ARM
		{C47AD73D-2B2B-46C2-8A86-077A29B1EB67}.Ad-Hoc|ARM.Deploy.0 = Release|ARM
		{C47AD73D-2B2B-46C2-8A86-077A29B1EB67}.Ad-Hoc|iPhone.ActiveCfg = Release|Any CPU
		{C47AD73D-2B2B-46C2-8A86-077A29B1EB67}.Ad-Hoc|iPhoneSimulator.ActiveCfg = Release|Any CPU
		{C47AD73D-2B2B-46C2-8A86-077A29B1EB67}.Ad-Hoc|Mixed Platforms.ActiveCfg = Release|x86
		{C47AD73D-2B2B-46C2-8A86-077A29B1EB67}.Ad-Hoc|Mixed Platforms.Build.0 = Release|x86
		{C47AD73D-2B2B-46C2-8A86-077A29B1EB67}.Ad-Hoc|Mixed Platforms.Deploy.0 = Release|x86
		{C47AD73D-2B2B-46C2-8A86-077A29B1EB67}.Ad-Hoc|x64.ActiveCfg = Release|Any CPU
		{C47AD73D-2B2B-46C2-8A86-077A29B1EB67}.Ad-Hoc|x86.ActiveCfg = Release|x86
		{C47AD73D-2B2B-46C2-8A86-077A29B1EB67}.Ad-Hoc|x86.Build.0 = Release|x86
		{C47AD73D-2B2B-46C2-8A86-077A29B1EB67}.Ad-Hoc|x86.Deploy.0 = Release|x86
		{C47AD73D-2B2B-46C2-8A86-077A29B1EB67}.AppStore|Any CPU.ActiveCfg = Release|Any CPU
		{C47AD73D-2B2B-46C2-8A86-077A29B1EB67}.AppStore|Any CPU.Build.0 = Release|Any CPU
		{C47AD73D-2B2B-46C2-8A86-077A29B1EB67}.AppStore|Any CPU.Deploy.0 = Release|Any CPU
		{C47AD73D-2B2B-46C2-8A86-077A29B1EB67}.AppStore|ARM.ActiveCfg = Release|ARM
		{C47AD73D-2B2B-46C2-8A86-077A29B1EB67}.AppStore|ARM.Build.0 = Release|ARM
		{C47AD73D-2B2B-46C2-8A86-077A29B1EB67}.AppStore|ARM.Deploy.0 = Release|ARM
		{C47AD73D-2B2B-46C2-8A86-077A29B1EB67}.AppStore|iPhone.ActiveCfg = Release|Any CPU
		{C47AD73D-2B2B-46C2-8A86-077A29B1EB67}.AppStore|iPhoneSimulator.ActiveCfg = Release|Any CPU
		{C47AD73D-2B2B-46C2-8A86-077A29B1EB67}.AppStore|Mixed Platforms.ActiveCfg = Release|x86
		{C47AD73D-2B2B-46C2-8A86-077A29B1EB67}.AppStore|Mixed Platforms.Build.0 = Release|x86
		{C47AD73D-2B2B-46C2-8A86-077A29B1EB67}.AppStore|Mixed Platforms.Deploy.0 = Release|x86
		{C47AD73D-2B2B-46C2-8A86-077A29B1EB67}.AppStore|x64.ActiveCfg = Release|Any CPU
		{C47AD73D-2B2B-46C2-8A86-077A29B1EB67}.AppStore|x86.ActiveCfg = Release|x86
		{C47AD73D-2B2B-46C2-8A86-077A29B1EB67}.AppStore|x86.Build.0 = Release|x86
		{C47AD73D-2B2B-46C2-8A86-077A29B1EB67}.AppStore|x86.Deploy.0 = Release|x86
		{C47AD73D-2B2B-46C2-8A86-077A29B1EB67}.Debug|Any CPU.ActiveCfg = Debug|Any CPU
		{C47AD73D-2B2B-46C2-8A86-077A29B1EB67}.Debug|Any CPU.Build.0 = Debug|Any CPU
		{C47AD73D-2B2B-46C2-8A86-077A29B1EB67}.Debug|Any CPU.Deploy.0 = Debug|Any CPU
		{C47AD73D-2B2B-46C2-8A86-077A29B1EB67}.Debug|ARM.ActiveCfg = Debug|ARM
		{C47AD73D-2B2B-46C2-8A86-077A29B1EB67}.Debug|ARM.Build.0 = Debug|ARM
		{C47AD73D-2B2B-46C2-8A86-077A29B1EB67}.Debug|ARM.Deploy.0 = Debug|ARM
		{C47AD73D-2B2B-46C2-8A86-077A29B1EB67}.Debug|iPhone.ActiveCfg = Debug|Any CPU
		{C47AD73D-2B2B-46C2-8A86-077A29B1EB67}.Debug|iPhoneSimulator.ActiveCfg = Debug|Any CPU
		{C47AD73D-2B2B-46C2-8A86-077A29B1EB67}.Debug|Mixed Platforms.ActiveCfg = Debug|x86
		{C47AD73D-2B2B-46C2-8A86-077A29B1EB67}.Debug|Mixed Platforms.Build.0 = Debug|x86
		{C47AD73D-2B2B-46C2-8A86-077A29B1EB67}.Debug|Mixed Platforms.Deploy.0 = Debug|x86
		{C47AD73D-2B2B-46C2-8A86-077A29B1EB67}.Debug|x64.ActiveCfg = Debug|Any CPU
		{C47AD73D-2B2B-46C2-8A86-077A29B1EB67}.Debug|x86.ActiveCfg = Debug|x86
		{C47AD73D-2B2B-46C2-8A86-077A29B1EB67}.Debug|x86.Build.0 = Debug|x86
		{C47AD73D-2B2B-46C2-8A86-077A29B1EB67}.Debug|x86.Deploy.0 = Debug|x86
		{C47AD73D-2B2B-46C2-8A86-077A29B1EB67}.Release|Any CPU.ActiveCfg = Release|Any CPU
		{C47AD73D-2B2B-46C2-8A86-077A29B1EB67}.Release|Any CPU.Build.0 = Release|Any CPU
		{C47AD73D-2B2B-46C2-8A86-077A29B1EB67}.Release|Any CPU.Deploy.0 = Release|Any CPU
		{C47AD73D-2B2B-46C2-8A86-077A29B1EB67}.Release|ARM.ActiveCfg = Release|ARM
		{C47AD73D-2B2B-46C2-8A86-077A29B1EB67}.Release|ARM.Build.0 = Release|ARM
		{C47AD73D-2B2B-46C2-8A86-077A29B1EB67}.Release|ARM.Deploy.0 = Release|ARM
		{C47AD73D-2B2B-46C2-8A86-077A29B1EB67}.Release|iPhone.ActiveCfg = Release|Any CPU
		{C47AD73D-2B2B-46C2-8A86-077A29B1EB67}.Release|iPhoneSimulator.ActiveCfg = Release|Any CPU
		{C47AD73D-2B2B-46C2-8A86-077A29B1EB67}.Release|Mixed Platforms.ActiveCfg = Release|x86
		{C47AD73D-2B2B-46C2-8A86-077A29B1EB67}.Release|Mixed Platforms.Build.0 = Release|x86
		{C47AD73D-2B2B-46C2-8A86-077A29B1EB67}.Release|Mixed Platforms.Deploy.0 = Release|x86
		{C47AD73D-2B2B-46C2-8A86-077A29B1EB67}.Release|x64.ActiveCfg = Release|Any CPU
		{C47AD73D-2B2B-46C2-8A86-077A29B1EB67}.Release|x86.ActiveCfg = Release|x86
		{C47AD73D-2B2B-46C2-8A86-077A29B1EB67}.Release|x86.Build.0 = Release|x86
		{C47AD73D-2B2B-46C2-8A86-077A29B1EB67}.Release|x86.Deploy.0 = Release|x86
		{1F2FCD8A-E604-42A5-A020-36D0013A927E}.Ad-Hoc|Any CPU.ActiveCfg = Release|Any CPU
		{1F2FCD8A-E604-42A5-A020-36D0013A927E}.Ad-Hoc|Any CPU.Build.0 = Release|Any CPU
		{1F2FCD8A-E604-42A5-A020-36D0013A927E}.Ad-Hoc|Any CPU.Deploy.0 = Release|Any CPU
		{1F2FCD8A-E604-42A5-A020-36D0013A927E}.Ad-Hoc|ARM.ActiveCfg = Release|ARM
		{1F2FCD8A-E604-42A5-A020-36D0013A927E}.Ad-Hoc|ARM.Build.0 = Release|ARM
		{1F2FCD8A-E604-42A5-A020-36D0013A927E}.Ad-Hoc|ARM.Deploy.0 = Release|ARM
		{1F2FCD8A-E604-42A5-A020-36D0013A927E}.Ad-Hoc|iPhone.ActiveCfg = Release|Any CPU
		{1F2FCD8A-E604-42A5-A020-36D0013A927E}.Ad-Hoc|iPhoneSimulator.ActiveCfg = Release|Any CPU
		{1F2FCD8A-E604-42A5-A020-36D0013A927E}.Ad-Hoc|Mixed Platforms.ActiveCfg = Release|x86
		{1F2FCD8A-E604-42A5-A020-36D0013A927E}.Ad-Hoc|Mixed Platforms.Build.0 = Release|x86
		{1F2FCD8A-E604-42A5-A020-36D0013A927E}.Ad-Hoc|Mixed Platforms.Deploy.0 = Release|x86
		{1F2FCD8A-E604-42A5-A020-36D0013A927E}.Ad-Hoc|x64.ActiveCfg = Release|x64
		{1F2FCD8A-E604-42A5-A020-36D0013A927E}.Ad-Hoc|x64.Build.0 = Release|x64
		{1F2FCD8A-E604-42A5-A020-36D0013A927E}.Ad-Hoc|x64.Deploy.0 = Release|x64
		{1F2FCD8A-E604-42A5-A020-36D0013A927E}.Ad-Hoc|x86.ActiveCfg = Release|x86
		{1F2FCD8A-E604-42A5-A020-36D0013A927E}.Ad-Hoc|x86.Build.0 = Release|x86
		{1F2FCD8A-E604-42A5-A020-36D0013A927E}.Ad-Hoc|x86.Deploy.0 = Release|x86
		{1F2FCD8A-E604-42A5-A020-36D0013A927E}.AppStore|Any CPU.ActiveCfg = Release|Any CPU
		{1F2FCD8A-E604-42A5-A020-36D0013A927E}.AppStore|Any CPU.Build.0 = Release|Any CPU
		{1F2FCD8A-E604-42A5-A020-36D0013A927E}.AppStore|Any CPU.Deploy.0 = Release|Any CPU
		{1F2FCD8A-E604-42A5-A020-36D0013A927E}.AppStore|ARM.ActiveCfg = Release|ARM
		{1F2FCD8A-E604-42A5-A020-36D0013A927E}.AppStore|ARM.Build.0 = Release|ARM
		{1F2FCD8A-E604-42A5-A020-36D0013A927E}.AppStore|ARM.Deploy.0 = Release|ARM
		{1F2FCD8A-E604-42A5-A020-36D0013A927E}.AppStore|iPhone.ActiveCfg = Release|Any CPU
		{1F2FCD8A-E604-42A5-A020-36D0013A927E}.AppStore|iPhoneSimulator.ActiveCfg = Release|Any CPU
		{1F2FCD8A-E604-42A5-A020-36D0013A927E}.AppStore|Mixed Platforms.ActiveCfg = Release|x86
		{1F2FCD8A-E604-42A5-A020-36D0013A927E}.AppStore|Mixed Platforms.Build.0 = Release|x86
		{1F2FCD8A-E604-42A5-A020-36D0013A927E}.AppStore|Mixed Platforms.Deploy.0 = Release|x86
		{1F2FCD8A-E604-42A5-A020-36D0013A927E}.AppStore|x64.ActiveCfg = Release|x64
		{1F2FCD8A-E604-42A5-A020-36D0013A927E}.AppStore|x64.Build.0 = Release|x64
		{1F2FCD8A-E604-42A5-A020-36D0013A927E}.AppStore|x64.Deploy.0 = Release|x64
		{1F2FCD8A-E604-42A5-A020-36D0013A927E}.AppStore|x86.ActiveCfg = Release|x86
		{1F2FCD8A-E604-42A5-A020-36D0013A927E}.AppStore|x86.Build.0 = Release|x86
		{1F2FCD8A-E604-42A5-A020-36D0013A927E}.AppStore|x86.Deploy.0 = Release|x86
		{1F2FCD8A-E604-42A5-A020-36D0013A927E}.Debug|Any CPU.ActiveCfg = Debug|Any CPU
		{1F2FCD8A-E604-42A5-A020-36D0013A927E}.Debug|Any CPU.Build.0 = Debug|Any CPU
		{1F2FCD8A-E604-42A5-A020-36D0013A927E}.Debug|Any CPU.Deploy.0 = Debug|Any CPU
		{1F2FCD8A-E604-42A5-A020-36D0013A927E}.Debug|ARM.ActiveCfg = Debug|ARM
		{1F2FCD8A-E604-42A5-A020-36D0013A927E}.Debug|ARM.Build.0 = Debug|ARM
		{1F2FCD8A-E604-42A5-A020-36D0013A927E}.Debug|ARM.Deploy.0 = Debug|ARM
		{1F2FCD8A-E604-42A5-A020-36D0013A927E}.Debug|iPhone.ActiveCfg = Debug|Any CPU
		{1F2FCD8A-E604-42A5-A020-36D0013A927E}.Debug|iPhoneSimulator.ActiveCfg = Debug|Any CPU
		{1F2FCD8A-E604-42A5-A020-36D0013A927E}.Debug|Mixed Platforms.ActiveCfg = Debug|x86
		{1F2FCD8A-E604-42A5-A020-36D0013A927E}.Debug|Mixed Platforms.Build.0 = Debug|x86
		{1F2FCD8A-E604-42A5-A020-36D0013A927E}.Debug|Mixed Platforms.Deploy.0 = Debug|x86
		{1F2FCD8A-E604-42A5-A020-36D0013A927E}.Debug|x64.ActiveCfg = Debug|x64
		{1F2FCD8A-E604-42A5-A020-36D0013A927E}.Debug|x64.Build.0 = Debug|x64
		{1F2FCD8A-E604-42A5-A020-36D0013A927E}.Debug|x64.Deploy.0 = Debug|x64
		{1F2FCD8A-E604-42A5-A020-36D0013A927E}.Debug|x86.ActiveCfg = Debug|x86
		{1F2FCD8A-E604-42A5-A020-36D0013A927E}.Debug|x86.Build.0 = Debug|x86
		{1F2FCD8A-E604-42A5-A020-36D0013A927E}.Debug|x86.Deploy.0 = Debug|x86
		{1F2FCD8A-E604-42A5-A020-36D0013A927E}.Release|Any CPU.ActiveCfg = Release|Any CPU
		{1F2FCD8A-E604-42A5-A020-36D0013A927E}.Release|Any CPU.Build.0 = Release|Any CPU
		{1F2FCD8A-E604-42A5-A020-36D0013A927E}.Release|Any CPU.Deploy.0 = Release|Any CPU
		{1F2FCD8A-E604-42A5-A020-36D0013A927E}.Release|ARM.ActiveCfg = Release|ARM
		{1F2FCD8A-E604-42A5-A020-36D0013A927E}.Release|ARM.Build.0 = Release|ARM
		{1F2FCD8A-E604-42A5-A020-36D0013A927E}.Release|ARM.Deploy.0 = Release|ARM
		{1F2FCD8A-E604-42A5-A020-36D0013A927E}.Release|iPhone.ActiveCfg = Release|Any CPU
		{1F2FCD8A-E604-42A5-A020-36D0013A927E}.Release|iPhoneSimulator.ActiveCfg = Release|Any CPU
		{1F2FCD8A-E604-42A5-A020-36D0013A927E}.Release|Mixed Platforms.ActiveCfg = Release|x86
		{1F2FCD8A-E604-42A5-A020-36D0013A927E}.Release|Mixed Platforms.Build.0 = Release|x86
		{1F2FCD8A-E604-42A5-A020-36D0013A927E}.Release|Mixed Platforms.Deploy.0 = Release|x86
		{1F2FCD8A-E604-42A5-A020-36D0013A927E}.Release|x64.ActiveCfg = Release|x64
		{1F2FCD8A-E604-42A5-A020-36D0013A927E}.Release|x64.Build.0 = Release|x64
		{1F2FCD8A-E604-42A5-A020-36D0013A927E}.Release|x64.Deploy.0 = Release|x64
		{1F2FCD8A-E604-42A5-A020-36D0013A927E}.Release|x86.ActiveCfg = Release|x86
		{1F2FCD8A-E604-42A5-A020-36D0013A927E}.Release|x86.Build.0 = Release|x86
		{1F2FCD8A-E604-42A5-A020-36D0013A927E}.Release|x86.Deploy.0 = Release|x86
		{6CCD0EE4-E233-4071-8BE1-7DC7887B5CFB}.Ad-Hoc|Any CPU.ActiveCfg = Release|Any CPU
		{6CCD0EE4-E233-4071-8BE1-7DC7887B5CFB}.Ad-Hoc|Any CPU.Build.0 = Release|Any CPU
		{6CCD0EE4-E233-4071-8BE1-7DC7887B5CFB}.Ad-Hoc|Any CPU.Deploy.0 = Release|Any CPU
		{6CCD0EE4-E233-4071-8BE1-7DC7887B5CFB}.Ad-Hoc|ARM.ActiveCfg = Release|ARM
		{6CCD0EE4-E233-4071-8BE1-7DC7887B5CFB}.Ad-Hoc|ARM.Build.0 = Release|ARM
		{6CCD0EE4-E233-4071-8BE1-7DC7887B5CFB}.Ad-Hoc|ARM.Deploy.0 = Release|ARM
		{6CCD0EE4-E233-4071-8BE1-7DC7887B5CFB}.Ad-Hoc|iPhone.ActiveCfg = Release|Any CPU
		{6CCD0EE4-E233-4071-8BE1-7DC7887B5CFB}.Ad-Hoc|iPhoneSimulator.ActiveCfg = Release|Any CPU
		{6CCD0EE4-E233-4071-8BE1-7DC7887B5CFB}.Ad-Hoc|Mixed Platforms.ActiveCfg = Release|x86
		{6CCD0EE4-E233-4071-8BE1-7DC7887B5CFB}.Ad-Hoc|Mixed Platforms.Build.0 = Release|x86
		{6CCD0EE4-E233-4071-8BE1-7DC7887B5CFB}.Ad-Hoc|Mixed Platforms.Deploy.0 = Release|x86
		{6CCD0EE4-E233-4071-8BE1-7DC7887B5CFB}.Ad-Hoc|x64.ActiveCfg = Release|Any CPU
		{6CCD0EE4-E233-4071-8BE1-7DC7887B5CFB}.Ad-Hoc|x86.ActiveCfg = Release|x86
		{6CCD0EE4-E233-4071-8BE1-7DC7887B5CFB}.Ad-Hoc|x86.Build.0 = Release|x86
		{6CCD0EE4-E233-4071-8BE1-7DC7887B5CFB}.Ad-Hoc|x86.Deploy.0 = Release|x86
		{6CCD0EE4-E233-4071-8BE1-7DC7887B5CFB}.AppStore|Any CPU.ActiveCfg = Release|Any CPU
		{6CCD0EE4-E233-4071-8BE1-7DC7887B5CFB}.AppStore|Any CPU.Build.0 = Release|Any CPU
		{6CCD0EE4-E233-4071-8BE1-7DC7887B5CFB}.AppStore|Any CPU.Deploy.0 = Release|Any CPU
		{6CCD0EE4-E233-4071-8BE1-7DC7887B5CFB}.AppStore|ARM.ActiveCfg = Release|ARM
		{6CCD0EE4-E233-4071-8BE1-7DC7887B5CFB}.AppStore|ARM.Build.0 = Release|ARM
		{6CCD0EE4-E233-4071-8BE1-7DC7887B5CFB}.AppStore|ARM.Deploy.0 = Release|ARM
		{6CCD0EE4-E233-4071-8BE1-7DC7887B5CFB}.AppStore|iPhone.ActiveCfg = Release|Any CPU
		{6CCD0EE4-E233-4071-8BE1-7DC7887B5CFB}.AppStore|iPhoneSimulator.ActiveCfg = Release|Any CPU
		{6CCD0EE4-E233-4071-8BE1-7DC7887B5CFB}.AppStore|Mixed Platforms.ActiveCfg = Release|x86
		{6CCD0EE4-E233-4071-8BE1-7DC7887B5CFB}.AppStore|Mixed Platforms.Build.0 = Release|x86
		{6CCD0EE4-E233-4071-8BE1-7DC7887B5CFB}.AppStore|Mixed Platforms.Deploy.0 = Release|x86
		{6CCD0EE4-E233-4071-8BE1-7DC7887B5CFB}.AppStore|x64.ActiveCfg = Release|Any CPU
		{6CCD0EE4-E233-4071-8BE1-7DC7887B5CFB}.AppStore|x86.ActiveCfg = Release|x86
		{6CCD0EE4-E233-4071-8BE1-7DC7887B5CFB}.AppStore|x86.Build.0 = Release|x86
		{6CCD0EE4-E233-4071-8BE1-7DC7887B5CFB}.AppStore|x86.Deploy.0 = Release|x86
		{6CCD0EE4-E233-4071-8BE1-7DC7887B5CFB}.Debug|Any CPU.ActiveCfg = Debug|Any CPU
		{6CCD0EE4-E233-4071-8BE1-7DC7887B5CFB}.Debug|Any CPU.Build.0 = Debug|Any CPU
		{6CCD0EE4-E233-4071-8BE1-7DC7887B5CFB}.Debug|Any CPU.Deploy.0 = Debug|Any CPU
		{6CCD0EE4-E233-4071-8BE1-7DC7887B5CFB}.Debug|ARM.ActiveCfg = Debug|ARM
		{6CCD0EE4-E233-4071-8BE1-7DC7887B5CFB}.Debug|ARM.Build.0 = Debug|ARM
		{6CCD0EE4-E233-4071-8BE1-7DC7887B5CFB}.Debug|ARM.Deploy.0 = Debug|ARM
		{6CCD0EE4-E233-4071-8BE1-7DC7887B5CFB}.Debug|iPhone.ActiveCfg = Debug|Any CPU
		{6CCD0EE4-E233-4071-8BE1-7DC7887B5CFB}.Debug|iPhoneSimulator.ActiveCfg = Debug|Any CPU
		{6CCD0EE4-E233-4071-8BE1-7DC7887B5CFB}.Debug|Mixed Platforms.ActiveCfg = Debug|x86
		{6CCD0EE4-E233-4071-8BE1-7DC7887B5CFB}.Debug|Mixed Platforms.Build.0 = Debug|x86
		{6CCD0EE4-E233-4071-8BE1-7DC7887B5CFB}.Debug|Mixed Platforms.Deploy.0 = Debug|x86
		{6CCD0EE4-E233-4071-8BE1-7DC7887B5CFB}.Debug|x64.ActiveCfg = Debug|Any CPU
		{6CCD0EE4-E233-4071-8BE1-7DC7887B5CFB}.Debug|x86.ActiveCfg = Debug|x86
		{6CCD0EE4-E233-4071-8BE1-7DC7887B5CFB}.Debug|x86.Build.0 = Debug|x86
		{6CCD0EE4-E233-4071-8BE1-7DC7887B5CFB}.Debug|x86.Deploy.0 = Debug|x86
		{6CCD0EE4-E233-4071-8BE1-7DC7887B5CFB}.Release|Any CPU.ActiveCfg = Release|Any CPU
		{6CCD0EE4-E233-4071-8BE1-7DC7887B5CFB}.Release|Any CPU.Build.0 = Release|Any CPU
		{6CCD0EE4-E233-4071-8BE1-7DC7887B5CFB}.Release|Any CPU.Deploy.0 = Release|Any CPU
		{6CCD0EE4-E233-4071-8BE1-7DC7887B5CFB}.Release|ARM.ActiveCfg = Release|ARM
		{6CCD0EE4-E233-4071-8BE1-7DC7887B5CFB}.Release|ARM.Build.0 = Release|ARM
		{6CCD0EE4-E233-4071-8BE1-7DC7887B5CFB}.Release|ARM.Deploy.0 = Release|ARM
		{6CCD0EE4-E233-4071-8BE1-7DC7887B5CFB}.Release|iPhone.ActiveCfg = Release|Any CPU
		{6CCD0EE4-E233-4071-8BE1-7DC7887B5CFB}.Release|iPhoneSimulator.ActiveCfg = Release|Any CPU
		{6CCD0EE4-E233-4071-8BE1-7DC7887B5CFB}.Release|Mixed Platforms.ActiveCfg = Release|x86
		{6CCD0EE4-E233-4071-8BE1-7DC7887B5CFB}.Release|Mixed Platforms.Build.0 = Release|x86
		{6CCD0EE4-E233-4071-8BE1-7DC7887B5CFB}.Release|Mixed Platforms.Deploy.0 = Release|x86
		{6CCD0EE4-E233-4071-8BE1-7DC7887B5CFB}.Release|x64.ActiveCfg = Release|Any CPU
		{6CCD0EE4-E233-4071-8BE1-7DC7887B5CFB}.Release|x86.ActiveCfg = Release|x86
		{6CCD0EE4-E233-4071-8BE1-7DC7887B5CFB}.Release|x86.Build.0 = Release|x86
		{6CCD0EE4-E233-4071-8BE1-7DC7887B5CFB}.Release|x86.Deploy.0 = Release|x86
		{51447ABD-5857-4624-9109-0965D80FE81C}.Ad-Hoc|Any CPU.ActiveCfg = Release|Any CPU
		{51447ABD-5857-4624-9109-0965D80FE81C}.Ad-Hoc|Any CPU.Build.0 = Release|Any CPU
		{51447ABD-5857-4624-9109-0965D80FE81C}.Ad-Hoc|Any CPU.Deploy.0 = Release|Any CPU
		{51447ABD-5857-4624-9109-0965D80FE81C}.Ad-Hoc|ARM.ActiveCfg = Release|ARM
		{51447ABD-5857-4624-9109-0965D80FE81C}.Ad-Hoc|ARM.Build.0 = Release|ARM
		{51447ABD-5857-4624-9109-0965D80FE81C}.Ad-Hoc|ARM.Deploy.0 = Release|ARM
		{51447ABD-5857-4624-9109-0965D80FE81C}.Ad-Hoc|iPhone.ActiveCfg = Release|Any CPU
		{51447ABD-5857-4624-9109-0965D80FE81C}.Ad-Hoc|iPhoneSimulator.ActiveCfg = Release|Any CPU
		{51447ABD-5857-4624-9109-0965D80FE81C}.Ad-Hoc|Mixed Platforms.ActiveCfg = Release|x86
		{51447ABD-5857-4624-9109-0965D80FE81C}.Ad-Hoc|Mixed Platforms.Build.0 = Release|x86
		{51447ABD-5857-4624-9109-0965D80FE81C}.Ad-Hoc|Mixed Platforms.Deploy.0 = Release|x86
		{51447ABD-5857-4624-9109-0965D80FE81C}.Ad-Hoc|x64.ActiveCfg = Release|x64
		{51447ABD-5857-4624-9109-0965D80FE81C}.Ad-Hoc|x64.Build.0 = Release|x64
		{51447ABD-5857-4624-9109-0965D80FE81C}.Ad-Hoc|x64.Deploy.0 = Release|x64
		{51447ABD-5857-4624-9109-0965D80FE81C}.Ad-Hoc|x86.ActiveCfg = Release|x86
		{51447ABD-5857-4624-9109-0965D80FE81C}.Ad-Hoc|x86.Build.0 = Release|x86
		{51447ABD-5857-4624-9109-0965D80FE81C}.Ad-Hoc|x86.Deploy.0 = Release|x86
		{51447ABD-5857-4624-9109-0965D80FE81C}.AppStore|Any CPU.ActiveCfg = Release|Any CPU
		{51447ABD-5857-4624-9109-0965D80FE81C}.AppStore|Any CPU.Build.0 = Release|Any CPU
		{51447ABD-5857-4624-9109-0965D80FE81C}.AppStore|Any CPU.Deploy.0 = Release|Any CPU
		{51447ABD-5857-4624-9109-0965D80FE81C}.AppStore|ARM.ActiveCfg = Release|ARM
		{51447ABD-5857-4624-9109-0965D80FE81C}.AppStore|ARM.Build.0 = Release|ARM
		{51447ABD-5857-4624-9109-0965D80FE81C}.AppStore|ARM.Deploy.0 = Release|ARM
		{51447ABD-5857-4624-9109-0965D80FE81C}.AppStore|iPhone.ActiveCfg = Release|Any CPU
		{51447ABD-5857-4624-9109-0965D80FE81C}.AppStore|iPhoneSimulator.ActiveCfg = Release|Any CPU
		{51447ABD-5857-4624-9109-0965D80FE81C}.AppStore|Mixed Platforms.ActiveCfg = Release|x86
		{51447ABD-5857-4624-9109-0965D80FE81C}.AppStore|Mixed Platforms.Build.0 = Release|x86
		{51447ABD-5857-4624-9109-0965D80FE81C}.AppStore|Mixed Platforms.Deploy.0 = Release|x86
		{51447ABD-5857-4624-9109-0965D80FE81C}.AppStore|x64.ActiveCfg = Release|x64
		{51447ABD-5857-4624-9109-0965D80FE81C}.AppStore|x64.Build.0 = Release|x64
		{51447ABD-5857-4624-9109-0965D80FE81C}.AppStore|x64.Deploy.0 = Release|x64
		{51447ABD-5857-4624-9109-0965D80FE81C}.AppStore|x86.ActiveCfg = Release|x86
		{51447ABD-5857-4624-9109-0965D80FE81C}.AppStore|x86.Build.0 = Release|x86
		{51447ABD-5857-4624-9109-0965D80FE81C}.AppStore|x86.Deploy.0 = Release|x86
		{51447ABD-5857-4624-9109-0965D80FE81C}.Debug|Any CPU.ActiveCfg = Debug|Any CPU
		{51447ABD-5857-4624-9109-0965D80FE81C}.Debug|Any CPU.Build.0 = Debug|Any CPU
		{51447ABD-5857-4624-9109-0965D80FE81C}.Debug|Any CPU.Deploy.0 = Debug|Any CPU
		{51447ABD-5857-4624-9109-0965D80FE81C}.Debug|ARM.ActiveCfg = Debug|ARM
		{51447ABD-5857-4624-9109-0965D80FE81C}.Debug|ARM.Build.0 = Debug|ARM
		{51447ABD-5857-4624-9109-0965D80FE81C}.Debug|ARM.Deploy.0 = Debug|ARM
		{51447ABD-5857-4624-9109-0965D80FE81C}.Debug|iPhone.ActiveCfg = Debug|Any CPU
		{51447ABD-5857-4624-9109-0965D80FE81C}.Debug|iPhoneSimulator.ActiveCfg = Debug|Any CPU
		{51447ABD-5857-4624-9109-0965D80FE81C}.Debug|Mixed Platforms.ActiveCfg = Debug|x86
		{51447ABD-5857-4624-9109-0965D80FE81C}.Debug|Mixed Platforms.Build.0 = Debug|x86
		{51447ABD-5857-4624-9109-0965D80FE81C}.Debug|Mixed Platforms.Deploy.0 = Debug|x86
		{51447ABD-5857-4624-9109-0965D80FE81C}.Debug|x64.ActiveCfg = Debug|x64
		{51447ABD-5857-4624-9109-0965D80FE81C}.Debug|x64.Build.0 = Debug|x64
		{51447ABD-5857-4624-9109-0965D80FE81C}.Debug|x64.Deploy.0 = Debug|x64
		{51447ABD-5857-4624-9109-0965D80FE81C}.Debug|x86.ActiveCfg = Debug|x86
		{51447ABD-5857-4624-9109-0965D80FE81C}.Debug|x86.Build.0 = Debug|x86
		{51447ABD-5857-4624-9109-0965D80FE81C}.Debug|x86.Deploy.0 = Debug|x86
		{51447ABD-5857-4624-9109-0965D80FE81C}.Release|Any CPU.ActiveCfg = Release|Any CPU
		{51447ABD-5857-4624-9109-0965D80FE81C}.Release|Any CPU.Build.0 = Release|Any CPU
		{51447ABD-5857-4624-9109-0965D80FE81C}.Release|Any CPU.Deploy.0 = Release|Any CPU
		{51447ABD-5857-4624-9109-0965D80FE81C}.Release|ARM.ActiveCfg = Release|ARM
		{51447ABD-5857-4624-9109-0965D80FE81C}.Release|ARM.Build.0 = Release|ARM
		{51447ABD-5857-4624-9109-0965D80FE81C}.Release|ARM.Deploy.0 = Release|ARM
		{51447ABD-5857-4624-9109-0965D80FE81C}.Release|iPhone.ActiveCfg = Release|Any CPU
		{51447ABD-5857-4624-9109-0965D80FE81C}.Release|iPhoneSimulator.ActiveCfg = Release|Any CPU
		{51447ABD-5857-4624-9109-0965D80FE81C}.Release|Mixed Platforms.ActiveCfg = Release|x86
		{51447ABD-5857-4624-9109-0965D80FE81C}.Release|Mixed Platforms.Build.0 = Release|x86
		{51447ABD-5857-4624-9109-0965D80FE81C}.Release|Mixed Platforms.Deploy.0 = Release|x86
		{51447ABD-5857-4624-9109-0965D80FE81C}.Release|x64.ActiveCfg = Release|x64
		{51447ABD-5857-4624-9109-0965D80FE81C}.Release|x64.Build.0 = Release|x64
		{51447ABD-5857-4624-9109-0965D80FE81C}.Release|x64.Deploy.0 = Release|x64
		{51447ABD-5857-4624-9109-0965D80FE81C}.Release|x86.ActiveCfg = Release|x86
		{51447ABD-5857-4624-9109-0965D80FE81C}.Release|x86.Build.0 = Release|x86
		{51447ABD-5857-4624-9109-0965D80FE81C}.Release|x86.Deploy.0 = Release|x86
		{F4552FC5-C723-45E6-988C-AF4680051160}.Ad-Hoc|Any CPU.ActiveCfg = Release|Any CPU
		{F4552FC5-C723-45E6-988C-AF4680051160}.Ad-Hoc|Any CPU.Build.0 = Release|Any CPU
		{F4552FC5-C723-45E6-988C-AF4680051160}.Ad-Hoc|Any CPU.Deploy.0 = Release|Any CPU
		{F4552FC5-C723-45E6-988C-AF4680051160}.Ad-Hoc|ARM.ActiveCfg = Release|ARM
		{F4552FC5-C723-45E6-988C-AF4680051160}.Ad-Hoc|ARM.Build.0 = Release|ARM
		{F4552FC5-C723-45E6-988C-AF4680051160}.Ad-Hoc|ARM.Deploy.0 = Release|ARM
		{F4552FC5-C723-45E6-988C-AF4680051160}.Ad-Hoc|iPhone.ActiveCfg = Release|Any CPU
		{F4552FC5-C723-45E6-988C-AF4680051160}.Ad-Hoc|iPhoneSimulator.ActiveCfg = Release|Any CPU
		{F4552FC5-C723-45E6-988C-AF4680051160}.Ad-Hoc|Mixed Platforms.ActiveCfg = Release|x86
		{F4552FC5-C723-45E6-988C-AF4680051160}.Ad-Hoc|Mixed Platforms.Build.0 = Release|x86
		{F4552FC5-C723-45E6-988C-AF4680051160}.Ad-Hoc|Mixed Platforms.Deploy.0 = Release|x86
		{F4552FC5-C723-45E6-988C-AF4680051160}.Ad-Hoc|x64.ActiveCfg = Release|Any CPU
		{F4552FC5-C723-45E6-988C-AF4680051160}.Ad-Hoc|x86.ActiveCfg = Release|x86
		{F4552FC5-C723-45E6-988C-AF4680051160}.Ad-Hoc|x86.Build.0 = Release|x86
		{F4552FC5-C723-45E6-988C-AF4680051160}.Ad-Hoc|x86.Deploy.0 = Release|x86
		{F4552FC5-C723-45E6-988C-AF4680051160}.AppStore|Any CPU.ActiveCfg = Release|Any CPU
		{F4552FC5-C723-45E6-988C-AF4680051160}.AppStore|Any CPU.Build.0 = Release|Any CPU
		{F4552FC5-C723-45E6-988C-AF4680051160}.AppStore|Any CPU.Deploy.0 = Release|Any CPU
		{F4552FC5-C723-45E6-988C-AF4680051160}.AppStore|ARM.ActiveCfg = Release|ARM
		{F4552FC5-C723-45E6-988C-AF4680051160}.AppStore|ARM.Build.0 = Release|ARM
		{F4552FC5-C723-45E6-988C-AF4680051160}.AppStore|ARM.Deploy.0 = Release|ARM
		{F4552FC5-C723-45E6-988C-AF4680051160}.AppStore|iPhone.ActiveCfg = Release|Any CPU
		{F4552FC5-C723-45E6-988C-AF4680051160}.AppStore|iPhoneSimulator.ActiveCfg = Release|Any CPU
		{F4552FC5-C723-45E6-988C-AF4680051160}.AppStore|Mixed Platforms.ActiveCfg = Release|x86
		{F4552FC5-C723-45E6-988C-AF4680051160}.AppStore|Mixed Platforms.Build.0 = Release|x86
		{F4552FC5-C723-45E6-988C-AF4680051160}.AppStore|Mixed Platforms.Deploy.0 = Release|x86
		{F4552FC5-C723-45E6-988C-AF4680051160}.AppStore|x64.ActiveCfg = Release|Any CPU
		{F4552FC5-C723-45E6-988C-AF4680051160}.AppStore|x86.ActiveCfg = Release|x86
		{F4552FC5-C723-45E6-988C-AF4680051160}.AppStore|x86.Build.0 = Release|x86
		{F4552FC5-C723-45E6-988C-AF4680051160}.AppStore|x86.Deploy.0 = Release|x86
		{F4552FC5-C723-45E6-988C-AF4680051160}.Debug|Any CPU.ActiveCfg = Debug|Any CPU
		{F4552FC5-C723-45E6-988C-AF4680051160}.Debug|Any CPU.Build.0 = Debug|Any CPU
		{F4552FC5-C723-45E6-988C-AF4680051160}.Debug|Any CPU.Deploy.0 = Debug|Any CPU
		{F4552FC5-C723-45E6-988C-AF4680051160}.Debug|ARM.ActiveCfg = Debug|ARM
		{F4552FC5-C723-45E6-988C-AF4680051160}.Debug|ARM.Build.0 = Debug|ARM
		{F4552FC5-C723-45E6-988C-AF4680051160}.Debug|ARM.Deploy.0 = Debug|ARM
		{F4552FC5-C723-45E6-988C-AF4680051160}.Debug|iPhone.ActiveCfg = Debug|Any CPU
		{F4552FC5-C723-45E6-988C-AF4680051160}.Debug|iPhoneSimulator.ActiveCfg = Debug|Any CPU
		{F4552FC5-C723-45E6-988C-AF4680051160}.Debug|Mixed Platforms.ActiveCfg = Debug|x86
		{F4552FC5-C723-45E6-988C-AF4680051160}.Debug|Mixed Platforms.Build.0 = Debug|x86
		{F4552FC5-C723-45E6-988C-AF4680051160}.Debug|Mixed Platforms.Deploy.0 = Debug|x86
		{F4552FC5-C723-45E6-988C-AF4680051160}.Debug|x64.ActiveCfg = Debug|Any CPU
		{F4552FC5-C723-45E6-988C-AF4680051160}.Debug|x86.ActiveCfg = Debug|x86
		{F4552FC5-C723-45E6-988C-AF4680051160}.Debug|x86.Build.0 = Debug|x86
		{F4552FC5-C723-45E6-988C-AF4680051160}.Debug|x86.Deploy.0 = Debug|x86
		{F4552FC5-C723-45E6-988C-AF4680051160}.Release|Any CPU.ActiveCfg = Release|Any CPU
		{F4552FC5-C723-45E6-988C-AF4680051160}.Release|Any CPU.Build.0 = Release|Any CPU
		{F4552FC5-C723-45E6-988C-AF4680051160}.Release|Any CPU.Deploy.0 = Release|Any CPU
		{F4552FC5-C723-45E6-988C-AF4680051160}.Release|ARM.ActiveCfg = Release|ARM
		{F4552FC5-C723-45E6-988C-AF4680051160}.Release|ARM.Build.0 = Release|ARM
		{F4552FC5-C723-45E6-988C-AF4680051160}.Release|ARM.Deploy.0 = Release|ARM
		{F4552FC5-C723-45E6-988C-AF4680051160}.Release|iPhone.ActiveCfg = Release|Any CPU
		{F4552FC5-C723-45E6-988C-AF4680051160}.Release|iPhoneSimulator.ActiveCfg = Release|Any CPU
		{F4552FC5-C723-45E6-988C-AF4680051160}.Release|Mixed Platforms.ActiveCfg = Release|x86
		{F4552FC5-C723-45E6-988C-AF4680051160}.Release|Mixed Platforms.Build.0 = Release|x86
		{F4552FC5-C723-45E6-988C-AF4680051160}.Release|Mixed Platforms.Deploy.0 = Release|x86
		{F4552FC5-C723-45E6-988C-AF4680051160}.Release|x64.ActiveCfg = Release|Any CPU
		{F4552FC5-C723-45E6-988C-AF4680051160}.Release|x86.ActiveCfg = Release|x86
		{F4552FC5-C723-45E6-988C-AF4680051160}.Release|x86.Build.0 = Release|x86
		{F4552FC5-C723-45E6-988C-AF4680051160}.Release|x86.Deploy.0 = Release|x86
	EndGlobalSection
	GlobalSection(SolutionProperties) = preSolution
		HideSolutionNode = FALSE
	EndGlobalSection
	GlobalSection(NestedProjects) = preSolution
		{5022E311-8709-4FAC-8114-AD2955EC198D} = {08560155-C24E-46F4-BF0C-0CFFFB816153}
		{738D45F2-91E6-43CC-90D3-5F0877B5F6CA} = {B1B60821-95CD-4682-8E79-4FEF5D2C4AD1}
		{896C4B33-1725-4ED0-AF57-798A955D36A9} = {B1B60821-95CD-4682-8E79-4FEF5D2C4AD1}
		{21175907-4C1D-42DB-813D-9CC2C8E7A8FF} = {B1B60821-95CD-4682-8E79-4FEF5D2C4AD1}
		{D479F55D-0AF3-437A-84AF-4B638917C14E} = {08560155-C24E-46F4-BF0C-0CFFFB816153}
		{A35A443A-CA4A-4E73-986C-E508A434092E} = {91F8D7E8-5998-494E-9E75-F808B795D61D}
		{7761DDFE-69D4-4FD3-A3B6-EFB04D00C705} = {91F8D7E8-5998-494E-9E75-F808B795D61D}
		{688C3B12-FBD0-4FAC-A344-3DF8267FC78C} = {91F8D7E8-5998-494E-9E75-F808B795D61D}
		{699A1964-2F72-41CD-B007-1A681EC60A5A} = {B1B60821-95CD-4682-8E79-4FEF5D2C4AD1}
		{93AB183D-6F7F-4EFC-B712-06C995E848D2} = {B1B60821-95CD-4682-8E79-4FEF5D2C4AD1}
		{B1B60821-95CD-4682-8E79-4FEF5D2C4AD1} = {08560155-C24E-46F4-BF0C-0CFFFB816153}
		{759FFDDC-72F3-4A21-BE10-CEDD1174FC57} = {91F8D7E8-5998-494E-9E75-F808B795D61D}
		{EC86F8EB-586B-4BC4-A902-55C8DF774B9C} = {91F8D7E8-5998-494E-9E75-F808B795D61D}
		{C009BA54-3AB7-46A6-A6DE-ABAF67B629DA} = {B1B60821-95CD-4682-8E79-4FEF5D2C4AD1}
		{99D60BB3-7A06-46A4-9878-380243E20CAC} = {91F8D7E8-5998-494E-9E75-F808B795D61D}
		{9D7C9B7F-AE0A-4AF2-81ED-791DB01FB249} = {51C8D094-FC16-4445-A1AE-A2AA1C1DDC57}
		{D13B2D3E-247B-43F4-AE92-A66E4B4CBA6B} = {51C8D094-FC16-4445-A1AE-A2AA1C1DDC57}
		{C47AD73D-2B2B-46C2-8A86-077A29B1EB67} = {51C8D094-FC16-4445-A1AE-A2AA1C1DDC57}
		{1F2FCD8A-E604-42A5-A020-36D0013A927E} = {51C8D094-FC16-4445-A1AE-A2AA1C1DDC57}
		{6CCD0EE4-E233-4071-8BE1-7DC7887B5CFB} = {51C8D094-FC16-4445-A1AE-A2AA1C1DDC57}
		{C1695004-473C-429C-AB8B-0E3313003F81} = {51C8D094-FC16-4445-A1AE-A2AA1C1DDC57}
		{51447ABD-5857-4624-9109-0965D80FE81C} = {91F8D7E8-5998-494E-9E75-F808B795D61D}
		{B82EF03A-0E97-4A85-AC40-168DEA1371A3} = {91F8D7E8-5998-494E-9E75-F808B795D61D}
		{F4552FC5-C723-45E6-988C-AF4680051160} = {91F8D7E8-5998-494E-9E75-F808B795D61D}
	EndGlobalSection
EndGlobal
